{
  "pins" : [
    {
      "identity" : "solar",
      "kind" : "remoteSourceControl",
      "location" : "https://github.com/ceeK/Solar",
      "state" : {
        "revision" : "c2b96f2d5fb7f835b91cefac5e83101f54643901",
        "version" : "3.0.1"
      }
    },
    {
      "identity" : "timeintervalformatstyle",
      "kind" : "remoteSourceControl",
      "location" : "https://github.com/daneden/TimeIntervalFormatStyle/",
      "state" : {
        "branch" : "main",
        "revision" : "fb5cd2f7180b27a2fc3b224340d8b2fce257572c"
      }
    }
  ],
  "version" : 2
}
