{
  "originHash" : "5b0780416e41af0f2891f4ac3b2b0b76eb25448830bd710f6a3899d37c64ff27",
  "pins" : [
    {
      "identity" : "solar",
      "kind" : "remoteSourceControl",
      "location" : "https://github.com/ceeK/Solar",
      "state" : {
        "revision" : "c2b96f2d5fb7f835b91cefac5e83101f54643901",
        "version" : "3.0.1"
      }
    }
  ],
  "version" : 3
}
