{
  "pins" : [
    {
      "identity" : "solar",
      "kind" : "remoteSourceControl",
      "location" : "https://github.com/ceeK/Solar",
      "state" : {
        "revision" : "c2b96f2d5fb7f835b91cefac5e83101f54643901",
        "version" : "3.0.1"
      }
    },
    {
      "identity" : "timeintervalformatstyle",
      "kind" : "remoteSourceControl",
      "location" : "https://github.com/spanage/TimeIntervalFormatStyle",
      "state" : {
        "revision" : "404e8b09837172eb33efba81ef08ea01267e1c34",
        "version" : "1.0.1"
      }
    }
  ],
  "version" : 2
}
