// !$*UTF8*$!
{
	archiveVersion = 1;
	classes = {
	};
	objectVersion = 56;
	objects = {

/* Begin PBXBuildFile section */
		7106C86A29A276B40007A7EC /* WidgetKit.framework in Frameworks */ = {isa = PBXBuildFile; fileRef = 7106C86929A276B30007A7EC /* WidgetKit.framework */; };
		7106C86C29A276B40007A7EC /* SwiftUI.framework in Frameworks */ = {isa = PBXBuildFile; fileRef = 7106C86B29A276B40007A7EC /* SwiftUI.framework */; };
		7106C86F29A276B40007A7EC /* WidgetBundle.swift in Sources */ = {isa = PBXBuildFile; fileRef = 7106C86E29A276B40007A7EC /* WidgetBundle.swift */; };
		7106C87329A276B40007A7EC /* Widget.swift in Sources */ = {isa = PBXBuildFile; fileRef = 7106C87229A276B40007A7EC /* Widget.swift */; };
		7106C87629A276B40007A7EC /* Assets.xcassets in Resources */ = {isa = PBXBuildFile; fileRef = 7106C87529A276B40007A7EC /* Assets.xcassets */; };
		7106C87829A276B40007A7EC /* Widget.intentdefinition in Sources */ = {isa = PBXBuildFile; fileRef = 7106C87429A276B40007A7EC /* Widget.intentdefinition */; };
		7106C87929A276B40007A7EC /* Widget.intentdefinition in Sources */ = {isa = PBXBuildFile; fileRef = 7106C87429A276B40007A7EC /* Widget.intentdefinition */; };
		7106C87C29A276B40007A7EC /* WidgetExtension.appex in Embed Foundation Extensions */ = {isa = PBXBuildFile; fileRef = 7106C86829A276B30007A7EC /* WidgetExtension.appex */; platformFilter = ios; settings = {ATTRIBUTES = (RemoveHeadersOnCopy, ); }; };
		7106C88129A277460007A7EC /* CurrentLocation.swift in Sources */ = {isa = PBXBuildFile; fileRef = 719846AF28EEE48900E866CE /* CurrentLocation.swift */; };
		7106C88229A2774A0007A7EC /* TimeMachine.swift in Sources */ = {isa = PBXBuildFile; fileRef = 71F641C0299FCCFF00FE5AB5 /* TimeMachine.swift */; };
		7106C88329A277550007A7EC /* Solstice.xcdatamodeld in Sources */ = {isa = PBXBuildFile; fileRef = 7198468F28E5895F00E866CE /* Solstice.xcdatamodeld */; };
		7106C88429A2775C0007A7EC /* TimeInterval++.swift in Sources */ = {isa = PBXBuildFile; fileRef = 71F641BC299968BF00FE5AB5 /* TimeInterval++.swift */; };
		7106C88529A2775C0007A7EC /* Solar++.swift in Sources */ = {isa = PBXBuildFile; fileRef = 719846AC28E9AA0E00E866CE /* Solar++.swift */; };
		7106C88629A2775C0007A7EC /* Date++.swift in Sources */ = {isa = PBXBuildFile; fileRef = 71F641BA2999631D00FE5AB5 /* Date++.swift */; };
		7106C88729A2775C0007A7EC /* View+CapsuleAppearance.swift in Sources */ = {isa = PBXBuildFile; fileRef = 71F641C2299FD39E00FE5AB5 /* View+CapsuleAppearance.swift */; };
		7106C88829A2775C0007A7EC /* Solar+SolarEvent.swift in Sources */ = {isa = PBXBuildFile; fileRef = 71F641BE299B7C7000FE5AB5 /* Solar+SolarEvent.swift */; };
		7106C88929A277680007A7EC /* Persistence.swift in Sources */ = {isa = PBXBuildFile; fileRef = 7198468D28E5895F00E866CE /* Persistence.swift */; };
		7106C88B29A277740007A7EC /* Solar in Frameworks */ = {isa = PBXBuildFile; productRef = 7106C88A29A277740007A7EC /* Solar */; };
		7106C88D29A27D0A0007A7EC /* OverviewWidgetView.swift in Sources */ = {isa = PBXBuildFile; fileRef = 7106C88C29A27D0A0007A7EC /* OverviewWidgetView.swift */; };
		7106C88E29A27D330007A7EC /* DaylightChart.swift in Sources */ = {isa = PBXBuildFile; fileRef = 71F641B829995ED000FE5AB5 /* DaylightChart.swift */; };
		7106C88F29A281440007A7EC /* Assets.xcassets in Resources */ = {isa = PBXBuildFile; fileRef = 7198468828E5895F00E866CE /* Assets.xcassets */; };
		7117008929A52ABE001BE478 /* CountdownWidgetView.swift in Sources */ = {isa = PBXBuildFile; fileRef = 7117008829A52ABE001BE478 /* CountdownWidgetView.swift */; };
		7117008B29A52B04001BE478 /* SkyGradient.swift in Sources */ = {isa = PBXBuildFile; fileRef = 7117008A29A52B04001BE478 /* SkyGradient.swift */; };
		7117008C29A52B04001BE478 /* SkyGradient.swift in Sources */ = {isa = PBXBuildFile; fileRef = 7117008A29A52B04001BE478 /* SkyGradient.swift */; };
		7198468528E5895E00E866CE /* SolsticeApp.swift in Sources */ = {isa = PBXBuildFile; fileRef = 7198468428E5895E00E866CE /* SolsticeApp.swift */; };
		7198468728E5895E00E866CE /* ContentView.swift in Sources */ = {isa = PBXBuildFile; fileRef = 7198468628E5895E00E866CE /* ContentView.swift */; };
		7198468928E5895F00E866CE /* Assets.xcassets in Resources */ = {isa = PBXBuildFile; fileRef = 7198468828E5895F00E866CE /* Assets.xcassets */; };
		7198468C28E5895F00E866CE /* Preview Assets.xcassets in Resources */ = {isa = PBXBuildFile; fileRef = 7198468B28E5895F00E866CE /* Preview Assets.xcassets */; };
		7198468E28E5895F00E866CE /* Persistence.swift in Sources */ = {isa = PBXBuildFile; fileRef = 7198468D28E5895F00E866CE /* Persistence.swift */; };
		7198469128E5895F00E866CE /* Solstice.xcdatamodeld in Sources */ = {isa = PBXBuildFile; fileRef = 7198468F28E5895F00E866CE /* Solstice.xcdatamodeld */; };
		7198469928E5898500E866CE /* StoreKitConfiguration.storekit in Resources */ = {isa = PBXBuildFile; fileRef = 7198469828E5898500E866CE /* StoreKitConfiguration.storekit */; };
		7198469C28E58CAA00E866CE /* Solar in Frameworks */ = {isa = PBXBuildFile; productRef = 7198469B28E58CAA00E866CE /* Solar */; };
		7198469E28E58CCD00E866CE /* DetailView.swift in Sources */ = {isa = PBXBuildFile; fileRef = 7198469D28E58CCD00E866CE /* DetailView.swift */; };
		719846A528E98AA200E866CE /* TimeIntervalFormatStyle in Frameworks */ = {isa = PBXBuildFile; productRef = 719846A428E98AA200E866CE /* TimeIntervalFormatStyle */; };
		719846A828E991FA00E866CE /* LocationSearchService.swift in Sources */ = {isa = PBXBuildFile; fileRef = 719846A728E991FA00E866CE /* LocationSearchService.swift */; };
		719846AA28E992A200E866CE /* LocationSearchResultRow.swift in Sources */ = {isa = PBXBuildFile; fileRef = 719846A928E992A200E866CE /* LocationSearchResultRow.swift */; };
		719846AD28E9AA0E00E866CE /* Solar++.swift in Sources */ = {isa = PBXBuildFile; fileRef = 719846AC28E9AA0E00E866CE /* Solar++.swift */; };
		719846B028EEE48900E866CE /* CurrentLocation.swift in Sources */ = {isa = PBXBuildFile; fileRef = 719846AF28EEE48900E866CE /* CurrentLocation.swift */; };
		71BD5E3B29A7778900E40C01 /* WidgetLocationHeadingView.swift in Sources */ = {isa = PBXBuildFile; fileRef = 71BD5E3A29A7778900E40C01 /* WidgetLocationHeadingView.swift */; };
		71BD5E3E29A77D6000E40C01 /* WidgetFamily++.swift in Sources */ = {isa = PBXBuildFile; fileRef = 71BD5E3D29A77D6000E40C01 /* WidgetFamily++.swift */; };
		71C8F4CE29A38752009A86B4 /* SolsticeCalculator.swift in Sources */ = {isa = PBXBuildFile; fileRef = 71C8F4CD29A38752009A86B4 /* SolsticeCalculator.swift */; };
		71C8F4CF29A38752009A86B4 /* SolsticeCalculator.swift in Sources */ = {isa = PBXBuildFile; fileRef = 71C8F4CD29A38752009A86B4 /* SolsticeCalculator.swift */; };
		71F641B729994DD900FE5AB5 /* DaylightSummaryRow.swift in Sources */ = {isa = PBXBuildFile; fileRef = 71F641B629994DD900FE5AB5 /* DaylightSummaryRow.swift */; };
		71F641B929995ED000FE5AB5 /* DaylightChart.swift in Sources */ = {isa = PBXBuildFile; fileRef = 71F641B829995ED000FE5AB5 /* DaylightChart.swift */; };
		71F641BB2999631D00FE5AB5 /* Date++.swift in Sources */ = {isa = PBXBuildFile; fileRef = 71F641BA2999631D00FE5AB5 /* Date++.swift */; };
		71F641BD299968BF00FE5AB5 /* TimeInterval++.swift in Sources */ = {isa = PBXBuildFile; fileRef = 71F641BC299968BF00FE5AB5 /* TimeInterval++.swift */; };
		71F641BF299B7C7000FE5AB5 /* Solar+SolarEvent.swift in Sources */ = {isa = PBXBuildFile; fileRef = 71F641BE299B7C7000FE5AB5 /* Solar+SolarEvent.swift */; };
		71F641C1299FCCFF00FE5AB5 /* TimeMachine.swift in Sources */ = {isa = PBXBuildFile; fileRef = 71F641C0299FCCFF00FE5AB5 /* TimeMachine.swift */; };
		71F641C3299FD39E00FE5AB5 /* View+CapsuleAppearance.swift in Sources */ = {isa = PBXBuildFile; fileRef = 71F641C2299FD39E00FE5AB5 /* View+CapsuleAppearance.swift */; };
		71F641C529A0290700FE5AB5 /* AnnualDaylightChart.swift in Sources */ = {isa = PBXBuildFile; fileRef = 71F641C429A0290700FE5AB5 /* AnnualDaylightChart.swift */; };
		71F641C729A0F4A900FE5AB5 /* TimeMachineView.swift in Sources */ = {isa = PBXBuildFile; fileRef = 71F641C629A0F4A900FE5AB5 /* TimeMachineView.swift */; };
		71F641DA29A13C2400FE5AB5 /* TimeInterval++.swift in Sources */ = {isa = PBXBuildFile; fileRef = 71F641BC299968BF00FE5AB5 /* TimeInterval++.swift */; };
		71F641DB29A13C2400FE5AB5 /* Solar+SolarEvent.swift in Sources */ = {isa = PBXBuildFile; fileRef = 71F641BE299B7C7000FE5AB5 /* Solar+SolarEvent.swift */; };
		71F641DC29A13C2400FE5AB5 /* Date++.swift in Sources */ = {isa = PBXBuildFile; fileRef = 71F641BA2999631D00FE5AB5 /* Date++.swift */; };
		71F641DD29A13C2400FE5AB5 /* Solar++.swift in Sources */ = {isa = PBXBuildFile; fileRef = 719846AC28E9AA0E00E866CE /* Solar++.swift */; };
		71F641DE29A13C2400FE5AB5 /* View+CapsuleAppearance.swift in Sources */ = {isa = PBXBuildFile; fileRef = 71F641C2299FD39E00FE5AB5 /* View+CapsuleAppearance.swift */; };
		71F641DF29A13C2800FE5AB5 /* TimeMachine.swift in Sources */ = {isa = PBXBuildFile; fileRef = 71F641C0299FCCFF00FE5AB5 /* TimeMachine.swift */; };
		71F641E129A13C2800FE5AB5 /* CurrentLocation.swift in Sources */ = {isa = PBXBuildFile; fileRef = 719846AF28EEE48900E866CE /* CurrentLocation.swift */; };
		71F641E229A13C3100FE5AB5 /* DetailView.swift in Sources */ = {isa = PBXBuildFile; fileRef = 7198469D28E58CCD00E866CE /* DetailView.swift */; };
		71F641E429A13C3100FE5AB5 /* ContentView.swift in Sources */ = {isa = PBXBuildFile; fileRef = 7198468628E5895E00E866CE /* ContentView.swift */; };
		71F641E529A13C3100FE5AB5 /* Persistence.swift in Sources */ = {isa = PBXBuildFile; fileRef = 7198468D28E5895F00E866CE /* Persistence.swift */; };
		71F641E629A13C3100FE5AB5 /* Assets.xcassets in Resources */ = {isa = PBXBuildFile; fileRef = 7198468828E5895F00E866CE /* Assets.xcassets */; };
		71F641E729A13C3100FE5AB5 /* SolsticeApp.swift in Sources */ = {isa = PBXBuildFile; fileRef = 7198468428E5895E00E866CE /* SolsticeApp.swift */; };
		71F641E929A13C3100FE5AB5 /* DaylightSummaryRow.swift in Sources */ = {isa = PBXBuildFile; fileRef = 71F641B629994DD900FE5AB5 /* DaylightSummaryRow.swift */; };
		71F641EA29A13C3100FE5AB5 /* DaylightChart.swift in Sources */ = {isa = PBXBuildFile; fileRef = 71F641B829995ED000FE5AB5 /* DaylightChart.swift */; };
		71F641EB29A13C3100FE5AB5 /* StoreKitConfiguration.storekit in Resources */ = {isa = PBXBuildFile; fileRef = 7198469828E5898500E866CE /* StoreKitConfiguration.storekit */; };
		71F641EC29A13C3100FE5AB5 /* AnnualDaylightChart.swift in Sources */ = {isa = PBXBuildFile; fileRef = 71F641C429A0290700FE5AB5 /* AnnualDaylightChart.swift */; };
		71F641F029A13C5300FE5AB5 /* TimeIntervalFormatStyle in Frameworks */ = {isa = PBXBuildFile; productRef = 71F641EF29A13C5300FE5AB5 /* TimeIntervalFormatStyle */; };
		71F641F229A13C5300FE5AB5 /* Solar in Frameworks */ = {isa = PBXBuildFile; productRef = 71F641F129A13C5300FE5AB5 /* Solar */; };
		71F641F329A13C8700FE5AB5 /* Solstice.xcdatamodeld in Sources */ = {isa = PBXBuildFile; fileRef = 7198468F28E5895F00E866CE /* Solstice.xcdatamodeld */; };
/* End PBXBuildFile section */

/* Begin PBXContainerItemProxy section */
		7106C87A29A276B40007A7EC /* PBXContainerItemProxy */ = {
			isa = PBXContainerItemProxy;
			containerPortal = 7198467928E5895E00E866CE /* Project object */;
			proxyType = 1;
			remoteGlobalIDString = 7106C86729A276B30007A7EC;
			remoteInfo = WidgetExtension;
		};
/* End PBXContainerItemProxy section */

/* Begin PBXCopyFilesBuildPhase section */
		7106C88029A276B40007A7EC /* Embed Foundation Extensions */ = {
			isa = PBXCopyFilesBuildPhase;
			buildActionMask = 2147483647;
			dstPath = "";
			dstSubfolderSpec = 13;
			files = (
				7106C87C29A276B40007A7EC /* WidgetExtension.appex in Embed Foundation Extensions */,
			);
			name = "Embed Foundation Extensions";
			runOnlyForDeploymentPostprocessing = 0;
		};
/* End PBXCopyFilesBuildPhase section */

/* Begin PBXFileReference section */
		7106C86829A276B30007A7EC /* WidgetExtension.appex */ = {isa = PBXFileReference; explicitFileType = "wrapper.app-extension"; includeInIndex = 0; path = WidgetExtension.appex; sourceTree = BUILT_PRODUCTS_DIR; };
		7106C86929A276B30007A7EC /* WidgetKit.framework */ = {isa = PBXFileReference; lastKnownFileType = wrapper.framework; name = WidgetKit.framework; path = System/Library/Frameworks/WidgetKit.framework; sourceTree = SDKROOT; };
		7106C86B29A276B40007A7EC /* SwiftUI.framework */ = {isa = PBXFileReference; lastKnownFileType = wrapper.framework; name = SwiftUI.framework; path = System/Library/Frameworks/SwiftUI.framework; sourceTree = SDKROOT; };
		7106C86E29A276B40007A7EC /* WidgetBundle.swift */ = {isa = PBXFileReference; lastKnownFileType = sourcecode.swift; path = WidgetBundle.swift; sourceTree = "<group>"; };
		7106C87229A276B40007A7EC /* Widget.swift */ = {isa = PBXFileReference; lastKnownFileType = sourcecode.swift; path = Widget.swift; sourceTree = "<group>"; };
		7106C87429A276B40007A7EC /* Widget.intentdefinition */ = {isa = PBXFileReference; lastKnownFileType = file.intentdefinition; path = Widget.intentdefinition; sourceTree = "<group>"; };
		7106C87529A276B40007A7EC /* Assets.xcassets */ = {isa = PBXFileReference; lastKnownFileType = folder.assetcatalog; path = Assets.xcassets; sourceTree = "<group>"; };
		7106C87729A276B40007A7EC /* Info.plist */ = {isa = PBXFileReference; lastKnownFileType = text.plist.xml; path = Info.plist; sourceTree = "<group>"; };
		7106C88C29A27D0A0007A7EC /* OverviewWidgetView.swift */ = {isa = PBXFileReference; lastKnownFileType = sourcecode.swift; path = OverviewWidgetView.swift; sourceTree = "<group>"; };
		7117008829A52ABE001BE478 /* CountdownWidgetView.swift */ = {isa = PBXFileReference; lastKnownFileType = sourcecode.swift; path = CountdownWidgetView.swift; sourceTree = "<group>"; };
		7117008A29A52B04001BE478 /* SkyGradient.swift */ = {isa = PBXFileReference; lastKnownFileType = sourcecode.swift; path = SkyGradient.swift; sourceTree = "<group>"; };
		7198468128E5895E00E866CE /* Solstice.app */ = {isa = PBXFileReference; explicitFileType = wrapper.application; includeInIndex = 0; path = Solstice.app; sourceTree = BUILT_PRODUCTS_DIR; };
		7198468428E5895E00E866CE /* SolsticeApp.swift */ = {isa = PBXFileReference; lastKnownFileType = sourcecode.swift; path = SolsticeApp.swift; sourceTree = "<group>"; };
		7198468628E5895E00E866CE /* ContentView.swift */ = {isa = PBXFileReference; lastKnownFileType = sourcecode.swift; path = ContentView.swift; sourceTree = "<group>"; };
		7198468828E5895F00E866CE /* Assets.xcassets */ = {isa = PBXFileReference; lastKnownFileType = folder.assetcatalog; path = Assets.xcassets; sourceTree = "<group>"; };
		7198468B28E5895F00E866CE /* Preview Assets.xcassets */ = {isa = PBXFileReference; lastKnownFileType = folder.assetcatalog; path = "Preview Assets.xcassets"; sourceTree = "<group>"; };
		7198468D28E5895F00E866CE /* Persistence.swift */ = {isa = PBXFileReference; lastKnownFileType = sourcecode.swift; path = Persistence.swift; sourceTree = "<group>"; };
		7198469028E5895F00E866CE /* Solstice.xcdatamodel */ = {isa = PBXFileReference; lastKnownFileType = wrapper.xcdatamodel; path = Solstice.xcdatamodel; sourceTree = "<group>"; };
		7198469228E5895F00E866CE /* Info.plist */ = {isa = PBXFileReference; lastKnownFileType = text.plist.xml; path = Info.plist; sourceTree = "<group>"; };
		7198469828E5898500E866CE /* StoreKitConfiguration.storekit */ = {isa = PBXFileReference; fileEncoding = 4; lastKnownFileType = text; path = StoreKitConfiguration.storekit; sourceTree = "<group>"; };
		7198469D28E58CCD00E866CE /* DetailView.swift */ = {isa = PBXFileReference; lastKnownFileType = sourcecode.swift; path = DetailView.swift; sourceTree = "<group>"; };
		719846A728E991FA00E866CE /* LocationSearchService.swift */ = {isa = PBXFileReference; lastKnownFileType = sourcecode.swift; path = LocationSearchService.swift; sourceTree = "<group>"; };
		719846A928E992A200E866CE /* LocationSearchResultRow.swift */ = {isa = PBXFileReference; lastKnownFileType = sourcecode.swift; path = LocationSearchResultRow.swift; sourceTree = "<group>"; };
		719846AC28E9AA0E00E866CE /* Solar++.swift */ = {isa = PBXFileReference; lastKnownFileType = sourcecode.swift; path = "Solar++.swift"; sourceTree = "<group>"; };
		719846AF28EEE48900E866CE /* CurrentLocation.swift */ = {isa = PBXFileReference; lastKnownFileType = sourcecode.swift; path = CurrentLocation.swift; sourceTree = "<group>"; };
		71B3C7C029A1422A0041BAB6 /* Solstice.entitlements */ = {isa = PBXFileReference; lastKnownFileType = text.plist.entitlements; path = Solstice.entitlements; sourceTree = "<group>"; };
		71BD5E3A29A7778900E40C01 /* WidgetLocationHeadingView.swift */ = {isa = PBXFileReference; lastKnownFileType = sourcecode.swift; path = WidgetLocationHeadingView.swift; sourceTree = "<group>"; };
		71BD5E3D29A77D6000E40C01 /* WidgetFamily++.swift */ = {isa = PBXFileReference; lastKnownFileType = sourcecode.swift; path = "WidgetFamily++.swift"; sourceTree = "<group>"; };
		71C8F4CD29A38752009A86B4 /* SolsticeCalculator.swift */ = {isa = PBXFileReference; lastKnownFileType = sourcecode.swift; path = SolsticeCalculator.swift; sourceTree = "<group>"; };
		71F641B629994DD900FE5AB5 /* DaylightSummaryRow.swift */ = {isa = PBXFileReference; lastKnownFileType = sourcecode.swift; path = DaylightSummaryRow.swift; sourceTree = "<group>"; };
		71F641B829995ED000FE5AB5 /* DaylightChart.swift */ = {isa = PBXFileReference; lastKnownFileType = sourcecode.swift; path = DaylightChart.swift; sourceTree = "<group>"; };
		71F641BA2999631D00FE5AB5 /* Date++.swift */ = {isa = PBXFileReference; lastKnownFileType = sourcecode.swift; path = "Date++.swift"; sourceTree = "<group>"; };
		71F641BC299968BF00FE5AB5 /* TimeInterval++.swift */ = {isa = PBXFileReference; lastKnownFileType = sourcecode.swift; path = "TimeInterval++.swift"; sourceTree = "<group>"; };
		71F641BE299B7C7000FE5AB5 /* Solar+SolarEvent.swift */ = {isa = PBXFileReference; lastKnownFileType = sourcecode.swift; path = "Solar+SolarEvent.swift"; sourceTree = "<group>"; };
		71F641C0299FCCFF00FE5AB5 /* TimeMachine.swift */ = {isa = PBXFileReference; lastKnownFileType = sourcecode.swift; path = TimeMachine.swift; sourceTree = "<group>"; };
		71F641C2299FD39E00FE5AB5 /* View+CapsuleAppearance.swift */ = {isa = PBXFileReference; lastKnownFileType = sourcecode.swift; path = "View+CapsuleAppearance.swift"; sourceTree = "<group>"; };
		71F641C429A0290700FE5AB5 /* AnnualDaylightChart.swift */ = {isa = PBXFileReference; lastKnownFileType = sourcecode.swift; path = AnnualDaylightChart.swift; sourceTree = "<group>"; };
		71F641C629A0F4A900FE5AB5 /* TimeMachineView.swift */ = {isa = PBXFileReference; lastKnownFileType = sourcecode.swift; path = TimeMachineView.swift; sourceTree = "<group>"; };
		71F641CC29A13BE000FE5AB5 /* Solstice.app */ = {isa = PBXFileReference; explicitFileType = wrapper.application; includeInIndex = 0; path = Solstice.app; sourceTree = BUILT_PRODUCTS_DIR; };
/* End PBXFileReference section */

/* Begin PBXFrameworksBuildPhase section */
		7106C86529A276B30007A7EC /* Frameworks */ = {
			isa = PBXFrameworksBuildPhase;
			buildActionMask = 2147483647;
			files = (
				7106C88B29A277740007A7EC /* Solar in Frameworks */,
				7106C86C29A276B40007A7EC /* SwiftUI.framework in Frameworks */,
				7106C86A29A276B40007A7EC /* WidgetKit.framework in Frameworks */,
			);
			runOnlyForDeploymentPostprocessing = 0;
		};
		7198467E28E5895E00E866CE /* Frameworks */ = {
			isa = PBXFrameworksBuildPhase;
			buildActionMask = 2147483647;
			files = (
				7198469C28E58CAA00E866CE /* Solar in Frameworks */,
				719846A528E98AA200E866CE /* TimeIntervalFormatStyle in Frameworks */,
			);
			runOnlyForDeploymentPostprocessing = 0;
		};
		71F641C929A13BE000FE5AB5 /* Frameworks */ = {
			isa = PBXFrameworksBuildPhase;
			buildActionMask = 2147483647;
			files = (
				71F641F229A13C5300FE5AB5 /* Solar in Frameworks */,
				71F641F029A13C5300FE5AB5 /* TimeIntervalFormatStyle in Frameworks */,
			);
			runOnlyForDeploymentPostprocessing = 0;
		};
/* End PBXFrameworksBuildPhase section */

/* Begin PBXGroup section */
		7106C86D29A276B40007A7EC /* Widget */ = {
			isa = PBXGroup;
			children = (
				7106C87429A276B40007A7EC /* Widget.intentdefinition */,
				7106C87729A276B40007A7EC /* Info.plist */,
				7117008829A52ABE001BE478 /* CountdownWidgetView.swift */,
				7106C88C29A27D0A0007A7EC /* OverviewWidgetView.swift */,
				7106C87229A276B40007A7EC /* Widget.swift */,
				7106C86E29A276B40007A7EC /* WidgetBundle.swift */,
				71BD5E3A29A7778900E40C01 /* WidgetLocationHeadingView.swift */,
				7106C87529A276B40007A7EC /* Assets.xcassets */,
				71BD5E3C29A77D5400E40C01 /* Extensions */,
			);
			path = Widget;
			sourceTree = "<group>";
		};
		7198467828E5895E00E866CE = {
			isa = PBXGroup;
			children = (
				7198468328E5895E00E866CE /* Solstice */,
				7106C86D29A276B40007A7EC /* Widget */,
				7198468228E5895E00E866CE /* Products */,
				71F641EE29A13C5300FE5AB5 /* Frameworks */,
			);
			sourceTree = "<group>";
		};
		7198468228E5895E00E866CE /* Products */ = {
			isa = PBXGroup;
			children = (
				7198468128E5895E00E866CE /* Solstice.app */,
				71F641CC29A13BE000FE5AB5 /* Solstice.app */,
				7106C86829A276B30007A7EC /* WidgetExtension.appex */,
			);
			name = Products;
			sourceTree = "<group>";
		};
		7198468328E5895E00E866CE /* Solstice */ = {
			isa = PBXGroup;
			children = (
				71B3C7C029A1422A0041BAB6 /* Solstice.entitlements */,
				7198469228E5895F00E866CE /* Info.plist */,
				7198469828E5898500E866CE /* StoreKitConfiguration.storekit */,
				71F641C429A0290700FE5AB5 /* AnnualDaylightChart.swift */,
				7198468628E5895E00E866CE /* ContentView.swift */,
				71F641B829995ED000FE5AB5 /* DaylightChart.swift */,
				71F641B629994DD900FE5AB5 /* DaylightSummaryRow.swift */,
				7198469D28E58CCD00E866CE /* DetailView.swift */,
				719846A928E992A200E866CE /* LocationSearchResultRow.swift */,
				7198468D28E5895F00E866CE /* Persistence.swift */,
				7198468428E5895E00E866CE /* SolsticeApp.swift */,
				71F641C629A0F4A900FE5AB5 /* TimeMachineView.swift */,
				7198468828E5895F00E866CE /* Assets.xcassets */,
				719846AB28E9A9FF00E866CE /* Extensions */,
				719846A628E991E800E866CE /* Helpers */,
				7198468A28E5895F00E866CE /* Preview Content */,
				7198468F28E5895F00E866CE /* Solstice.xcdatamodeld */,
			);
			path = Solstice;
			sourceTree = "<group>";
		};
		7198468A28E5895F00E866CE /* Preview Content */ = {
			isa = PBXGroup;
			children = (
				7198468B28E5895F00E866CE /* Preview Assets.xcassets */,
			);
			path = "Preview Content";
			sourceTree = "<group>";
		};
		719846A628E991E800E866CE /* Helpers */ = {
			isa = PBXGroup;
			children = (
				719846AF28EEE48900E866CE /* CurrentLocation.swift */,
				719846A728E991FA00E866CE /* LocationSearchService.swift */,
				71F641C0299FCCFF00FE5AB5 /* TimeMachine.swift */,
				71C8F4CD29A38752009A86B4 /* SolsticeCalculator.swift */,
				7117008A29A52B04001BE478 /* SkyGradient.swift */,
			);
			path = Helpers;
			sourceTree = "<group>";
		};
		719846AB28E9A9FF00E866CE /* Extensions */ = {
			isa = PBXGroup;
			children = (
				71F641BA2999631D00FE5AB5 /* Date++.swift */,
				719846AC28E9AA0E00E866CE /* Solar++.swift */,
				71F641BE299B7C7000FE5AB5 /* Solar+SolarEvent.swift */,
				71F641BC299968BF00FE5AB5 /* TimeInterval++.swift */,
				71F641C2299FD39E00FE5AB5 /* View+CapsuleAppearance.swift */,
			);
			path = Extensions;
			sourceTree = "<group>";
		};
		71BD5E3C29A77D5400E40C01 /* Extensions */ = {
			isa = PBXGroup;
			children = (
				71BD5E3D29A77D6000E40C01 /* WidgetFamily++.swift */,
			);
			path = Extensions;
			sourceTree = "<group>";
		};
		71F641EE29A13C5300FE5AB5 /* Frameworks */ = {
			isa = PBXGroup;
			children = (
				7106C86929A276B30007A7EC /* WidgetKit.framework */,
				7106C86B29A276B40007A7EC /* SwiftUI.framework */,
			);
			name = Frameworks;
			sourceTree = "<group>";
		};
/* End PBXGroup section */

/* Begin PBXNativeTarget section */
		7106C86729A276B30007A7EC /* WidgetExtension */ = {
			isa = PBXNativeTarget;
			buildConfigurationList = 7106C87D29A276B40007A7EC /* Build configuration list for PBXNativeTarget "WidgetExtension" */;
			buildPhases = (
				7106C86429A276B30007A7EC /* Sources */,
				7106C86529A276B30007A7EC /* Frameworks */,
				7106C86629A276B30007A7EC /* Resources */,
			);
			buildRules = (
			);
			dependencies = (
			);
			name = WidgetExtension;
			packageProductDependencies = (
				7106C88A29A277740007A7EC /* Solar */,
			);
			productName = WidgetExtension;
			productReference = 7106C86829A276B30007A7EC /* WidgetExtension.appex */;
			productType = "com.apple.product-type.app-extension";
		};
		7198468028E5895E00E866CE /* Solstice */ = {
			isa = PBXNativeTarget;
			buildConfigurationList = 7198469528E5895F00E866CE /* Build configuration list for PBXNativeTarget "Solstice" */;
			buildPhases = (
				7198467D28E5895E00E866CE /* Sources */,
				7198467E28E5895E00E866CE /* Frameworks */,
				7198467F28E5895E00E866CE /* Resources */,
				7106C88029A276B40007A7EC /* Embed Foundation Extensions */,
			);
			buildRules = (
			);
			dependencies = (
				7106C87B29A276B40007A7EC /* PBXTargetDependency */,
			);
			name = Solstice;
			packageProductDependencies = (
				7198469B28E58CAA00E866CE /* Solar */,
				719846A428E98AA200E866CE /* TimeIntervalFormatStyle */,
			);
			productName = Solstice;
			productReference = 7198468128E5895E00E866CE /* Solstice.app */;
			productType = "com.apple.product-type.application";
		};
		71F641CB29A13BE000FE5AB5 /* Solstice for watchOS Watch App */ = {
			isa = PBXNativeTarget;
			buildConfigurationList = 71F641D729A13BE200FE5AB5 /* Build configuration list for PBXNativeTarget "Solstice for watchOS Watch App" */;
			buildPhases = (
				71F641C829A13BE000FE5AB5 /* Sources */,
				71F641C929A13BE000FE5AB5 /* Frameworks */,
				71F641CA29A13BE000FE5AB5 /* Resources */,
			);
			buildRules = (
			);
			dependencies = (
			);
			name = "Solstice for watchOS Watch App";
			packageProductDependencies = (
				71F641EF29A13C5300FE5AB5 /* TimeIntervalFormatStyle */,
				71F641F129A13C5300FE5AB5 /* Solar */,
			);
			productName = "Solstice for watchOS Watch App";
			productReference = 71F641CC29A13BE000FE5AB5 /* Solstice.app */;
			productType = "com.apple.product-type.application";
		};
/* End PBXNativeTarget section */

/* Begin PBXProject section */
		7198467928E5895E00E866CE /* Project object */ = {
			isa = PBXProject;
			attributes = {
				BuildIndependentTargetsInParallel = 1;
				LastSwiftUpdateCheck = 1420;
				LastUpgradeCheck = 1410;
				TargetAttributes = {
					7106C86729A276B30007A7EC = {
						CreatedOnToolsVersion = 14.2;
					};
					7198468028E5895E00E866CE = {
						CreatedOnToolsVersion = 14.1;
					};
					71F641CB29A13BE000FE5AB5 = {
						CreatedOnToolsVersion = 14.2;
					};
				};
			};
			buildConfigurationList = 7198467C28E5895E00E866CE /* Build configuration list for PBXProject "Solstice" */;
			compatibilityVersion = "Xcode 14.0";
			developmentRegion = en;
			hasScannedForEncodings = 0;
			knownRegions = (
				en,
				Base,
			);
			mainGroup = 7198467828E5895E00E866CE;
			packageReferences = (
				7198469A28E58CAA00E866CE /* XCRemoteSwiftPackageReference "Solar" */,
				719846A328E98AA200E866CE /* XCRemoteSwiftPackageReference "TimeIntervalFormatStyle" */,
			);
			productRefGroup = 7198468228E5895E00E866CE /* Products */;
			projectDirPath = "";
			projectRoot = "";
			targets = (
				7198468028E5895E00E866CE /* Solstice */,
				71F641CB29A13BE000FE5AB5 /* Solstice for watchOS Watch App */,
				7106C86729A276B30007A7EC /* WidgetExtension */,
			);
		};
/* End PBXProject section */

/* Begin PBXResourcesBuildPhase section */
		7106C86629A276B30007A7EC /* Resources */ = {
			isa = PBXResourcesBuildPhase;
			buildActionMask = 2147483647;
			files = (
				7106C88F29A281440007A7EC /* Assets.xcassets in Resources */,
				7106C87629A276B40007A7EC /* Assets.xcassets in Resources */,
			);
			runOnlyForDeploymentPostprocessing = 0;
		};
		7198467F28E5895E00E866CE /* Resources */ = {
			isa = PBXResourcesBuildPhase;
			buildActionMask = 2147483647;
			files = (
				7198469928E5898500E866CE /* StoreKitConfiguration.storekit in Resources */,
				7198468C28E5895F00E866CE /* Preview Assets.xcassets in Resources */,
				7198468928E5895F00E866CE /* Assets.xcassets in Resources */,
			);
			runOnlyForDeploymentPostprocessing = 0;
		};
		71F641CA29A13BE000FE5AB5 /* Resources */ = {
			isa = PBXResourcesBuildPhase;
			buildActionMask = 2147483647;
			files = (
				71F641EB29A13C3100FE5AB5 /* StoreKitConfiguration.storekit in Resources */,
				71F641E629A13C3100FE5AB5 /* Assets.xcassets in Resources */,
			);
			runOnlyForDeploymentPostprocessing = 0;
		};
/* End PBXResourcesBuildPhase section */

/* Begin PBXSourcesBuildPhase section */
		7106C86429A276B30007A7EC /* Sources */ = {
			isa = PBXSourcesBuildPhase;
			buildActionMask = 2147483647;
			files = (
				7106C87829A276B40007A7EC /* Widget.intentdefinition in Sources */,
				7117008C29A52B04001BE478 /* SkyGradient.swift in Sources */,
				7106C88E29A27D330007A7EC /* DaylightChart.swift in Sources */,
				71BD5E3E29A77D6000E40C01 /* WidgetFamily++.swift in Sources */,
				7106C88429A2775C0007A7EC /* TimeInterval++.swift in Sources */,
				7106C88229A2774A0007A7EC /* TimeMachine.swift in Sources */,
				7106C88829A2775C0007A7EC /* Solar+SolarEvent.swift in Sources */,
				7117008929A52ABE001BE478 /* CountdownWidgetView.swift in Sources */,
				7106C88D29A27D0A0007A7EC /* OverviewWidgetView.swift in Sources */,
				7106C86F29A276B40007A7EC /* WidgetBundle.swift in Sources */,
				7106C88129A277460007A7EC /* CurrentLocation.swift in Sources */,
				7106C88929A277680007A7EC /* Persistence.swift in Sources */,
				71BD5E3B29A7778900E40C01 /* WidgetLocationHeadingView.swift in Sources */,
				7106C88529A2775C0007A7EC /* Solar++.swift in Sources */,
				7106C88629A2775C0007A7EC /* Date++.swift in Sources */,
				7106C87329A276B40007A7EC /* Widget.swift in Sources */,
				7106C88729A2775C0007A7EC /* View+CapsuleAppearance.swift in Sources */,
				7106C88329A277550007A7EC /* Solstice.xcdatamodeld in Sources */,
			);
			runOnlyForDeploymentPostprocessing = 0;
		};
		7198467D28E5895E00E866CE /* Sources */ = {
			isa = PBXSourcesBuildPhase;
			buildActionMask = 2147483647;
			files = (
				719846A828E991FA00E866CE /* LocationSearchService.swift in Sources */,
				7198468E28E5895F00E866CE /* Persistence.swift in Sources */,
				7198468728E5895E00E866CE /* ContentView.swift in Sources */,
				71F641B729994DD900FE5AB5 /* DaylightSummaryRow.swift in Sources */,
				719846B028EEE48900E866CE /* CurrentLocation.swift in Sources */,
				71F641BD299968BF00FE5AB5 /* TimeInterval++.swift in Sources */,
				7198468528E5895E00E866CE /* SolsticeApp.swift in Sources */,
				71F641B929995ED000FE5AB5 /* DaylightChart.swift in Sources */,
				71F641BF299B7C7000FE5AB5 /* Solar+SolarEvent.swift in Sources */,
				71F641BB2999631D00FE5AB5 /* Date++.swift in Sources */,
				71F641C3299FD39E00FE5AB5 /* View+CapsuleAppearance.swift in Sources */,
				71C8F4CE29A38752009A86B4 /* SolsticeCalculator.swift in Sources */,
				71F641C729A0F4A900FE5AB5 /* TimeMachineView.swift in Sources */,
				7117008B29A52B04001BE478 /* SkyGradient.swift in Sources */,
				719846AA28E992A200E866CE /* LocationSearchResultRow.swift in Sources */,
				71F641C1299FCCFF00FE5AB5 /* TimeMachine.swift in Sources */,
				719846AD28E9AA0E00E866CE /* Solar++.swift in Sources */,
				7198469E28E58CCD00E866CE /* DetailView.swift in Sources */,
				71F641C529A0290700FE5AB5 /* AnnualDaylightChart.swift in Sources */,
				7106C87929A276B40007A7EC /* Widget.intentdefinition in Sources */,
				7198469128E5895F00E866CE /* Solstice.xcdatamodeld in Sources */,
			);
			runOnlyForDeploymentPostprocessing = 0;
		};
		71F641C829A13BE000FE5AB5 /* Sources */ = {
			isa = PBXSourcesBuildPhase;
			buildActionMask = 2147483647;
			files = (
				71F641E729A13C3100FE5AB5 /* SolsticeApp.swift in Sources */,
				71F641E429A13C3100FE5AB5 /* ContentView.swift in Sources */,
				71F641E229A13C3100FE5AB5 /* DetailView.swift in Sources */,
				71C8F4CF29A38752009A86B4 /* SolsticeCalculator.swift in Sources */,
				71F641DB29A13C2400FE5AB5 /* Solar+SolarEvent.swift in Sources */,
				71F641EA29A13C3100FE5AB5 /* DaylightChart.swift in Sources */,
				71F641DE29A13C2400FE5AB5 /* View+CapsuleAppearance.swift in Sources */,
				71F641DF29A13C2800FE5AB5 /* TimeMachine.swift in Sources */,
				71F641E929A13C3100FE5AB5 /* DaylightSummaryRow.swift in Sources */,
				71F641E129A13C2800FE5AB5 /* CurrentLocation.swift in Sources */,
				71F641DC29A13C2400FE5AB5 /* Date++.swift in Sources */,
				71F641E529A13C3100FE5AB5 /* Persistence.swift in Sources */,
				71F641DA29A13C2400FE5AB5 /* TimeInterval++.swift in Sources */,
				71F641F329A13C8700FE5AB5 /* Solstice.xcdatamodeld in Sources */,
				71F641EC29A13C3100FE5AB5 /* AnnualDaylightChart.swift in Sources */,
				71F641DD29A13C2400FE5AB5 /* Solar++.swift in Sources */,
			);
			runOnlyForDeploymentPostprocessing = 0;
		};
/* End PBXSourcesBuildPhase section */

/* Begin PBXTargetDependency section */
		7106C87B29A276B40007A7EC /* PBXTargetDependency */ = {
			isa = PBXTargetDependency;
			platformFilter = ios;
			target = 7106C86729A276B30007A7EC /* WidgetExtension */;
			targetProxy = 7106C87A29A276B40007A7EC /* PBXContainerItemProxy */;
		};
/* End PBXTargetDependency section */

/* Begin XCBuildConfiguration section */
		7106C87E29A276B40007A7EC /* Debug */ = {
			isa = XCBuildConfiguration;
			buildSettings = {
				ASSETCATALOG_COMPILER_GLOBAL_ACCENT_COLOR_NAME = AccentColor;
				ASSETCATALOG_COMPILER_WIDGET_BACKGROUND_COLOR_NAME = WidgetBackground;
				CODE_SIGN_STYLE = Automatic;
				CURRENT_PROJECT_VERSION = 1;
				DEVELOPMENT_TEAM = YC249PY26F;
				GENERATE_INFOPLIST_FILE = YES;
				INFOPLIST_FILE = Widget/Info.plist;
				INFOPLIST_KEY_CFBundleDisplayName = Widget;
				INFOPLIST_KEY_NSHumanReadableCopyright = "";
				IPHONEOS_DEPLOYMENT_TARGET = 16.2;
				LD_RUNPATH_SEARCH_PATHS = (
					"$(inherited)",
					"@executable_path/Frameworks",
					"@executable_path/../../Frameworks",
				);
				MARKETING_VERSION = 2.0;
				PRODUCT_BUNDLE_IDENTIFIER = me.daneden.Solstice.Widget;
				PRODUCT_NAME = "$(TARGET_NAME)";
				SKIP_INSTALL = YES;
				SWIFT_EMIT_LOC_STRINGS = YES;
				SWIFT_VERSION = 5.0;
				TARGETED_DEVICE_FAMILY = "1,2";
			};
			name = Debug;
		};
		7106C87F29A276B40007A7EC /* Release */ = {
			isa = XCBuildConfiguration;
			buildSettings = {
				ASSETCATALOG_COMPILER_GLOBAL_ACCENT_COLOR_NAME = AccentColor;
				ASSETCATALOG_COMPILER_WIDGET_BACKGROUND_COLOR_NAME = WidgetBackground;
				CODE_SIGN_STYLE = Automatic;
				CURRENT_PROJECT_VERSION = 1;
				DEVELOPMENT_TEAM = YC249PY26F;
				GENERATE_INFOPLIST_FILE = YES;
				INFOPLIST_FILE = Widget/Info.plist;
				INFOPLIST_KEY_CFBundleDisplayName = Widget;
				INFOPLIST_KEY_NSHumanReadableCopyright = "";
				IPHONEOS_DEPLOYMENT_TARGET = 16.2;
				LD_RUNPATH_SEARCH_PATHS = (
					"$(inherited)",
					"@executable_path/Frameworks",
					"@executable_path/../../Frameworks",
				);
				MARKETING_VERSION = 2.0;
				PRODUCT_BUNDLE_IDENTIFIER = me.daneden.Solstice.Widget;
				PRODUCT_NAME = "$(TARGET_NAME)";
				SKIP_INSTALL = YES;
				SWIFT_EMIT_LOC_STRINGS = YES;
				SWIFT_VERSION = 5.0;
				TARGETED_DEVICE_FAMILY = "1,2";
			};
			name = Release;
		};
		7198469328E5895F00E866CE /* Debug */ = {
			isa = XCBuildConfiguration;
			buildSettings = {
				ALWAYS_SEARCH_USER_PATHS = NO;
				CLANG_ANALYZER_NONNULL = YES;
				CLANG_ANALYZER_NUMBER_OBJECT_CONVERSION = YES_AGGRESSIVE;
				CLANG_CXX_LANGUAGE_STANDARD = "gnu++20";
				CLANG_ENABLE_MODULES = YES;
				CLANG_ENABLE_OBJC_ARC = YES;
				CLANG_ENABLE_OBJC_WEAK = YES;
				CLANG_WARN_BLOCK_CAPTURE_AUTORELEASING = YES;
				CLANG_WARN_BOOL_CONVERSION = YES;
				CLANG_WARN_COMMA = YES;
				CLANG_WARN_CONSTANT_CONVERSION = YES;
				CLANG_WARN_DEPRECATED_OBJC_IMPLEMENTATIONS = YES;
				CLANG_WARN_DIRECT_OBJC_ISA_USAGE = YES_ERROR;
				CLANG_WARN_DOCUMENTATION_COMMENTS = YES;
				CLANG_WARN_EMPTY_BODY = YES;
				CLANG_WARN_ENUM_CONVERSION = YES;
				CLANG_WARN_INFINITE_RECURSION = YES;
				CLANG_WARN_INT_CONVERSION = YES;
				CLANG_WARN_NON_LITERAL_NULL_CONVERSION = YES;
				CLANG_WARN_OBJC_IMPLICIT_RETAIN_SELF = YES;
				CLANG_WARN_OBJC_LITERAL_CONVERSION = YES;
				CLANG_WARN_OBJC_ROOT_CLASS = YES_ERROR;
				CLANG_WARN_QUOTED_INCLUDE_IN_FRAMEWORK_HEADER = YES;
				CLANG_WARN_RANGE_LOOP_ANALYSIS = YES;
				CLANG_WARN_STRICT_PROTOTYPES = YES;
				CLANG_WARN_SUSPICIOUS_MOVE = YES;
				CLANG_WARN_UNGUARDED_AVAILABILITY = YES_AGGRESSIVE;
				CLANG_WARN_UNREACHABLE_CODE = YES;
				CLANG_WARN__DUPLICATE_METHOD_MATCH = YES;
				COPY_PHASE_STRIP = NO;
				DEBUG_INFORMATION_FORMAT = dwarf;
				ENABLE_STRICT_OBJC_MSGSEND = YES;
				ENABLE_TESTABILITY = YES;
				GCC_C_LANGUAGE_STANDARD = gnu11;
				GCC_DYNAMIC_NO_PIC = NO;
				GCC_NO_COMMON_BLOCKS = YES;
				GCC_OPTIMIZATION_LEVEL = 0;
				GCC_PREPROCESSOR_DEFINITIONS = (
					"DEBUG=1",
					"$(inherited)",
				);
				GCC_WARN_64_TO_32_BIT_CONVERSION = YES;
				GCC_WARN_ABOUT_RETURN_TYPE = YES_ERROR;
				GCC_WARN_UNDECLARED_SELECTOR = YES;
				GCC_WARN_UNINITIALIZED_AUTOS = YES_AGGRESSIVE;
				GCC_WARN_UNUSED_FUNCTION = YES;
				GCC_WARN_UNUSED_VARIABLE = YES;
				IPHONEOS_DEPLOYMENT_TARGET = 16.1;
				MTL_ENABLE_DEBUG_INFO = INCLUDE_SOURCE;
				MTL_FAST_MATH = YES;
				ONLY_ACTIVE_ARCH = YES;
				SDKROOT = iphoneos;
				SWIFT_ACTIVE_COMPILATION_CONDITIONS = DEBUG;
				SWIFT_OPTIMIZATION_LEVEL = "-Onone";
			};
			name = Debug;
		};
		7198469428E5895F00E866CE /* Release */ = {
			isa = XCBuildConfiguration;
			buildSettings = {
				ALWAYS_SEARCH_USER_PATHS = NO;
				CLANG_ANALYZER_NONNULL = YES;
				CLANG_ANALYZER_NUMBER_OBJECT_CONVERSION = YES_AGGRESSIVE;
				CLANG_CXX_LANGUAGE_STANDARD = "gnu++20";
				CLANG_ENABLE_MODULES = YES;
				CLANG_ENABLE_OBJC_ARC = YES;
				CLANG_ENABLE_OBJC_WEAK = YES;
				CLANG_WARN_BLOCK_CAPTURE_AUTORELEASING = YES;
				CLANG_WARN_BOOL_CONVERSION = YES;
				CLANG_WARN_COMMA = YES;
				CLANG_WARN_CONSTANT_CONVERSION = YES;
				CLANG_WARN_DEPRECATED_OBJC_IMPLEMENTATIONS = YES;
				CLANG_WARN_DIRECT_OBJC_ISA_USAGE = YES_ERROR;
				CLANG_WARN_DOCUMENTATION_COMMENTS = YES;
				CLANG_WARN_EMPTY_BODY = YES;
				CLANG_WARN_ENUM_CONVERSION = YES;
				CLANG_WARN_INFINITE_RECURSION = YES;
				CLANG_WARN_INT_CONVERSION = YES;
				CLANG_WARN_NON_LITERAL_NULL_CONVERSION = YES;
				CLANG_WARN_OBJC_IMPLICIT_RETAIN_SELF = YES;
				CLANG_WARN_OBJC_LITERAL_CONVERSION = YES;
				CLANG_WARN_OBJC_ROOT_CLASS = YES_ERROR;
				CLANG_WARN_QUOTED_INCLUDE_IN_FRAMEWORK_HEADER = YES;
				CLANG_WARN_RANGE_LOOP_ANALYSIS = YES;
				CLANG_WARN_STRICT_PROTOTYPES = YES;
				CLANG_WARN_SUSPICIOUS_MOVE = YES;
				CLANG_WARN_UNGUARDED_AVAILABILITY = YES_AGGRESSIVE;
				CLANG_WARN_UNREACHABLE_CODE = YES;
				CLANG_WARN__DUPLICATE_METHOD_MATCH = YES;
				COPY_PHASE_STRIP = NO;
				DEBUG_INFORMATION_FORMAT = "dwarf-with-dsym";
				ENABLE_NS_ASSERTIONS = NO;
				ENABLE_STRICT_OBJC_MSGSEND = YES;
				GCC_C_LANGUAGE_STANDARD = gnu11;
				GCC_NO_COMMON_BLOCKS = YES;
				GCC_WARN_64_TO_32_BIT_CONVERSION = YES;
				GCC_WARN_ABOUT_RETURN_TYPE = YES_ERROR;
				GCC_WARN_UNDECLARED_SELECTOR = YES;
				GCC_WARN_UNINITIALIZED_AUTOS = YES_AGGRESSIVE;
				GCC_WARN_UNUSED_FUNCTION = YES;
				GCC_WARN_UNUSED_VARIABLE = YES;
				IPHONEOS_DEPLOYMENT_TARGET = 16.1;
				MTL_ENABLE_DEBUG_INFO = NO;
				MTL_FAST_MATH = YES;
				SDKROOT = iphoneos;
				SWIFT_COMPILATION_MODE = wholemodule;
				SWIFT_OPTIMIZATION_LEVEL = "-O";
				VALIDATE_PRODUCT = YES;
			};
			name = Release;
		};
		7198469628E5895F00E866CE /* Debug */ = {
			isa = XCBuildConfiguration;
			buildSettings = {
				ALWAYS_EMBED_SWIFT_STANDARD_LIBRARIES = YES;
				ASSETCATALOG_COMPILER_APPICON_NAME = AppIcon;
				ASSETCATALOG_COMPILER_GLOBAL_ACCENT_COLOR_NAME = AccentColor;
				CODE_SIGN_ENTITLEMENTS = Solstice/Solstice.entitlements;
				CODE_SIGN_STYLE = Automatic;
				CURRENT_PROJECT_VERSION = 1;
				DEVELOPMENT_ASSET_PATHS = "\"Solstice/Preview Content\"";
				DEVELOPMENT_TEAM = YC249PY26F;
				ENABLE_PREVIEWS = YES;
				GENERATE_INFOPLIST_FILE = YES;
				INFOPLIST_FILE = Solstice/Info.plist;
				INFOPLIST_KEY_CFBundleDisplayName = Solstice;
				INFOPLIST_KEY_NSLocationWhenInUseUsageDescription = "Solstice uses your location to calculate local sunrise and sunset times";
				INFOPLIST_KEY_UIApplicationSceneManifest_Generation = YES;
				INFOPLIST_KEY_UIApplicationSupportsIndirectInputEvents = YES;
				INFOPLIST_KEY_UILaunchScreen_Generation = YES;
				INFOPLIST_KEY_UISupportedInterfaceOrientations_iPad = "UIInterfaceOrientationPortrait UIInterfaceOrientationPortraitUpsideDown UIInterfaceOrientationLandscapeLeft UIInterfaceOrientationLandscapeRight";
				INFOPLIST_KEY_UISupportedInterfaceOrientations_iPhone = "UIInterfaceOrientationPortrait UIInterfaceOrientationLandscapeLeft UIInterfaceOrientationLandscapeRight";
				LD_RUNPATH_SEARCH_PATHS = (
					"$(inherited)",
					"@executable_path/Frameworks",
				);
				MARKETING_VERSION = 2.0;
				PRODUCT_BUNDLE_IDENTIFIER = me.daneden.Solstice;
				PRODUCT_NAME = "$(TARGET_NAME)";
				SUPPORTED_PLATFORMS = "iphoneos iphonesimulator macosx";
				SUPPORTS_MACCATALYST = NO;
				SUPPORTS_MAC_DESIGNED_FOR_IPHONE_IPAD = NO;
				SWIFT_EMIT_LOC_STRINGS = YES;
				SWIFT_VERSION = 5.0;
				TARGETED_DEVICE_FAMILY = "1,2";
			};
			name = Debug;
		};
		7198469728E5895F00E866CE /* Release */ = {
			isa = XCBuildConfiguration;
			buildSettings = {
				ALWAYS_EMBED_SWIFT_STANDARD_LIBRARIES = YES;
				ASSETCATALOG_COMPILER_APPICON_NAME = AppIcon;
				ASSETCATALOG_COMPILER_GLOBAL_ACCENT_COLOR_NAME = AccentColor;
				CODE_SIGN_ENTITLEMENTS = Solstice/Solstice.entitlements;
				CODE_SIGN_STYLE = Automatic;
				CURRENT_PROJECT_VERSION = 1;
				DEVELOPMENT_ASSET_PATHS = "\"Solstice/Preview Content\"";
				DEVELOPMENT_TEAM = YC249PY26F;
				ENABLE_PREVIEWS = YES;
				GENERATE_INFOPLIST_FILE = YES;
				INFOPLIST_FILE = Solstice/Info.plist;
				INFOPLIST_KEY_CFBundleDisplayName = Solstice;
				INFOPLIST_KEY_NSLocationWhenInUseUsageDescription = "Solstice uses your location to calculate local sunrise and sunset times";
				INFOPLIST_KEY_UIApplicationSceneManifest_Generation = YES;
				INFOPLIST_KEY_UIApplicationSupportsIndirectInputEvents = YES;
				INFOPLIST_KEY_UILaunchScreen_Generation = YES;
				INFOPLIST_KEY_UISupportedInterfaceOrientations_iPad = "UIInterfaceOrientationPortrait UIInterfaceOrientationPortraitUpsideDown UIInterfaceOrientationLandscapeLeft UIInterfaceOrientationLandscapeRight";
				INFOPLIST_KEY_UISupportedInterfaceOrientations_iPhone = "UIInterfaceOrientationPortrait UIInterfaceOrientationLandscapeLeft UIInterfaceOrientationLandscapeRight";
				LD_RUNPATH_SEARCH_PATHS = (
					"$(inherited)",
					"@executable_path/Frameworks",
				);
				MARKETING_VERSION = 2.0;
				PRODUCT_BUNDLE_IDENTIFIER = me.daneden.Solstice;
				PRODUCT_NAME = "$(TARGET_NAME)";
				SUPPORTED_PLATFORMS = "iphoneos iphonesimulator macosx";
				SUPPORTS_MACCATALYST = NO;
				SUPPORTS_MAC_DESIGNED_FOR_IPHONE_IPAD = NO;
				SWIFT_EMIT_LOC_STRINGS = YES;
				SWIFT_VERSION = 5.0;
				TARGETED_DEVICE_FAMILY = "1,2";
			};
			name = Release;
		};
		71F641D829A13BE200FE5AB5 /* Debug */ = {
			isa = XCBuildConfiguration;
			buildSettings = {
				ASSETCATALOG_COMPILER_APPICON_NAME = AppIcon;
				ASSETCATALOG_COMPILER_GLOBAL_ACCENT_COLOR_NAME = AccentColor;
				CODE_SIGN_STYLE = Automatic;
				CURRENT_PROJECT_VERSION = 1;
				DEVELOPMENT_TEAM = YC249PY26F;
				ENABLE_PREVIEWS = YES;
				GENERATE_INFOPLIST_FILE = YES;
				INFOPLIST_KEY_UISupportedInterfaceOrientations = "UIInterfaceOrientationPortrait UIInterfaceOrientationPortraitUpsideDown";
				INFOPLIST_KEY_WKCompanionAppBundleIdentifier = "";
				INFOPLIST_KEY_WKRunsIndependentlyOfCompanionApp = YES;
				LD_RUNPATH_SEARCH_PATHS = (
					"$(inherited)",
					"@executable_path/Frameworks",
				);
				MARKETING_VERSION = 2.0;
				PRODUCT_BUNDLE_IDENTIFIER = .me.daneden.Solstice.watchkitapp;
				PRODUCT_NAME = Solstice;
				SDKROOT = watchos;
				SKIP_INSTALL = YES;
				SWIFT_EMIT_LOC_STRINGS = YES;
				SWIFT_VERSION = 5.0;
				TARGETED_DEVICE_FAMILY = 4;
				WATCHOS_DEPLOYMENT_TARGET = 9.1;
			};
			name = Debug;
		};
		71F641D929A13BE200FE5AB5 /* Release */ = {
			isa = XCBuildConfiguration;
			buildSettings = {
				ASSETCATALOG_COMPILER_APPICON_NAME = AppIcon;
				ASSETCATALOG_COMPILER_GLOBAL_ACCENT_COLOR_NAME = AccentColor;
				CODE_SIGN_STYLE = Automatic;
				CURRENT_PROJECT_VERSION = 1;
				DEVELOPMENT_TEAM = YC249PY26F;
				ENABLE_PREVIEWS = YES;
				GENERATE_INFOPLIST_FILE = YES;
				INFOPLIST_KEY_UISupportedInterfaceOrientations = "UIInterfaceOrientationPortrait UIInterfaceOrientationPortraitUpsideDown";
				INFOPLIST_KEY_WKCompanionAppBundleIdentifier = "";
				INFOPLIST_KEY_WKRunsIndependentlyOfCompanionApp = YES;
				LD_RUNPATH_SEARCH_PATHS = (
					"$(inherited)",
					"@executable_path/Frameworks",
				);
				MARKETING_VERSION = 2.0;
				PRODUCT_BUNDLE_IDENTIFIER = .me.daneden.Solstice.watchkitapp;
				PRODUCT_NAME = Solstice;
				SDKROOT = watchos;
				SKIP_INSTALL = YES;
				SWIFT_EMIT_LOC_STRINGS = YES;
				SWIFT_VERSION = 5.0;
				TARGETED_DEVICE_FAMILY = 4;
				WATCHOS_DEPLOYMENT_TARGET = 9.1;
			};
			name = Release;
		};
/* End XCBuildConfiguration section */

/* Begin XCConfigurationList section */
		7106C87D29A276B40007A7EC /* Build configuration list for PBXNativeTarget "WidgetExtension" */ = {
			isa = XCConfigurationList;
			buildConfigurations = (
				7106C87E29A276B40007A7EC /* Debug */,
				7106C87F29A276B40007A7EC /* Release */,
			);
			defaultConfigurationIsVisible = 0;
			defaultConfigurationName = Release;
		};
		7198467C28E5895E00E866CE /* Build configuration list for PBXProject "Solstice" */ = {
			isa = XCConfigurationList;
			buildConfigurations = (
				7198469328E5895F00E866CE /* Debug */,
				7198469428E5895F00E866CE /* Release */,
			);
			defaultConfigurationIsVisible = 0;
			defaultConfigurationName = Release;
		};
		7198469528E5895F00E866CE /* Build configuration list for PBXNativeTarget "Solstice" */ = {
			isa = XCConfigurationList;
			buildConfigurations = (
				7198469628E5895F00E866CE /* Debug */,
				7198469728E5895F00E866CE /* Release */,
			);
			defaultConfigurationIsVisible = 0;
			defaultConfigurationName = Release;
		};
		71F641D729A13BE200FE5AB5 /* Build configuration list for PBXNativeTarget "Solstice for watchOS Watch App" */ = {
			isa = XCConfigurationList;
			buildConfigurations = (
				71F641D829A13BE200FE5AB5 /* Debug */,
				71F641D929A13BE200FE5AB5 /* Release */,
			);
			defaultConfigurationIsVisible = 0;
			defaultConfigurationName = Release;
		};
/* End XCConfigurationList section */

/* Begin XCRemoteSwiftPackageReference section */
		7198469A28E58CAA00E866CE /* XCRemoteSwiftPackageReference "Solar" */ = {
			isa = XCRemoteSwiftPackageReference;
			repositoryURL = "https://github.com/ceeK/Solar";
			requirement = {
				kind = upToNextMajorVersion;
				minimumVersion = 3.0.0;
			};
		};
		719846A328E98AA200E866CE /* XCRemoteSwiftPackageReference "TimeIntervalFormatStyle" */ = {
			isa = XCRemoteSwiftPackageReference;
			repositoryURL = "https://github.com/daneden/TimeIntervalFormatStyle/";
			requirement = {
				branch = main;
				kind = branch;
			};
		};
/* End XCRemoteSwiftPackageReference section */

/* Begin XCSwiftPackageProductDependency section */
		7106C88A29A277740007A7EC /* Solar */ = {
			isa = XCSwiftPackageProductDependency;
			package = 7198469A28E58CAA00E866CE /* XCRemoteSwiftPackageReference "Solar" */;
			productName = Solar;
		};
		7198469B28E58CAA00E866CE /* Solar */ = {
			isa = XCSwiftPackageProductDependency;
			package = 7198469A28E58CAA00E866CE /* XCRemoteSwiftPackageReference "Solar" */;
			productName = Solar;
		};
		719846A428E98AA200E866CE /* TimeIntervalFormatStyle */ = {
			isa = XCSwiftPackageProductDependency;
			package = 719846A328E98AA200E866CE /* XCRemoteSwiftPackageReference "TimeIntervalFormatStyle" */;
			productName = TimeIntervalFormatStyle;
		};
		71F641EF29A13C5300FE5AB5 /* TimeIntervalFormatStyle */ = {
			isa = XCSwiftPackageProductDependency;
			productName = TimeIntervalFormatStyle;
		};
		71F641F129A13C5300FE5AB5 /* Solar */ = {
			isa = XCSwiftPackageProductDependency;
			package = 7198469A28E58CAA00E866CE /* XCRemoteSwiftPackageReference "Solar" */;
			productName = Solar;
		};
/* End XCSwiftPackageProductDependency section */

/* Begin XCVersionGroup section */
		7198468F28E5895F00E866CE /* Solstice.xcdatamodeld */ = {
			isa = XCVersionGroup;
			children = (
				7198469028E5895F00E866CE /* Solstice.xcdatamodel */,
			);
			currentVersion = 7198469028E5895F00E866CE /* Solstice.xcdatamodel */;
			path = Solstice.xcdatamodeld;
			sourceTree = "<group>";
			versionGroupType = wrapper.xcdatamodel;
		};
/* End XCVersionGroup section */
	};
	rootObject = 7198467928E5895E00E866CE /* Project object */;
}
