// !$*UTF8*$!
{
	archiveVersion = 1;
	classes = {
	};
	objectVersion = 52;
	objects = {

/* Begin PBXBuildFile section */
		711AE5F525A5B2FA00B363BA /* SundialView.swift in Sources */ = {isa = PBXBuildFile; fileRef = 711AE5F425A5B2FA00B363BA /* SundialView.swift */; };
		711AE60B25A6711C00B363BA /* LandingView.swift in Sources */ = {isa = PBXBuildFile; fileRef = 711AE60A25A6711C00B363BA /* LandingView.swift */; };
		711AE61225A718BF00B363BA /* PermissionDeniedView.swift in Sources */ = {isa = PBXBuildFile; fileRef = 711AE61125A718BF00B363BA /* PermissionDeniedView.swift */; };
		711DFB3525AE03700004AC46 /* ShakeGesture.swift in Sources */ = {isa = PBXBuildFile; fileRef = 711DFB3425AE03700004AC46 /* ShakeGesture.swift */; };
		712F90FB25AF439400CC8D7E /* SunCalendarView.swift in Sources */ = {isa = PBXBuildFile; fileRef = 712F90FA25AF439400CC8D7E /* SunCalendarView.swift */; };
		7133BCD2270658C3007B172B /* View+EllipticalEdgeMaskModifier.swift in Sources */ = {isa = PBXBuildFile; fileRef = 7133BCD1270658C3007B172B /* View+EllipticalEdgeMaskModifier.swift */; };
		7133BCD3270658C3007B172B /* View+EllipticalEdgeMaskModifier.swift in Sources */ = {isa = PBXBuildFile; fileRef = 7133BCD1270658C3007B172B /* View+EllipticalEdgeMaskModifier.swift */; };
		71350CC626230BBA00F5F96E /* Intents.framework in Frameworks */ = {isa = PBXBuildFile; fileRef = 71D1BB972622240400A17E47 /* Intents.framework */; };
		71350CC926230BBA00F5F96E /* IntentHandler.swift in Sources */ = {isa = PBXBuildFile; fileRef = 71350CC826230BBA00F5F96E /* IntentHandler.swift */; };
		71350CDD26230BBA00F5F96E /* SolsticeIntents.appex in Embed App Extensions */ = {isa = PBXBuildFile; fileRef = 71350CC526230BBA00F5F96E /* SolsticeIntents.appex */; platformFilter = ios; settings = {ATTRIBUTES = (RemoveHeadersOnCopy, ); }; };
		71350CE926230BD600F5F96E /* Intents.intentdefinition in Sources */ = {isa = PBXBuildFile; fileRef = 71350CE826230BD600F5F96E /* Intents.intentdefinition */; };
		71350CF226230BF800F5F96E /* Intents.intentdefinition in Sources */ = {isa = PBXBuildFile; fileRef = 71350CE826230BD600F5F96E /* Intents.intentdefinition */; };
		7148B47325A7AB700047CC6F /* TimeInterval.extension.swift in Sources */ = {isa = PBXBuildFile; fileRef = 7148B47225A7AB700047CC6F /* TimeInterval.extension.swift */; };
		71682AE225DD923400487ECA /* View.extension.swift in Sources */ = {isa = PBXBuildFile; fileRef = 71682AE125DD923400487ECA /* View.extension.swift */; };
		71864D772701A82900DE03CB /* Assets.xcassets in Resources */ = {isa = PBXBuildFile; fileRef = 71864D762701A82900DE03CB /* Assets.xcassets */; };
		71864D7D2701A82900DE03CB /* WatchSolstice WatchKit Extension.appex in Embed App Extensions */ = {isa = PBXBuildFile; fileRef = 71864D7C2701A82900DE03CB /* WatchSolstice WatchKit Extension.appex */; settings = {ATTRIBUTES = (RemoveHeadersOnCopy, ); }; };
		71864D862701A82900DE03CB /* NotificationController.swift in Sources */ = {isa = PBXBuildFile; fileRef = 71864D852701A82900DE03CB /* NotificationController.swift */; };
		71864D882701A82900DE03CB /* NotificationView.swift in Sources */ = {isa = PBXBuildFile; fileRef = 71864D872701A82900DE03CB /* NotificationView.swift */; };
		71864D8A2701A82900DE03CB /* ComplicationController.swift in Sources */ = {isa = PBXBuildFile; fileRef = 71864D892701A82900DE03CB /* ComplicationController.swift */; };
		71864D8C2701A82A00DE03CB /* Assets.xcassets in Resources */ = {isa = PBXBuildFile; fileRef = 71864D8B2701A82A00DE03CB /* Assets.xcassets */; };
		71864D8F2701A82A00DE03CB /* Preview Assets.xcassets in Resources */ = {isa = PBXBuildFile; fileRef = 71864D8E2701A82A00DE03CB /* Preview Assets.xcassets */; };
		71864D942701A82A00DE03CB /* Solstice.app in Embed Watch Content */ = {isa = PBXBuildFile; fileRef = 71864D742701A82800DE03CB /* Solstice.app */; settings = {ATTRIBUTES = (RemoveHeadersOnCopy, ); }; };
		71864D9C2701A88C00DE03CB /* SolsticeApp.swift in Sources */ = {isa = PBXBuildFile; fileRef = 7190090525A4D6D2002ED383 /* SolsticeApp.swift */; };
		71864D9D2701A8FA00DE03CB /* SunCalendarView.swift in Sources */ = {isa = PBXBuildFile; fileRef = 712F90FA25AF439400CC8D7E /* SunCalendarView.swift */; };
		71864D9E2701A8FA00DE03CB /* SundialView.swift in Sources */ = {isa = PBXBuildFile; fileRef = 711AE5F425A5B2FA00B363BA /* SundialView.swift */; };
		71864DA02701A8FA00DE03CB /* PermissionDeniedView.swift in Sources */ = {isa = PBXBuildFile; fileRef = 711AE61125A718BF00B363BA /* PermissionDeniedView.swift */; };
		71864DA12701A8FA00DE03CB /* SolsticeOverview.swift in Sources */ = {isa = PBXBuildFile; fileRef = 71C8841125A7B1150009F2A1 /* SolsticeOverview.swift */; };
		71864DA22701A8FA00DE03CB /* LandingView.swift in Sources */ = {isa = PBXBuildFile; fileRef = 711AE60A25A6711C00B363BA /* LandingView.swift */; };
		71864DA32701A8FA00DE03CB /* ContentView.swift in Sources */ = {isa = PBXBuildFile; fileRef = 7190090625A4D6D2002ED383 /* ContentView.swift */; };
		71864DA72701A97200DE03CB /* Filler.swift in Sources */ = {isa = PBXBuildFile; fileRef = 719A3FB925AF9ECA003BE97D /* Filler.swift */; };
		71864DA92701A97200DE03CB /* SolarCalculator.swift in Sources */ = {isa = PBXBuildFile; fileRef = 71EECF2E25A5123A00CCC2FC /* SolarCalculator.swift */; };
		71864DAA2701A97200DE03CB /* Constants.swift in Sources */ = {isa = PBXBuildFile; fileRef = 71C884D525A9B93D0009F2A1 /* Constants.swift */; };
		71864DAB2701A97200DE03CB /* LocationManager.swift in Sources */ = {isa = PBXBuildFile; fileRef = 7190094D25A4D9C2002ED383 /* LocationManager.swift */; };
		71864DAD2701A9E000DE03CB /* Time in Frameworks */ = {isa = PBXBuildFile; productRef = 71864DAC2701A9E000DE03CB /* Time */; };
		71864DAF2701A9E000DE03CB /* Solar in Frameworks */ = {isa = PBXBuildFile; productRef = 71864DAE2701A9E000DE03CB /* Solar */; };
		71864DB02701ABB200DE03CB /* AppStorage.extension.swift in Sources */ = {isa = PBXBuildFile; fileRef = 71E5006A25B863DA00C43609 /* AppStorage.extension.swift */; };
		71864DB12701ABB200DE03CB /* Date.extension.swift in Sources */ = {isa = PBXBuildFile; fileRef = 71A36C1E25A6065F004F527B /* Date.extension.swift */; };
		71864DB22701ABB200DE03CB /* TimeInterval.extension.swift in Sources */ = {isa = PBXBuildFile; fileRef = 7148B47225A7AB700047CC6F /* TimeInterval.extension.swift */; };
		71864DB42701ABB200DE03CB /* View.extension.swift in Sources */ = {isa = PBXBuildFile; fileRef = 71682AE125DD923400487ECA /* View.extension.swift */; };
		71864DB52701ABB200DE03CB /* Color.extension.swift in Sources */ = {isa = PBXBuildFile; fileRef = 71EECF3525A51AF800CCC2FC /* Color.extension.swift */; };
		7190092E25A4D6D5002ED383 /* SolsticeApp.swift in Sources */ = {isa = PBXBuildFile; fileRef = 7190090525A4D6D2002ED383 /* SolsticeApp.swift */; };
		7190093025A4D6D5002ED383 /* ContentView.swift in Sources */ = {isa = PBXBuildFile; fileRef = 7190090625A4D6D2002ED383 /* ContentView.swift */; };
		7190093225A4D6D5002ED383 /* Assets.xcassets in Resources */ = {isa = PBXBuildFile; fileRef = 7190090725A4D6D5002ED383 /* Assets.xcassets */; };
		7190094E25A4D9C2002ED383 /* LocationManager.swift in Sources */ = {isa = PBXBuildFile; fileRef = 7190094D25A4D9C2002ED383 /* LocationManager.swift */; };
		719A3FBA25AF9ECA003BE97D /* Filler.swift in Sources */ = {isa = PBXBuildFile; fileRef = 719A3FB925AF9ECA003BE97D /* Filler.swift */; };
		719A3FBC25AF9ECA003BE97D /* Filler.swift in Sources */ = {isa = PBXBuildFile; fileRef = 719A3FB925AF9ECA003BE97D /* Filler.swift */; };
		71A36C1F25A6065F004F527B /* Date.extension.swift in Sources */ = {isa = PBXBuildFile; fileRef = 71A36C1E25A6065F004F527B /* Date.extension.swift */; };
		71ABE16825C5A83100A52F35 /* LocationService.swift in Sources */ = {isa = PBXBuildFile; fileRef = 71ABE16725C5A83100A52F35 /* LocationService.swift */; };
		71ABE16925C5A83100A52F35 /* LocationService.swift in Sources */ = {isa = PBXBuildFile; fileRef = 71ABE16725C5A83100A52F35 /* LocationService.swift */; };
		71B8EA0225C6FE09008E44F6 /* Time in Frameworks */ = {isa = PBXBuildFile; productRef = 71B8EA0125C6FE09008E44F6 /* Time */; };
		71B8EA0625C6FE39008E44F6 /* Time in Frameworks */ = {isa = PBXBuildFile; productRef = 71B8EA0525C6FE39008E44F6 /* Time */; };
		71C0418326230DFB00A828AC /* SolarCalculator.swift in Sources */ = {isa = PBXBuildFile; fileRef = 71EECF2E25A5123A00CCC2FC /* SolarCalculator.swift */; };
		71C0419726230E0B00A828AC /* Constants.swift in Sources */ = {isa = PBXBuildFile; fileRef = 71C884D525A9B93D0009F2A1 /* Constants.swift */; };
		71C041A126230E1500A828AC /* LocationService.swift in Sources */ = {isa = PBXBuildFile; fileRef = 71ABE16725C5A83100A52F35 /* LocationService.swift */; };
		71C041AB26230E1E00A828AC /* AppStorage.extension.swift in Sources */ = {isa = PBXBuildFile; fileRef = 71E5006A25B863DA00C43609 /* AppStorage.extension.swift */; };
		71C041B526230E2600A828AC /* LocationManager.swift in Sources */ = {isa = PBXBuildFile; fileRef = 7190094D25A4D9C2002ED383 /* LocationManager.swift */; };
		71C041BF26230E2C00A828AC /* TimeInterval.extension.swift in Sources */ = {isa = PBXBuildFile; fileRef = 7148B47225A7AB700047CC6F /* TimeInterval.extension.swift */; };
		71C041CA26230E3A00A828AC /* Time in Frameworks */ = {isa = PBXBuildFile; productRef = 71C041C926230E3A00A828AC /* Time */; };
		71C041D9262310EB00A828AC /* Date.extension.swift in Sources */ = {isa = PBXBuildFile; fileRef = 71A36C1E25A6065F004F527B /* Date.extension.swift */; };
		71C041F926231D1A00A828AC /* IntentHandler.swift in Sources */ = {isa = PBXBuildFile; fileRef = 71350CC826230BBA00F5F96E /* IntentHandler.swift */; };
		71C04D9326FF2357000DD492 /* Solar in Frameworks */ = {isa = PBXBuildFile; productRef = 71C04D9226FF2357000DD492 /* Solar */; };
		71C04D9526FF23A8000DD492 /* Solar in Frameworks */ = {isa = PBXBuildFile; productRef = 71C04D9426FF23A8000DD492 /* Solar */; };
		71C04D9726FF23AD000DD492 /* Solar in Frameworks */ = {isa = PBXBuildFile; productRef = 71C04D9626FF23AD000DD492 /* Solar */; };
		71C8841225A7B1150009F2A1 /* SolsticeOverview.swift in Sources */ = {isa = PBXBuildFile; fileRef = 71C8841125A7B1150009F2A1 /* SolsticeOverview.swift */; };
		71C8843225A90A2D0009F2A1 /* WidgetKit.framework in Frameworks */ = {isa = PBXBuildFile; fileRef = 71C8843125A90A2D0009F2A1 /* WidgetKit.framework */; };
		71C8843425A90A2D0009F2A1 /* SwiftUI.framework in Frameworks */ = {isa = PBXBuildFile; fileRef = 71C8843325A90A2D0009F2A1 /* SwiftUI.framework */; };
		71C8843725A90A2D0009F2A1 /* Widget.swift in Sources */ = {isa = PBXBuildFile; fileRef = 71C8843625A90A2D0009F2A1 /* Widget.swift */; };
		71C8843925A90A2D0009F2A1 /* Assets.xcassets in Resources */ = {isa = PBXBuildFile; fileRef = 71C8843825A90A2D0009F2A1 /* Assets.xcassets */; };
		71C8843D25A90A2D0009F2A1 /* WidgetExtension.appex in Embed App Extensions */ = {isa = PBXBuildFile; fileRef = 71C8842F25A90A2D0009F2A1 /* WidgetExtension.appex */; platformFilter = ios; settings = {ATTRIBUTES = (RemoveHeadersOnCopy, ); }; };
		71C8844725A90A3E0009F2A1 /* SundialView.swift in Sources */ = {isa = PBXBuildFile; fileRef = 711AE5F425A5B2FA00B363BA /* SundialView.swift */; };
		71C8845325A90A830009F2A1 /* SolarCalculator.swift in Sources */ = {isa = PBXBuildFile; fileRef = 71EECF2E25A5123A00CCC2FC /* SolarCalculator.swift */; };
		71C8845925A90A860009F2A1 /* LocationManager.swift in Sources */ = {isa = PBXBuildFile; fileRef = 7190094D25A4D9C2002ED383 /* LocationManager.swift */; };
		71C8846525A90A9C0009F2A1 /* Date.extension.swift in Sources */ = {isa = PBXBuildFile; fileRef = 71A36C1E25A6065F004F527B /* Date.extension.swift */; };
		71C8846B25A90A9F0009F2A1 /* TimeInterval.extension.swift in Sources */ = {isa = PBXBuildFile; fileRef = 7148B47225A7AB700047CC6F /* TimeInterval.extension.swift */; };
		71C8847125A90AA20009F2A1 /* Color.extension.swift in Sources */ = {isa = PBXBuildFile; fileRef = 71EECF3525A51AF800CCC2FC /* Color.extension.swift */; };
		71C8849425A90DE50009F2A1 /* SolsticeWidgetOverview.swift in Sources */ = {isa = PBXBuildFile; fileRef = 71C8848825A90DD40009F2A1 /* SolsticeWidgetOverview.swift */; };
		71C8849A25A910450009F2A1 /* Assets.xcassets in Resources */ = {isa = PBXBuildFile; fileRef = 7190090725A4D6D5002ED383 /* Assets.xcassets */; };
		71C884BC25A913770009F2A1 /* SettingsView.swift in Sources */ = {isa = PBXBuildFile; fileRef = 71C884BB25A913770009F2A1 /* SettingsView.swift */; };
		71C884C325A91D060009F2A1 /* NotificationManager.swift in Sources */ = {isa = PBXBuildFile; fileRef = 71C884C225A91D060009F2A1 /* NotificationManager.swift */; };
		71C884D625A9B93D0009F2A1 /* Constants.swift in Sources */ = {isa = PBXBuildFile; fileRef = 71C884D525A9B93D0009F2A1 /* Constants.swift */; };
		71C884D725A9B93D0009F2A1 /* Constants.swift in Sources */ = {isa = PBXBuildFile; fileRef = 71C884D525A9B93D0009F2A1 /* Constants.swift */; };
		71C884E325A9C3DA0009F2A1 /* AppDelegate.swift in Sources */ = {isa = PBXBuildFile; fileRef = 71C884E225A9C3DA0009F2A1 /* AppDelegate.swift */; };
		71D1BC332622F39D00A17E47 /* SolsticeCountdownWidgetView.swift in Sources */ = {isa = PBXBuildFile; fileRef = 71D1BC322622F39D00A17E47 /* SolsticeCountdownWidgetView.swift */; };
		71E5001425B77C5000C43609 /* NotificationPreview.swift in Sources */ = {isa = PBXBuildFile; fileRef = 71E5001325B77C5000C43609 /* NotificationPreview.swift */; };
		71E5004425B8384000C43609 /* UIScreen.extension.swift in Sources */ = {isa = PBXBuildFile; fileRef = 71E5004325B8384000C43609 /* UIScreen.extension.swift */; };
		71E5006B25B863DA00C43609 /* AppStorage.extension.swift in Sources */ = {isa = PBXBuildFile; fileRef = 71E5006A25B863DA00C43609 /* AppStorage.extension.swift */; };
		71E5006D25B863DA00C43609 /* AppStorage.extension.swift in Sources */ = {isa = PBXBuildFile; fileRef = 71E5006A25B863DA00C43609 /* AppStorage.extension.swift */; };
		71E5007E25BC4BFF00C43609 /* LocationPickerView.swift in Sources */ = {isa = PBXBuildFile; fileRef = 71E5007D25BC4BFF00C43609 /* LocationPickerView.swift */; };
		71EECF2F25A5123A00CCC2FC /* SolarCalculator.swift in Sources */ = {isa = PBXBuildFile; fileRef = 71EECF2E25A5123A00CCC2FC /* SolarCalculator.swift */; };
		71EECF3625A51AF800CCC2FC /* Color.extension.swift in Sources */ = {isa = PBXBuildFile; fileRef = 71EECF3525A51AF800CCC2FC /* Color.extension.swift */; };
/* End PBXBuildFile section */

/* Begin PBXContainerItemProxy section */
		71350CDB26230BBA00F5F96E /* PBXContainerItemProxy */ = {
			isa = PBXContainerItemProxy;
			containerPortal = 7190090025A4D6D2002ED383 /* Project object */;
			proxyType = 1;
			remoteGlobalIDString = 71350CC426230BBA00F5F96E;
			remoteInfo = SolsticeIntents;
		};
		71864D7E2701A82900DE03CB /* PBXContainerItemProxy */ = {
			isa = PBXContainerItemProxy;
			containerPortal = 7190090025A4D6D2002ED383 /* Project object */;
			proxyType = 1;
			remoteGlobalIDString = 71864D7B2701A82900DE03CB;
			remoteInfo = "WatchSolstice WatchKit Extension";
		};
		71864D922701A82A00DE03CB /* PBXContainerItemProxy */ = {
			isa = PBXContainerItemProxy;
			containerPortal = 7190090025A4D6D2002ED383 /* Project object */;
			proxyType = 1;
			remoteGlobalIDString = 71864D732701A82800DE03CB;
			remoteInfo = WatchSolstice;
		};
		71C8843B25A90A2D0009F2A1 /* PBXContainerItemProxy */ = {
			isa = PBXContainerItemProxy;
			containerPortal = 7190090025A4D6D2002ED383 /* Project object */;
			proxyType = 1;
			remoteGlobalIDString = 71C8842E25A90A2D0009F2A1;
			remoteInfo = WidgetExtension;
		};
/* End PBXContainerItemProxy section */

/* Begin PBXCopyFilesBuildPhase section */
		71864D712701A7D500DE03CB /* Embed Watch Content */ = {
			isa = PBXCopyFilesBuildPhase;
			buildActionMask = 2147483647;
			dstPath = "$(CONTENTS_FOLDER_PATH)/Watch";
			dstSubfolderSpec = 16;
			files = (
				71864D942701A82A00DE03CB /* Solstice.app in Embed Watch Content */,
			);
			name = "Embed Watch Content";
			runOnlyForDeploymentPostprocessing = 0;
		};
		71864D982701A82A00DE03CB /* Embed App Extensions */ = {
			isa = PBXCopyFilesBuildPhase;
			buildActionMask = 2147483647;
			dstPath = "";
			dstSubfolderSpec = 13;
			files = (
				71864D7D2701A82900DE03CB /* WatchSolstice WatchKit Extension.appex in Embed App Extensions */,
			);
			name = "Embed App Extensions";
			runOnlyForDeploymentPostprocessing = 0;
		};
		71C8843E25A90A2D0009F2A1 /* Embed App Extensions */ = {
			isa = PBXCopyFilesBuildPhase;
			buildActionMask = 2147483647;
			dstPath = "";
			dstSubfolderSpec = 13;
			files = (
				71C8843D25A90A2D0009F2A1 /* WidgetExtension.appex in Embed App Extensions */,
				71350CDD26230BBA00F5F96E /* SolsticeIntents.appex in Embed App Extensions */,
			);
			name = "Embed App Extensions";
			runOnlyForDeploymentPostprocessing = 0;
		};
/* End PBXCopyFilesBuildPhase section */

/* Begin PBXFileReference section */
		711AE5F425A5B2FA00B363BA /* SundialView.swift */ = {isa = PBXFileReference; lastKnownFileType = sourcecode.swift; path = SundialView.swift; sourceTree = "<group>"; };
		711AE60A25A6711C00B363BA /* LandingView.swift */ = {isa = PBXFileReference; lastKnownFileType = sourcecode.swift; path = LandingView.swift; sourceTree = "<group>"; };
		711AE61125A718BF00B363BA /* PermissionDeniedView.swift */ = {isa = PBXFileReference; lastKnownFileType = sourcecode.swift; path = PermissionDeniedView.swift; sourceTree = "<group>"; };
		711DFB3425AE03700004AC46 /* ShakeGesture.swift */ = {isa = PBXFileReference; lastKnownFileType = sourcecode.swift; path = ShakeGesture.swift; sourceTree = "<group>"; };
		712F90FA25AF439400CC8D7E /* SunCalendarView.swift */ = {isa = PBXFileReference; lastKnownFileType = sourcecode.swift; path = SunCalendarView.swift; sourceTree = "<group>"; };
		7133BCD1270658C3007B172B /* View+EllipticalEdgeMaskModifier.swift */ = {isa = PBXFileReference; lastKnownFileType = sourcecode.swift; path = "View+EllipticalEdgeMaskModifier.swift"; sourceTree = "<group>"; };
		71350CC526230BBA00F5F96E /* SolsticeIntents.appex */ = {isa = PBXFileReference; explicitFileType = "wrapper.app-extension"; includeInIndex = 0; path = SolsticeIntents.appex; sourceTree = BUILT_PRODUCTS_DIR; };
		71350CC826230BBA00F5F96E /* IntentHandler.swift */ = {isa = PBXFileReference; lastKnownFileType = sourcecode.swift; path = IntentHandler.swift; sourceTree = "<group>"; };
		71350CCA26230BBA00F5F96E /* Info.plist */ = {isa = PBXFileReference; lastKnownFileType = text.plist.xml; path = Info.plist; sourceTree = "<group>"; };
		71350CE826230BD600F5F96E /* Intents.intentdefinition */ = {isa = PBXFileReference; lastKnownFileType = file.intentdefinition; path = Intents.intentdefinition; sourceTree = "<group>"; };
		7148B47225A7AB700047CC6F /* TimeInterval.extension.swift */ = {isa = PBXFileReference; lastKnownFileType = sourcecode.swift; path = TimeInterval.extension.swift; sourceTree = "<group>"; };
		71682AE125DD923400487ECA /* View.extension.swift */ = {isa = PBXFileReference; lastKnownFileType = sourcecode.swift; path = View.extension.swift; sourceTree = "<group>"; };
		71864CED2700AD9B00DE03CB /* SolsticeIntents.entitlements */ = {isa = PBXFileReference; lastKnownFileType = text.plist.entitlements; path = SolsticeIntents.entitlements; sourceTree = "<group>"; };
		71864D742701A82800DE03CB /* Solstice.app */ = {isa = PBXFileReference; explicitFileType = wrapper.application; includeInIndex = 0; path = Solstice.app; sourceTree = BUILT_PRODUCTS_DIR; };
		71864D762701A82900DE03CB /* Assets.xcassets */ = {isa = PBXFileReference; lastKnownFileType = folder.assetcatalog; path = Assets.xcassets; sourceTree = "<group>"; };
		71864D7C2701A82900DE03CB /* WatchSolstice WatchKit Extension.appex */ = {isa = PBXFileReference; explicitFileType = "wrapper.app-extension"; includeInIndex = 0; path = "WatchSolstice WatchKit Extension.appex"; sourceTree = BUILT_PRODUCTS_DIR; };
		71864D852701A82900DE03CB /* NotificationController.swift */ = {isa = PBXFileReference; lastKnownFileType = sourcecode.swift; path = NotificationController.swift; sourceTree = "<group>"; };
		71864D872701A82900DE03CB /* NotificationView.swift */ = {isa = PBXFileReference; lastKnownFileType = sourcecode.swift; path = NotificationView.swift; sourceTree = "<group>"; };
		71864D892701A82900DE03CB /* ComplicationController.swift */ = {isa = PBXFileReference; lastKnownFileType = sourcecode.swift; path = ComplicationController.swift; sourceTree = "<group>"; };
		71864D8B2701A82A00DE03CB /* Assets.xcassets */ = {isa = PBXFileReference; lastKnownFileType = folder.assetcatalog; path = Assets.xcassets; sourceTree = "<group>"; };
		71864D8E2701A82A00DE03CB /* Preview Assets.xcassets */ = {isa = PBXFileReference; lastKnownFileType = folder.assetcatalog; path = "Preview Assets.xcassets"; sourceTree = "<group>"; };
		71864D902701A82A00DE03CB /* Info.plist */ = {isa = PBXFileReference; lastKnownFileType = text.plist.xml; path = Info.plist; sourceTree = "<group>"; };
		71864D912701A82A00DE03CB /* PushNotificationPayload.apns */ = {isa = PBXFileReference; lastKnownFileType = text; path = PushNotificationPayload.apns; sourceTree = "<group>"; };
		7190090525A4D6D2002ED383 /* SolsticeApp.swift */ = {isa = PBXFileReference; lastKnownFileType = sourcecode.swift; path = SolsticeApp.swift; sourceTree = "<group>"; };
		7190090625A4D6D2002ED383 /* ContentView.swift */ = {isa = PBXFileReference; lastKnownFileType = sourcecode.swift; path = ContentView.swift; sourceTree = "<group>"; };
		7190090725A4D6D5002ED383 /* Assets.xcassets */ = {isa = PBXFileReference; lastKnownFileType = folder.assetcatalog; path = Assets.xcassets; sourceTree = "<group>"; };
		7190090C25A4D6D5002ED383 /* Solstice.app */ = {isa = PBXFileReference; explicitFileType = wrapper.application; includeInIndex = 0; path = Solstice.app; sourceTree = BUILT_PRODUCTS_DIR; };
		7190090F25A4D6D5002ED383 /* Info.plist */ = {isa = PBXFileReference; lastKnownFileType = text.plist.xml; path = Info.plist; sourceTree = "<group>"; };
		7190094D25A4D9C2002ED383 /* LocationManager.swift */ = {isa = PBXFileReference; lastKnownFileType = sourcecode.swift; path = LocationManager.swift; sourceTree = "<group>"; };
		719A3FB925AF9ECA003BE97D /* Filler.swift */ = {isa = PBXFileReference; lastKnownFileType = sourcecode.swift; path = Filler.swift; sourceTree = "<group>"; };
		71A36C1E25A6065F004F527B /* Date.extension.swift */ = {isa = PBXFileReference; lastKnownFileType = sourcecode.swift; path = Date.extension.swift; sourceTree = "<group>"; };
		71ABE16725C5A83100A52F35 /* LocationService.swift */ = {isa = PBXFileReference; lastKnownFileType = sourcecode.swift; path = LocationService.swift; sourceTree = "<group>"; };
		71C8841125A7B1150009F2A1 /* SolsticeOverview.swift */ = {isa = PBXFileReference; lastKnownFileType = sourcecode.swift; path = SolsticeOverview.swift; sourceTree = "<group>"; };
		71C8842F25A90A2D0009F2A1 /* WidgetExtension.appex */ = {isa = PBXFileReference; explicitFileType = "wrapper.app-extension"; includeInIndex = 0; path = WidgetExtension.appex; sourceTree = BUILT_PRODUCTS_DIR; };
		71C8843125A90A2D0009F2A1 /* WidgetKit.framework */ = {isa = PBXFileReference; lastKnownFileType = wrapper.framework; name = WidgetKit.framework; path = System/Library/Frameworks/WidgetKit.framework; sourceTree = SDKROOT; };
		71C8843325A90A2D0009F2A1 /* SwiftUI.framework */ = {isa = PBXFileReference; lastKnownFileType = wrapper.framework; name = SwiftUI.framework; path = System/Library/Frameworks/SwiftUI.framework; sourceTree = SDKROOT; };
		71C8843625A90A2D0009F2A1 /* Widget.swift */ = {isa = PBXFileReference; lastKnownFileType = sourcecode.swift; path = Widget.swift; sourceTree = "<group>"; };
		71C8843825A90A2D0009F2A1 /* Assets.xcassets */ = {isa = PBXFileReference; lastKnownFileType = folder.assetcatalog; path = Assets.xcassets; sourceTree = "<group>"; };
		71C8843A25A90A2D0009F2A1 /* Info.plist */ = {isa = PBXFileReference; lastKnownFileType = text.plist.xml; path = Info.plist; sourceTree = "<group>"; };
		71C8848825A90DD40009F2A1 /* SolsticeWidgetOverview.swift */ = {isa = PBXFileReference; lastKnownFileType = sourcecode.swift; path = SolsticeWidgetOverview.swift; sourceTree = "<group>"; };
		71C884BB25A913770009F2A1 /* SettingsView.swift */ = {isa = PBXFileReference; lastKnownFileType = sourcecode.swift; path = SettingsView.swift; sourceTree = "<group>"; };
		71C884C225A91D060009F2A1 /* NotificationManager.swift */ = {isa = PBXFileReference; lastKnownFileType = sourcecode.swift; path = NotificationManager.swift; sourceTree = "<group>"; };
		71C884D525A9B93D0009F2A1 /* Constants.swift */ = {isa = PBXFileReference; lastKnownFileType = sourcecode.swift; path = Constants.swift; sourceTree = "<group>"; };
		71C884E225A9C3DA0009F2A1 /* AppDelegate.swift */ = {isa = PBXFileReference; lastKnownFileType = sourcecode.swift; path = AppDelegate.swift; sourceTree = "<group>"; };
		71CDF93725AA395500C93BCD /* Solstice.entitlements */ = {isa = PBXFileReference; lastKnownFileType = text.plist.entitlements; path = Solstice.entitlements; sourceTree = "<group>"; };
		71CDF93825AA398900C93BCD /* WidgetExtension.entitlements */ = {isa = PBXFileReference; lastKnownFileType = text.plist.entitlements; path = WidgetExtension.entitlements; sourceTree = "<group>"; };
		71D1BB972622240400A17E47 /* Intents.framework */ = {isa = PBXFileReference; lastKnownFileType = wrapper.framework; name = Intents.framework; path = System/Library/Frameworks/Intents.framework; sourceTree = SDKROOT; };
		71D1BBA22622240400A17E47 /* IntentsUI.framework */ = {isa = PBXFileReference; lastKnownFileType = wrapper.framework; name = IntentsUI.framework; path = Library/Frameworks/IntentsUI.framework; sourceTree = DEVELOPER_DIR; };
		71D1BC322622F39D00A17E47 /* SolsticeCountdownWidgetView.swift */ = {isa = PBXFileReference; lastKnownFileType = sourcecode.swift; path = SolsticeCountdownWidgetView.swift; sourceTree = "<group>"; };
		71E5001325B77C5000C43609 /* NotificationPreview.swift */ = {isa = PBXFileReference; lastKnownFileType = sourcecode.swift; path = NotificationPreview.swift; sourceTree = "<group>"; };
		71E5004325B8384000C43609 /* UIScreen.extension.swift */ = {isa = PBXFileReference; lastKnownFileType = sourcecode.swift; path = UIScreen.extension.swift; sourceTree = "<group>"; };
		71E5006A25B863DA00C43609 /* AppStorage.extension.swift */ = {isa = PBXFileReference; lastKnownFileType = sourcecode.swift; path = AppStorage.extension.swift; sourceTree = "<group>"; };
		71E5007D25BC4BFF00C43609 /* LocationPickerView.swift */ = {isa = PBXFileReference; lastKnownFileType = sourcecode.swift; path = LocationPickerView.swift; sourceTree = "<group>"; };
		71EECF2E25A5123A00CCC2FC /* SolarCalculator.swift */ = {isa = PBXFileReference; lastKnownFileType = sourcecode.swift; path = SolarCalculator.swift; sourceTree = "<group>"; };
		71EECF3525A51AF800CCC2FC /* Color.extension.swift */ = {isa = PBXFileReference; lastKnownFileType = sourcecode.swift; path = Color.extension.swift; sourceTree = "<group>"; };
/* End PBXFileReference section */

/* Begin PBXFrameworksBuildPhase section */
		71350CC226230BBA00F5F96E /* Frameworks */ = {
			isa = PBXFrameworksBuildPhase;
			buildActionMask = 2147483647;
			files = (
				71C04D9726FF23AD000DD492 /* Solar in Frameworks */,
				71350CC626230BBA00F5F96E /* Intents.framework in Frameworks */,
				71C041CA26230E3A00A828AC /* Time in Frameworks */,
			);
			runOnlyForDeploymentPostprocessing = 0;
		};
		71864D792701A82900DE03CB /* Frameworks */ = {
			isa = PBXFrameworksBuildPhase;
			buildActionMask = 2147483647;
			files = (
				71864DAF2701A9E000DE03CB /* Solar in Frameworks */,
				71864DAD2701A9E000DE03CB /* Time in Frameworks */,
			);
			runOnlyForDeploymentPostprocessing = 0;
		};
		7190090925A4D6D5002ED383 /* Frameworks */ = {
			isa = PBXFrameworksBuildPhase;
			buildActionMask = 2147483647;
			files = (
				71C04D9326FF2357000DD492 /* Solar in Frameworks */,
				71B8EA0225C6FE09008E44F6 /* Time in Frameworks */,
			);
			runOnlyForDeploymentPostprocessing = 0;
		};
		71C8842C25A90A2D0009F2A1 /* Frameworks */ = {
			isa = PBXFrameworksBuildPhase;
			buildActionMask = 2147483647;
			files = (
				71C8843425A90A2D0009F2A1 /* SwiftUI.framework in Frameworks */,
				71C8843225A90A2D0009F2A1 /* WidgetKit.framework in Frameworks */,
				71C04D9526FF23A8000DD492 /* Solar in Frameworks */,
				71B8EA0625C6FE39008E44F6 /* Time in Frameworks */,
			);
			runOnlyForDeploymentPostprocessing = 0;
		};
/* End PBXFrameworksBuildPhase section */

/* Begin PBXGroup section */
		71350CC726230BBA00F5F96E /* SolsticeIntents */ = {
			isa = PBXGroup;
			children = (
				71864CED2700AD9B00DE03CB /* SolsticeIntents.entitlements */,
				71350CC826230BBA00F5F96E /* IntentHandler.swift */,
				71350CCA26230BBA00F5F96E /* Info.plist */,
				71350CE826230BD600F5F96E /* Intents.intentdefinition */,
			);
			path = SolsticeIntents;
			sourceTree = "<group>";
		};
		71864D752701A82800DE03CB /* WatchSolstice */ = {
			isa = PBXGroup;
			children = (
				71864D762701A82900DE03CB /* Assets.xcassets */,
			);
			path = WatchSolstice;
			sourceTree = "<group>";
		};
		71864D802701A82900DE03CB /* WatchSolstice WatchKit Extension */ = {
			isa = PBXGroup;
			children = (
				71864D852701A82900DE03CB /* NotificationController.swift */,
				71864D872701A82900DE03CB /* NotificationView.swift */,
				71864D892701A82900DE03CB /* ComplicationController.swift */,
				71864D8B2701A82A00DE03CB /* Assets.xcassets */,
				71864D902701A82A00DE03CB /* Info.plist */,
				71864D912701A82A00DE03CB /* PushNotificationPayload.apns */,
				71864D8D2701A82A00DE03CB /* Preview Content */,
			);
			path = "WatchSolstice WatchKit Extension";
			sourceTree = "<group>";
		};
		71864D8D2701A82A00DE03CB /* Preview Content */ = {
			isa = PBXGroup;
			children = (
				71864D8E2701A82A00DE03CB /* Preview Assets.xcassets */,
			);
			path = "Preview Content";
			sourceTree = "<group>";
		};
		71864DB62701ABEE00DE03CB /* Helpers */ = {
			isa = PBXGroup;
			children = (
				711DFB3425AE03700004AC46 /* ShakeGesture.swift */,
				71E5004325B8384000C43609 /* UIScreen.extension.swift */,
			);
			path = Helpers;
			sourceTree = "<group>";
		};
		719008FF25A4D6D2002ED383 = {
			isa = PBXGroup;
			children = (
				71CDF93825AA398900C93BCD /* WidgetExtension.entitlements */,
				71CDF93725AA395500C93BCD /* Solstice.entitlements */,
				7190090425A4D6D2002ED383 /* Shared */,
				7190090E25A4D6D5002ED383 /* iOS */,
				71C8843525A90A2D0009F2A1 /* Widget */,
				71350CC726230BBA00F5F96E /* SolsticeIntents */,
				71864D752701A82800DE03CB /* WatchSolstice */,
				71864D802701A82900DE03CB /* WatchSolstice WatchKit Extension */,
				71C8843025A90A2D0009F2A1 /* Frameworks */,
				7190090D25A4D6D5002ED383 /* Products */,
			);
			indentWidth = 2;
			sourceTree = "<group>";
			tabWidth = 2;
		};
		7190090425A4D6D2002ED383 /* Shared */ = {
			isa = PBXGroup;
			children = (
				7190090625A4D6D2002ED383 /* ContentView.swift */,
				711AE60A25A6711C00B363BA /* LandingView.swift */,
				711AE61125A718BF00B363BA /* PermissionDeniedView.swift */,
				71C884BB25A913770009F2A1 /* SettingsView.swift */,
				7190090525A4D6D2002ED383 /* SolsticeApp.swift */,
				71C8841125A7B1150009F2A1 /* SolsticeOverview.swift */,
				712F90FA25AF439400CC8D7E /* SunCalendarView.swift */,
				711AE5F425A5B2FA00B363BA /* SundialView.swift */,
				7190090725A4D6D5002ED383 /* Assets.xcassets */,
				71C883FF25A7AF9F0009F2A1 /* Extensions */,
				71E5001225B77C4300C43609 /* Helper Views */,
				71C8840425A7AFC80009F2A1 /* Helpers */,
			);
			path = Shared;
			sourceTree = "<group>";
		};
		7190090D25A4D6D5002ED383 /* Products */ = {
			isa = PBXGroup;
			children = (
				7190090C25A4D6D5002ED383 /* Solstice.app */,
				71C8842F25A90A2D0009F2A1 /* WidgetExtension.appex */,
				71350CC526230BBA00F5F96E /* SolsticeIntents.appex */,
				71864D742701A82800DE03CB /* Solstice.app */,
				71864D7C2701A82900DE03CB /* WatchSolstice WatchKit Extension.appex */,
			);
			name = Products;
			sourceTree = "<group>";
		};
		7190090E25A4D6D5002ED383 /* iOS */ = {
			isa = PBXGroup;
			children = (
				7190090F25A4D6D5002ED383 /* Info.plist */,
				71864DB62701ABEE00DE03CB /* Helpers */,
				71C884E225A9C3DA0009F2A1 /* AppDelegate.swift */,
			);
			path = iOS;
			sourceTree = "<group>";
		};
		71C883FF25A7AF9F0009F2A1 /* Extensions */ = {
			isa = PBXGroup;
			children = (
				71E5006A25B863DA00C43609 /* AppStorage.extension.swift */,
				71EECF3525A51AF800CCC2FC /* Color.extension.swift */,
				71A36C1E25A6065F004F527B /* Date.extension.swift */,
				7148B47225A7AB700047CC6F /* TimeInterval.extension.swift */,
				71682AE125DD923400487ECA /* View.extension.swift */,
				7133BCD1270658C3007B172B /* View+EllipticalEdgeMaskModifier.swift */,
			);
			path = Extensions;
			sourceTree = "<group>";
		};
		71C8840425A7AFC80009F2A1 /* Helpers */ = {
			isa = PBXGroup;
			children = (
				71C884D525A9B93D0009F2A1 /* Constants.swift */,
				7190094D25A4D9C2002ED383 /* LocationManager.swift */,
				71C884C225A91D060009F2A1 /* NotificationManager.swift */,
				71EECF2E25A5123A00CCC2FC /* SolarCalculator.swift */,
				719A3FB925AF9ECA003BE97D /* Filler.swift */,
				71ABE16725C5A83100A52F35 /* LocationService.swift */,
			);
			path = Helpers;
			sourceTree = "<group>";
		};
		71C8843025A90A2D0009F2A1 /* Frameworks */ = {
			isa = PBXGroup;
			children = (
				71C8843125A90A2D0009F2A1 /* WidgetKit.framework */,
				71C8843325A90A2D0009F2A1 /* SwiftUI.framework */,
				71D1BB972622240400A17E47 /* Intents.framework */,
				71D1BBA22622240400A17E47 /* IntentsUI.framework */,
			);
			name = Frameworks;
			sourceTree = "<group>";
		};
		71C8843525A90A2D0009F2A1 /* Widget */ = {
			isa = PBXGroup;
			children = (
				71C8843625A90A2D0009F2A1 /* Widget.swift */,
				71C8843825A90A2D0009F2A1 /* Assets.xcassets */,
				71C8843A25A90A2D0009F2A1 /* Info.plist */,
				71C8848825A90DD40009F2A1 /* SolsticeWidgetOverview.swift */,
				71D1BC322622F39D00A17E47 /* SolsticeCountdownWidgetView.swift */,
			);
			path = Widget;
			sourceTree = "<group>";
		};
		71E5001225B77C4300C43609 /* Helper Views */ = {
			isa = PBXGroup;
			children = (
				71E5001325B77C5000C43609 /* NotificationPreview.swift */,
				71E5007D25BC4BFF00C43609 /* LocationPickerView.swift */,
			);
			path = "Helper Views";
			sourceTree = "<group>";
		};
/* End PBXGroup section */

/* Begin PBXNativeTarget section */
		71350CC426230BBA00F5F96E /* SolsticeIntents */ = {
			isa = PBXNativeTarget;
			buildConfigurationList = 71350CE126230BBA00F5F96E /* Build configuration list for PBXNativeTarget "SolsticeIntents" */;
			buildPhases = (
				71350CC126230BBA00F5F96E /* Sources */,
				71350CC226230BBA00F5F96E /* Frameworks */,
				71350CC326230BBA00F5F96E /* Resources */,
			);
			buildRules = (
			);
			dependencies = (
			);
			name = SolsticeIntents;
			packageProductDependencies = (
				71C041C926230E3A00A828AC /* Time */,
				71C04D9626FF23AD000DD492 /* Solar */,
			);
			productName = SolsticeIntents;
			productReference = 71350CC526230BBA00F5F96E /* SolsticeIntents.appex */;
			productType = "com.apple.product-type.app-extension";
		};
		71864D732701A82800DE03CB /* WatchSolstice */ = {
			isa = PBXNativeTarget;
			buildConfigurationList = 71864D992701A82A00DE03CB /* Build configuration list for PBXNativeTarget "WatchSolstice" */;
			buildPhases = (
				71864D722701A82800DE03CB /* Resources */,
				71864D982701A82A00DE03CB /* Embed App Extensions */,
			);
			buildRules = (
			);
			dependencies = (
				71864D7F2701A82900DE03CB /* PBXTargetDependency */,
			);
			name = WatchSolstice;
			productName = WatchSolstice;
			productReference = 71864D742701A82800DE03CB /* Solstice.app */;
			productType = "com.apple.product-type.application.watchapp2";
		};
		71864D7B2701A82900DE03CB /* WatchSolstice WatchKit Extension */ = {
			isa = PBXNativeTarget;
			buildConfigurationList = 71864D952701A82A00DE03CB /* Build configuration list for PBXNativeTarget "WatchSolstice WatchKit Extension" */;
			buildPhases = (
				71864D782701A82900DE03CB /* Sources */,
				71864D792701A82900DE03CB /* Frameworks */,
				71864D7A2701A82900DE03CB /* Resources */,
			);
			buildRules = (
			);
			dependencies = (
			);
			name = "WatchSolstice WatchKit Extension";
			packageProductDependencies = (
				71864DAC2701A9E000DE03CB /* Time */,
				71864DAE2701A9E000DE03CB /* Solar */,
			);
			productName = "WatchSolstice WatchKit Extension";
			productReference = 71864D7C2701A82900DE03CB /* WatchSolstice WatchKit Extension.appex */;
			productType = "com.apple.product-type.watchkit2-extension";
		};
		7190090B25A4D6D5002ED383 /* Solstice (iOS) */ = {
			isa = PBXNativeTarget;
			buildConfigurationList = 7190093625A4D6D5002ED383 /* Build configuration list for PBXNativeTarget "Solstice (iOS)" */;
			buildPhases = (
				7190090825A4D6D5002ED383 /* Sources */,
				7190090925A4D6D5002ED383 /* Frameworks */,
				7190090A25A4D6D5002ED383 /* Resources */,
				71C8843E25A90A2D0009F2A1 /* Embed App Extensions */,
				71864D712701A7D500DE03CB /* Embed Watch Content */,
			);
			buildRules = (
			);
			dependencies = (
				71C8843C25A90A2D0009F2A1 /* PBXTargetDependency */,
				71350CDC26230BBA00F5F96E /* PBXTargetDependency */,
				71864D932701A82A00DE03CB /* PBXTargetDependency */,
			);
			name = "Solstice (iOS)";
			packageProductDependencies = (
				71B8EA0125C6FE09008E44F6 /* Time */,
				71C04D9226FF2357000DD492 /* Solar */,
			);
			productName = "Solstice (iOS)";
			productReference = 7190090C25A4D6D5002ED383 /* Solstice.app */;
			productType = "com.apple.product-type.application";
		};
		71C8842E25A90A2D0009F2A1 /* WidgetExtension */ = {
			isa = PBXNativeTarget;
			buildConfigurationList = 71C8844125A90A2D0009F2A1 /* Build configuration list for PBXNativeTarget "WidgetExtension" */;
			buildPhases = (
				71C8842B25A90A2D0009F2A1 /* Sources */,
				71C8842C25A90A2D0009F2A1 /* Frameworks */,
				71C8842D25A90A2D0009F2A1 /* Resources */,
			);
			buildRules = (
			);
			dependencies = (
			);
			name = WidgetExtension;
			packageProductDependencies = (
				71B8EA0525C6FE39008E44F6 /* Time */,
				71C04D9426FF23A8000DD492 /* Solar */,
			);
			productName = WidgetExtension;
			productReference = 71C8842F25A90A2D0009F2A1 /* WidgetExtension.appex */;
			productType = "com.apple.product-type.app-extension";
		};
/* End PBXNativeTarget section */

/* Begin PBXProject section */
		7190090025A4D6D2002ED383 /* Project object */ = {
			isa = PBXProject;
			attributes = {
				LastSwiftUpdateCheck = 1300;
				LastUpgradeCheck = 1230;
				TargetAttributes = {
					71350CC426230BBA00F5F96E = {
						CreatedOnToolsVersion = 12.4;
					};
					71864D732701A82800DE03CB = {
						CreatedOnToolsVersion = 13.0;
					};
					71864D7B2701A82900DE03CB = {
						CreatedOnToolsVersion = 13.0;
					};
					7190090B25A4D6D5002ED383 = {
						CreatedOnToolsVersion = 12.3;
					};
					71C8842E25A90A2D0009F2A1 = {
						CreatedOnToolsVersion = 12.3;
					};
				};
			};
			buildConfigurationList = 7190090325A4D6D2002ED383 /* Build configuration list for PBXProject "Solstice" */;
			compatibilityVersion = "Xcode 9.3";
			developmentRegion = en;
			hasScannedForEncodings = 0;
			knownRegions = (
				en,
				Base,
			);
			mainGroup = 719008FF25A4D6D2002ED383;
			packageReferences = (
				71B8EA0025C6FE09008E44F6 /* XCRemoteSwiftPackageReference "time" */,
				71C04D9126FF2357000DD492 /* XCRemoteSwiftPackageReference "Solar" */,
			);
			productRefGroup = 7190090D25A4D6D5002ED383 /* Products */;
			projectDirPath = "";
			projectRoot = "";
			targets = (
				7190090B25A4D6D5002ED383 /* Solstice (iOS) */,
				71C8842E25A90A2D0009F2A1 /* WidgetExtension */,
				71350CC426230BBA00F5F96E /* SolsticeIntents */,
				71864D732701A82800DE03CB /* WatchSolstice */,
				71864D7B2701A82900DE03CB /* WatchSolstice WatchKit Extension */,
			);
		};
/* End PBXProject section */

/* Begin PBXResourcesBuildPhase section */
		71350CC326230BBA00F5F96E /* Resources */ = {
			isa = PBXResourcesBuildPhase;
			buildActionMask = 2147483647;
			files = (
			);
			runOnlyForDeploymentPostprocessing = 0;
		};
		71864D722701A82800DE03CB /* Resources */ = {
			isa = PBXResourcesBuildPhase;
			buildActionMask = 2147483647;
			files = (
				71864D772701A82900DE03CB /* Assets.xcassets in Resources */,
			);
			runOnlyForDeploymentPostprocessing = 0;
		};
		71864D7A2701A82900DE03CB /* Resources */ = {
			isa = PBXResourcesBuildPhase;
			buildActionMask = 2147483647;
			files = (
				71864D8F2701A82A00DE03CB /* Preview Assets.xcassets in Resources */,
				71864D8C2701A82A00DE03CB /* Assets.xcassets in Resources */,
			);
			runOnlyForDeploymentPostprocessing = 0;
		};
		7190090A25A4D6D5002ED383 /* Resources */ = {
			isa = PBXResourcesBuildPhase;
			buildActionMask = 2147483647;
			files = (
				7190093225A4D6D5002ED383 /* Assets.xcassets in Resources */,
			);
			runOnlyForDeploymentPostprocessing = 0;
		};
		71C8842D25A90A2D0009F2A1 /* Resources */ = {
			isa = PBXResourcesBuildPhase;
			buildActionMask = 2147483647;
			files = (
				71C8849A25A910450009F2A1 /* Assets.xcassets in Resources */,
				71C8843925A90A2D0009F2A1 /* Assets.xcassets in Resources */,
			);
			runOnlyForDeploymentPostprocessing = 0;
		};
/* End PBXResourcesBuildPhase section */

/* Begin PBXSourcesBuildPhase section */
		71350CC126230BBA00F5F96E /* Sources */ = {
			isa = PBXSourcesBuildPhase;
			buildActionMask = 2147483647;
			files = (
				71C0419726230E0B00A828AC /* Constants.swift in Sources */,
				71350CE926230BD600F5F96E /* Intents.intentdefinition in Sources */,
				71C0418326230DFB00A828AC /* SolarCalculator.swift in Sources */,
				71350CC926230BBA00F5F96E /* IntentHandler.swift in Sources */,
				71C041B526230E2600A828AC /* LocationManager.swift in Sources */,
				71C041BF26230E2C00A828AC /* TimeInterval.extension.swift in Sources */,
				71C041A126230E1500A828AC /* LocationService.swift in Sources */,
				71C041AB26230E1E00A828AC /* AppStorage.extension.swift in Sources */,
				71C041D9262310EB00A828AC /* Date.extension.swift in Sources */,
			);
			runOnlyForDeploymentPostprocessing = 0;
		};
		71864D782701A82900DE03CB /* Sources */ = {
			isa = PBXSourcesBuildPhase;
			buildActionMask = 2147483647;
			files = (
				71864D9E2701A8FA00DE03CB /* SundialView.swift in Sources */,
				71864DA32701A8FA00DE03CB /* ContentView.swift in Sources */,
				71864DA12701A8FA00DE03CB /* SolsticeOverview.swift in Sources */,
				71864D862701A82900DE03CB /* NotificationController.swift in Sources */,
				71864D9C2701A88C00DE03CB /* SolsticeApp.swift in Sources */,
				71864D8A2701A82900DE03CB /* ComplicationController.swift in Sources */,
				71864DB12701ABB200DE03CB /* Date.extension.swift in Sources */,
				71864DB02701ABB200DE03CB /* AppStorage.extension.swift in Sources */,
				71864DB52701ABB200DE03CB /* Color.extension.swift in Sources */,
				71864DB22701ABB200DE03CB /* TimeInterval.extension.swift in Sources */,
				71864DA92701A97200DE03CB /* SolarCalculator.swift in Sources */,
				71864DA72701A97200DE03CB /* Filler.swift in Sources */,
				71864DA02701A8FA00DE03CB /* PermissionDeniedView.swift in Sources */,
				7133BCD3270658C3007B172B /* View+EllipticalEdgeMaskModifier.swift in Sources */,
				71864D882701A82900DE03CB /* NotificationView.swift in Sources */,
				71864DA22701A8FA00DE03CB /* LandingView.swift in Sources */,
				71864D9D2701A8FA00DE03CB /* SunCalendarView.swift in Sources */,
				71864DB42701ABB200DE03CB /* View.extension.swift in Sources */,
				71864DAB2701A97200DE03CB /* LocationManager.swift in Sources */,
				71864DAA2701A97200DE03CB /* Constants.swift in Sources */,
			);
			runOnlyForDeploymentPostprocessing = 0;
		};
		7190090825A4D6D5002ED383 /* Sources */ = {
			isa = PBXSourcesBuildPhase;
			buildActionMask = 2147483647;
			files = (
				71EECF3625A51AF800CCC2FC /* Color.extension.swift in Sources */,
				71C884C325A91D060009F2A1 /* NotificationManager.swift in Sources */,
				711DFB3525AE03700004AC46 /* ShakeGesture.swift in Sources */,
				71682AE225DD923400487ECA /* View.extension.swift in Sources */,
				71E5004425B8384000C43609 /* UIScreen.extension.swift in Sources */,
				71C884E325A9C3DA0009F2A1 /* AppDelegate.swift in Sources */,
				7190094E25A4D9C2002ED383 /* LocationManager.swift in Sources */,
				71C8841225A7B1150009F2A1 /* SolsticeOverview.swift in Sources */,
				719A3FBA25AF9ECA003BE97D /* Filler.swift in Sources */,
				712F90FB25AF439400CC8D7E /* SunCalendarView.swift in Sources */,
				71E5001425B77C5000C43609 /* NotificationPreview.swift in Sources */,
				71ABE16825C5A83100A52F35 /* LocationService.swift in Sources */,
				7190093025A4D6D5002ED383 /* ContentView.swift in Sources */,
				71350CF226230BF800F5F96E /* Intents.intentdefinition in Sources */,
				71E5006B25B863DA00C43609 /* AppStorage.extension.swift in Sources */,
				711AE61225A718BF00B363BA /* PermissionDeniedView.swift in Sources */,
				71C884BC25A913770009F2A1 /* SettingsView.swift in Sources */,
				71E5007E25BC4BFF00C43609 /* LocationPickerView.swift in Sources */,
				7148B47325A7AB700047CC6F /* TimeInterval.extension.swift in Sources */,
				71EECF2F25A5123A00CCC2FC /* SolarCalculator.swift in Sources */,
				7190092E25A4D6D5002ED383 /* SolsticeApp.swift in Sources */,
				71A36C1F25A6065F004F527B /* Date.extension.swift in Sources */,
				7133BCD2270658C3007B172B /* View+EllipticalEdgeMaskModifier.swift in Sources */,
				711AE60B25A6711C00B363BA /* LandingView.swift in Sources */,
				711AE5F525A5B2FA00B363BA /* SundialView.swift in Sources */,
				71C041F926231D1A00A828AC /* IntentHandler.swift in Sources */,
				71C884D625A9B93D0009F2A1 /* Constants.swift in Sources */,
			);
			runOnlyForDeploymentPostprocessing = 0;
		};
		71C8842B25A90A2D0009F2A1 /* Sources */ = {
			isa = PBXSourcesBuildPhase;
			buildActionMask = 2147483647;
			files = (
				71C8847125A90AA20009F2A1 /* Color.extension.swift in Sources */,
				71C8843725A90A2D0009F2A1 /* Widget.swift in Sources */,
				719A3FBC25AF9ECA003BE97D /* Filler.swift in Sources */,
				71C8845925A90A860009F2A1 /* LocationManager.swift in Sources */,
				71C8846525A90A9C0009F2A1 /* Date.extension.swift in Sources */,
				71E5006D25B863DA00C43609 /* AppStorage.extension.swift in Sources */,
				71C8849425A90DE50009F2A1 /* SolsticeWidgetOverview.swift in Sources */,
				71D1BC332622F39D00A17E47 /* SolsticeCountdownWidgetView.swift in Sources */,
				71C8844725A90A3E0009F2A1 /* SundialView.swift in Sources */,
				71C8846B25A90A9F0009F2A1 /* TimeInterval.extension.swift in Sources */,
				71C8845325A90A830009F2A1 /* SolarCalculator.swift in Sources */,
				71ABE16925C5A83100A52F35 /* LocationService.swift in Sources */,
				71C884D725A9B93D0009F2A1 /* Constants.swift in Sources */,
			);
			runOnlyForDeploymentPostprocessing = 0;
		};
/* End PBXSourcesBuildPhase section */

/* Begin PBXTargetDependency section */
		71350CDC26230BBA00F5F96E /* PBXTargetDependency */ = {
			isa = PBXTargetDependency;
			platformFilter = ios;
			target = 71350CC426230BBA00F5F96E /* SolsticeIntents */;
			targetProxy = 71350CDB26230BBA00F5F96E /* PBXContainerItemProxy */;
		};
		71864D7F2701A82900DE03CB /* PBXTargetDependency */ = {
			isa = PBXTargetDependency;
			target = 71864D7B2701A82900DE03CB /* WatchSolstice WatchKit Extension */;
			targetProxy = 71864D7E2701A82900DE03CB /* PBXContainerItemProxy */;
		};
		71864D932701A82A00DE03CB /* PBXTargetDependency */ = {
			isa = PBXTargetDependency;
			target = 71864D732701A82800DE03CB /* WatchSolstice */;
			targetProxy = 71864D922701A82A00DE03CB /* PBXContainerItemProxy */;
		};
		71C8843C25A90A2D0009F2A1 /* PBXTargetDependency */ = {
			isa = PBXTargetDependency;
			platformFilter = ios;
			target = 71C8842E25A90A2D0009F2A1 /* WidgetExtension */;
			targetProxy = 71C8843B25A90A2D0009F2A1 /* PBXContainerItemProxy */;
		};
/* End PBXTargetDependency section */

/* Begin XCBuildConfiguration section */
		71350CE226230BBA00F5F96E /* Debug */ = {
			isa = XCBuildConfiguration;
			buildSettings = {
				CODE_SIGN_ENTITLEMENTS = SolsticeIntents/SolsticeIntents.entitlements;
				CODE_SIGN_STYLE = Automatic;
				CURRENT_PROJECT_VERSION = 1;
				DEVELOPMENT_TEAM = YC249PY26F;
				INFOPLIST_FILE = SolsticeIntents/Info.plist;
				IPHONEOS_DEPLOYMENT_TARGET = 15.0;
				LD_RUNPATH_SEARCH_PATHS = (
					"$(inherited)",
					"@executable_path/Frameworks",
					"@executable_path/../../Frameworks",
				);
				MARKETING_VERSION = 1.2.2;
				PRODUCT_BUNDLE_IDENTIFIER = me.daneden.Solstice.SolsticeIntents;
				PRODUCT_NAME = "$(TARGET_NAME)";
				SDKROOT = iphoneos;
				SKIP_INSTALL = YES;
				SUPPORTS_MACCATALYST = NO;
				SWIFT_VERSION = 5.0;
				TARGETED_DEVICE_FAMILY = "1,2";
			};
			name = Debug;
		};
		71350CE326230BBA00F5F96E /* Release */ = {
			isa = XCBuildConfiguration;
			buildSettings = {
				CODE_SIGN_ENTITLEMENTS = SolsticeIntents/SolsticeIntents.entitlements;
				CODE_SIGN_STYLE = Automatic;
				CURRENT_PROJECT_VERSION = 1;
				DEVELOPMENT_TEAM = YC249PY26F;
				INFOPLIST_FILE = SolsticeIntents/Info.plist;
				IPHONEOS_DEPLOYMENT_TARGET = 15.0;
				LD_RUNPATH_SEARCH_PATHS = (
					"$(inherited)",
					"@executable_path/Frameworks",
					"@executable_path/../../Frameworks",
				);
				MARKETING_VERSION = 1.2.2;
				PRODUCT_BUNDLE_IDENTIFIER = me.daneden.Solstice.SolsticeIntents;
				PRODUCT_NAME = "$(TARGET_NAME)";
				SDKROOT = iphoneos;
				SKIP_INSTALL = YES;
				SUPPORTS_MACCATALYST = NO;
				SWIFT_VERSION = 5.0;
				TARGETED_DEVICE_FAMILY = "1,2";
				VALIDATE_PRODUCT = YES;
			};
			name = Release;
		};
		71864D962701A82A00DE03CB /* Debug */ = {
			isa = XCBuildConfiguration;
			buildSettings = {
				ASSETCATALOG_COMPILER_COMPLICATION_NAME = Complication;
				CLANG_CXX_LANGUAGE_STANDARD = "gnu++17";
				CODE_SIGN_STYLE = Automatic;
				CURRENT_PROJECT_VERSION = 1;
				DEVELOPMENT_ASSET_PATHS = "\"WatchSolstice WatchKit Extension/Preview Content\"";
				DEVELOPMENT_TEAM = YC249PY26F;
				ENABLE_PREVIEWS = YES;
				GENERATE_INFOPLIST_FILE = YES;
				INFOPLIST_FILE = "WatchSolstice WatchKit Extension/Info.plist";
				INFOPLIST_KEY_CFBundleDisplayName = "WatchSolstice WatchKit Extension";
				INFOPLIST_KEY_CLKComplicationPrincipalClass = WatchSolstice_WatchKit_Extension.ComplicationController;
				INFOPLIST_KEY_NSHumanReadableCopyright = "";
				INFOPLIST_KEY_NSLocationWhenInUseUsageDescription = "Solstice uses your location to accurately measure the local sunrise/sunset times";
				INFOPLIST_KEY_WKRunsIndependentlyOfCompanionApp = YES;
				LD_RUNPATH_SEARCH_PATHS = (
					"$(inherited)",
					"@executable_path/Frameworks",
					"@executable_path/../../Frameworks",
				);
				MARKETING_VERSION = 1.2.2;
				PRODUCT_BUNDLE_IDENTIFIER = me.daneden.Solstice.watchkitapp.watchkitextension;
				PRODUCT_NAME = "${TARGET_NAME}";
				SDKROOT = watchos;
				SKIP_INSTALL = YES;
				SWIFT_EMIT_LOC_STRINGS = YES;
				SWIFT_VERSION = 5.0;
				TARGETED_DEVICE_FAMILY = 4;
				WATCHOS_DEPLOYMENT_TARGET = 8.0;
			};
			name = Debug;
		};
		71864D972701A82A00DE03CB /* Release */ = {
			isa = XCBuildConfiguration;
			buildSettings = {
				ASSETCATALOG_COMPILER_COMPLICATION_NAME = Complication;
				CLANG_CXX_LANGUAGE_STANDARD = "gnu++17";
				CODE_SIGN_STYLE = Automatic;
				CURRENT_PROJECT_VERSION = 1;
				DEVELOPMENT_ASSET_PATHS = "\"WatchSolstice WatchKit Extension/Preview Content\"";
				DEVELOPMENT_TEAM = YC249PY26F;
				ENABLE_PREVIEWS = YES;
				GENERATE_INFOPLIST_FILE = YES;
				INFOPLIST_FILE = "WatchSolstice WatchKit Extension/Info.plist";
				INFOPLIST_KEY_CFBundleDisplayName = "WatchSolstice WatchKit Extension";
				INFOPLIST_KEY_CLKComplicationPrincipalClass = WatchSolstice_WatchKit_Extension.ComplicationController;
				INFOPLIST_KEY_NSHumanReadableCopyright = "";
				INFOPLIST_KEY_NSLocationWhenInUseUsageDescription = "Solstice uses your location to accurately measure the local sunrise/sunset times";
				INFOPLIST_KEY_WKRunsIndependentlyOfCompanionApp = YES;
				LD_RUNPATH_SEARCH_PATHS = (
					"$(inherited)",
					"@executable_path/Frameworks",
					"@executable_path/../../Frameworks",
				);
				MARKETING_VERSION = 1.2.2;
				PRODUCT_BUNDLE_IDENTIFIER = me.daneden.Solstice.watchkitapp.watchkitextension;
				PRODUCT_NAME = "${TARGET_NAME}";
				SDKROOT = watchos;
				SKIP_INSTALL = YES;
				SWIFT_EMIT_LOC_STRINGS = YES;
				SWIFT_VERSION = 5.0;
				TARGETED_DEVICE_FAMILY = 4;
				VALIDATE_PRODUCT = YES;
				WATCHOS_DEPLOYMENT_TARGET = 8.0;
			};
			name = Release;
		};
		71864D9A2701A82A00DE03CB /* Debug */ = {
			isa = XCBuildConfiguration;
			buildSettings = {
				ALWAYS_EMBED_SWIFT_STANDARD_LIBRARIES = YES;
				ASSETCATALOG_COMPILER_APPICON_NAME = AppIcon;
				ASSETCATALOG_COMPILER_GLOBAL_ACCENT_COLOR_NAME = AccentColor;
				ASSETCATALOG_COMPILER_INCLUDE_ALL_APPICON_ASSETS = YES;
				CLANG_CXX_LANGUAGE_STANDARD = "gnu++17";
				CODE_SIGN_STYLE = Automatic;
				CURRENT_PROJECT_VERSION = 1;
				DEVELOPMENT_TEAM = YC249PY26F;
				GENERATE_INFOPLIST_FILE = YES;
				IBSC_MODULE = WatchSolstice_WatchKit_Extension;
				INFOPLIST_KEY_UISupportedInterfaceOrientations = "UIInterfaceOrientationPortrait UIInterfaceOrientationPortraitUpsideDown";
				INFOPLIST_KEY_WKCompanionAppBundleIdentifier = me.daneden.Solstice;
				MARKETING_VERSION = 1.2.2;
				PRODUCT_BUNDLE_IDENTIFIER = me.daneden.Solstice.watchkitapp;
				PRODUCT_NAME = Solstice;
				SDKROOT = watchos;
				SKIP_INSTALL = YES;
				SWIFT_EMIT_LOC_STRINGS = YES;
				SWIFT_VERSION = 5.0;
				TARGETED_DEVICE_FAMILY = 4;
				WATCHOS_DEPLOYMENT_TARGET = 8.0;
			};
			name = Debug;
		};
		71864D9B2701A82A00DE03CB /* Release */ = {
			isa = XCBuildConfiguration;
			buildSettings = {
				ALWAYS_EMBED_SWIFT_STANDARD_LIBRARIES = YES;
				ASSETCATALOG_COMPILER_APPICON_NAME = AppIcon;
				ASSETCATALOG_COMPILER_GLOBAL_ACCENT_COLOR_NAME = AccentColor;
				ASSETCATALOG_COMPILER_INCLUDE_ALL_APPICON_ASSETS = YES;
				CLANG_CXX_LANGUAGE_STANDARD = "gnu++17";
				CODE_SIGN_STYLE = Automatic;
				CURRENT_PROJECT_VERSION = 1;
				DEVELOPMENT_TEAM = YC249PY26F;
				GENERATE_INFOPLIST_FILE = YES;
				IBSC_MODULE = WatchSolstice_WatchKit_Extension;
				INFOPLIST_KEY_UISupportedInterfaceOrientations = "UIInterfaceOrientationPortrait UIInterfaceOrientationPortraitUpsideDown";
				INFOPLIST_KEY_WKCompanionAppBundleIdentifier = me.daneden.Solstice;
				MARKETING_VERSION = 1.2.2;
				PRODUCT_BUNDLE_IDENTIFIER = me.daneden.Solstice.watchkitapp;
				PRODUCT_NAME = Solstice;
				SDKROOT = watchos;
				SKIP_INSTALL = YES;
				SWIFT_EMIT_LOC_STRINGS = YES;
				SWIFT_VERSION = 5.0;
				TARGETED_DEVICE_FAMILY = 4;
				VALIDATE_PRODUCT = YES;
				WATCHOS_DEPLOYMENT_TARGET = 8.0;
			};
			name = Release;
		};
		7190093425A4D6D5002ED383 /* Debug */ = {
			isa = XCBuildConfiguration;
			buildSettings = {
				ALWAYS_SEARCH_USER_PATHS = NO;
				CLANG_ANALYZER_NONNULL = YES;
				CLANG_ANALYZER_NUMBER_OBJECT_CONVERSION = YES_AGGRESSIVE;
				CLANG_CXX_LANGUAGE_STANDARD = "gnu++14";
				CLANG_CXX_LIBRARY = "libc++";
				CLANG_ENABLE_MODULES = YES;
				CLANG_ENABLE_OBJC_ARC = YES;
				CLANG_ENABLE_OBJC_WEAK = YES;
				CLANG_WARN_BLOCK_CAPTURE_AUTORELEASING = YES;
				CLANG_WARN_BOOL_CONVERSION = YES;
				CLANG_WARN_COMMA = YES;
				CLANG_WARN_CONSTANT_CONVERSION = YES;
				CLANG_WARN_DEPRECATED_OBJC_IMPLEMENTATIONS = YES;
				CLANG_WARN_DIRECT_OBJC_ISA_USAGE = YES_ERROR;
				CLANG_WARN_DOCUMENTATION_COMMENTS = YES;
				CLANG_WARN_EMPTY_BODY = YES;
				CLANG_WARN_ENUM_CONVERSION = YES;
				CLANG_WARN_INFINITE_RECURSION = YES;
				CLANG_WARN_INT_CONVERSION = YES;
				CLANG_WARN_NON_LITERAL_NULL_CONVERSION = YES;
				CLANG_WARN_OBJC_IMPLICIT_RETAIN_SELF = YES;
				CLANG_WARN_OBJC_LITERAL_CONVERSION = YES;
				CLANG_WARN_OBJC_ROOT_CLASS = YES_ERROR;
				CLANG_WARN_QUOTED_INCLUDE_IN_FRAMEWORK_HEADER = YES;
				CLANG_WARN_RANGE_LOOP_ANALYSIS = YES;
				CLANG_WARN_STRICT_PROTOTYPES = YES;
				CLANG_WARN_SUSPICIOUS_MOVE = YES;
				CLANG_WARN_UNGUARDED_AVAILABILITY = YES_AGGRESSIVE;
				CLANG_WARN_UNREACHABLE_CODE = YES;
				CLANG_WARN__DUPLICATE_METHOD_MATCH = YES;
				COPY_PHASE_STRIP = NO;
				DEBUG_INFORMATION_FORMAT = dwarf;
				ENABLE_STRICT_OBJC_MSGSEND = YES;
				ENABLE_TESTABILITY = YES;
				GCC_C_LANGUAGE_STANDARD = gnu11;
				GCC_DYNAMIC_NO_PIC = NO;
				GCC_NO_COMMON_BLOCKS = YES;
				GCC_OPTIMIZATION_LEVEL = 0;
				GCC_PREPROCESSOR_DEFINITIONS = (
					"DEBUG=1",
					"$(inherited)",
				);
				GCC_WARN_64_TO_32_BIT_CONVERSION = YES;
				GCC_WARN_ABOUT_RETURN_TYPE = YES_ERROR;
				GCC_WARN_UNDECLARED_SELECTOR = YES;
				GCC_WARN_UNINITIALIZED_AUTOS = YES_AGGRESSIVE;
				GCC_WARN_UNUSED_FUNCTION = YES;
				GCC_WARN_UNUSED_VARIABLE = YES;
				MTL_ENABLE_DEBUG_INFO = INCLUDE_SOURCE;
				MTL_FAST_MATH = YES;
				ONLY_ACTIVE_ARCH = YES;
				SWIFT_ACTIVE_COMPILATION_CONDITIONS = DEBUG;
				SWIFT_OPTIMIZATION_LEVEL = "-Onone";
			};
			name = Debug;
		};
		7190093525A4D6D5002ED383 /* Release */ = {
			isa = XCBuildConfiguration;
			buildSettings = {
				ALWAYS_SEARCH_USER_PATHS = NO;
				CLANG_ANALYZER_NONNULL = YES;
				CLANG_ANALYZER_NUMBER_OBJECT_CONVERSION = YES_AGGRESSIVE;
				CLANG_CXX_LANGUAGE_STANDARD = "gnu++14";
				CLANG_CXX_LIBRARY = "libc++";
				CLANG_ENABLE_MODULES = YES;
				CLANG_ENABLE_OBJC_ARC = YES;
				CLANG_ENABLE_OBJC_WEAK = YES;
				CLANG_WARN_BLOCK_CAPTURE_AUTORELEASING = YES;
				CLANG_WARN_BOOL_CONVERSION = YES;
				CLANG_WARN_COMMA = YES;
				CLANG_WARN_CONSTANT_CONVERSION = YES;
				CLANG_WARN_DEPRECATED_OBJC_IMPLEMENTATIONS = YES;
				CLANG_WARN_DIRECT_OBJC_ISA_USAGE = YES_ERROR;
				CLANG_WARN_DOCUMENTATION_COMMENTS = YES;
				CLANG_WARN_EMPTY_BODY = YES;
				CLANG_WARN_ENUM_CONVERSION = YES;
				CLANG_WARN_INFINITE_RECURSION = YES;
				CLANG_WARN_INT_CONVERSION = YES;
				CLANG_WARN_NON_LITERAL_NULL_CONVERSION = YES;
				CLANG_WARN_OBJC_IMPLICIT_RETAIN_SELF = YES;
				CLANG_WARN_OBJC_LITERAL_CONVERSION = YES;
				CLANG_WARN_OBJC_ROOT_CLASS = YES_ERROR;
				CLANG_WARN_QUOTED_INCLUDE_IN_FRAMEWORK_HEADER = YES;
				CLANG_WARN_RANGE_LOOP_ANALYSIS = YES;
				CLANG_WARN_STRICT_PROTOTYPES = YES;
				CLANG_WARN_SUSPICIOUS_MOVE = YES;
				CLANG_WARN_UNGUARDED_AVAILABILITY = YES_AGGRESSIVE;
				CLANG_WARN_UNREACHABLE_CODE = YES;
				CLANG_WARN__DUPLICATE_METHOD_MATCH = YES;
				COPY_PHASE_STRIP = NO;
				DEBUG_INFORMATION_FORMAT = "dwarf-with-dsym";
				ENABLE_NS_ASSERTIONS = NO;
				ENABLE_STRICT_OBJC_MSGSEND = YES;
				GCC_C_LANGUAGE_STANDARD = gnu11;
				GCC_NO_COMMON_BLOCKS = YES;
				GCC_WARN_64_TO_32_BIT_CONVERSION = YES;
				GCC_WARN_ABOUT_RETURN_TYPE = YES_ERROR;
				GCC_WARN_UNDECLARED_SELECTOR = YES;
				GCC_WARN_UNINITIALIZED_AUTOS = YES_AGGRESSIVE;
				GCC_WARN_UNUSED_FUNCTION = YES;
				GCC_WARN_UNUSED_VARIABLE = YES;
				MTL_ENABLE_DEBUG_INFO = NO;
				MTL_FAST_MATH = YES;
				SWIFT_COMPILATION_MODE = wholemodule;
				SWIFT_OPTIMIZATION_LEVEL = "-O";
			};
			name = Release;
		};
		7190093725A4D6D5002ED383 /* Debug */ = {
			isa = XCBuildConfiguration;
			buildSettings = {
				ALWAYS_EMBED_SWIFT_STANDARD_LIBRARIES = YES;
				ASSETCATALOG_COMPILER_APPICON_NAME = AppIcon;
				ASSETCATALOG_COMPILER_GLOBAL_ACCENT_COLOR_NAME = AccentColor;
				CODE_SIGN_ENTITLEMENTS = Solstice.entitlements;
				CODE_SIGN_STYLE = Automatic;
				CURRENT_PROJECT_VERSION = 1;
				DEVELOPMENT_TEAM = YC249PY26F;
				ENABLE_PREVIEWS = YES;
				INFOPLIST_FILE = iOS/Info.plist;
				IPHONEOS_DEPLOYMENT_TARGET = 15.0;
				LD_RUNPATH_SEARCH_PATHS = (
					"$(inherited)",
					"@executable_path/Frameworks",
				);
				MARKETING_VERSION = 1.2.2;
				PRODUCT_BUNDLE_IDENTIFIER = me.daneden.Solstice;
				PRODUCT_NAME = Solstice;
				SDKROOT = iphoneos;
				SUPPORTS_MACCATALYST = NO;
				SWIFT_VERSION = 5.0;
				TARGETED_DEVICE_FAMILY = "1,2";
			};
			name = Debug;
		};
		7190093825A4D6D5002ED383 /* Release */ = {
			isa = XCBuildConfiguration;
			buildSettings = {
				ALWAYS_EMBED_SWIFT_STANDARD_LIBRARIES = YES;
				ASSETCATALOG_COMPILER_APPICON_NAME = AppIcon;
				ASSETCATALOG_COMPILER_GLOBAL_ACCENT_COLOR_NAME = AccentColor;
				CODE_SIGN_ENTITLEMENTS = Solstice.entitlements;
				CODE_SIGN_STYLE = Automatic;
				CURRENT_PROJECT_VERSION = 1;
				DEVELOPMENT_TEAM = YC249PY26F;
				ENABLE_PREVIEWS = YES;
				INFOPLIST_FILE = iOS/Info.plist;
				IPHONEOS_DEPLOYMENT_TARGET = 15.0;
				LD_RUNPATH_SEARCH_PATHS = (
					"$(inherited)",
					"@executable_path/Frameworks",
				);
				MARKETING_VERSION = 1.2.2;
				PRODUCT_BUNDLE_IDENTIFIER = me.daneden.Solstice;
				PRODUCT_NAME = Solstice;
				SDKROOT = iphoneos;
				SUPPORTS_MACCATALYST = NO;
				SWIFT_VERSION = 5.0;
				TARGETED_DEVICE_FAMILY = "1,2";
				VALIDATE_PRODUCT = YES;
			};
			name = Release;
		};
		71C8843F25A90A2D0009F2A1 /* Debug */ = {
			isa = XCBuildConfiguration;
			buildSettings = {
				ASSETCATALOG_COMPILER_GLOBAL_ACCENT_COLOR_NAME = AccentColor;
				ASSETCATALOG_COMPILER_WIDGET_BACKGROUND_COLOR_NAME = WidgetBackground;
				CODE_SIGN_ENTITLEMENTS = WidgetExtension.entitlements;
				CODE_SIGN_STYLE = Automatic;
				CURRENT_PROJECT_VERSION = 1;
				DEVELOPMENT_TEAM = YC249PY26F;
				INFOPLIST_FILE = Widget/Info.plist;
				IPHONEOS_DEPLOYMENT_TARGET = 15.0;
				LD_RUNPATH_SEARCH_PATHS = (
					"$(inherited)",
					"@executable_path/Frameworks",
					"@executable_path/../../Frameworks",
				);
				MARKETING_VERSION = 1.2.2;
				PRODUCT_BUNDLE_IDENTIFIER = me.daneden.Solstice.Widget;
				PRODUCT_NAME = "$(TARGET_NAME)";
				SDKROOT = iphoneos;
				SKIP_INSTALL = YES;
				SUPPORTS_MACCATALYST = NO;
				SWIFT_VERSION = 5.0;
				TARGETED_DEVICE_FAMILY = "1,2";
			};
			name = Debug;
		};
		71C8844025A90A2D0009F2A1 /* Release */ = {
			isa = XCBuildConfiguration;
			buildSettings = {
				ASSETCATALOG_COMPILER_GLOBAL_ACCENT_COLOR_NAME = AccentColor;
				ASSETCATALOG_COMPILER_WIDGET_BACKGROUND_COLOR_NAME = WidgetBackground;
				CODE_SIGN_ENTITLEMENTS = WidgetExtension.entitlements;
				CODE_SIGN_STYLE = Automatic;
				CURRENT_PROJECT_VERSION = 1;
				DEVELOPMENT_TEAM = YC249PY26F;
				INFOPLIST_FILE = Widget/Info.plist;
				IPHONEOS_DEPLOYMENT_TARGET = 15.0;
				LD_RUNPATH_SEARCH_PATHS = (
					"$(inherited)",
					"@executable_path/Frameworks",
					"@executable_path/../../Frameworks",
				);
				MARKETING_VERSION = 1.2.2;
				PRODUCT_BUNDLE_IDENTIFIER = me.daneden.Solstice.Widget;
				PRODUCT_NAME = "$(TARGET_NAME)";
				SDKROOT = iphoneos;
				SKIP_INSTALL = YES;
				SUPPORTS_MACCATALYST = NO;
				SWIFT_VERSION = 5.0;
				TARGETED_DEVICE_FAMILY = "1,2";
				VALIDATE_PRODUCT = YES;
			};
			name = Release;
		};
/* End XCBuildConfiguration section */

/* Begin XCConfigurationList section */
		71350CE126230BBA00F5F96E /* Build configuration list for PBXNativeTarget "SolsticeIntents" */ = {
			isa = XCConfigurationList;
			buildConfigurations = (
				71350CE226230BBA00F5F96E /* Debug */,
				71350CE326230BBA00F5F96E /* Release */,
			);
			defaultConfigurationIsVisible = 0;
			defaultConfigurationName = Release;
		};
		71864D952701A82A00DE03CB /* Build configuration list for PBXNativeTarget "WatchSolstice WatchKit Extension" */ = {
			isa = XCConfigurationList;
			buildConfigurations = (
				71864D962701A82A00DE03CB /* Debug */,
				71864D972701A82A00DE03CB /* Release */,
			);
			defaultConfigurationIsVisible = 0;
			defaultConfigurationName = Release;
		};
		71864D992701A82A00DE03CB /* Build configuration list for PBXNativeTarget "WatchSolstice" */ = {
			isa = XCConfigurationList;
			buildConfigurations = (
				71864D9A2701A82A00DE03CB /* Debug */,
				71864D9B2701A82A00DE03CB /* Release */,
			);
			defaultConfigurationIsVisible = 0;
			defaultConfigurationName = Release;
		};
		7190090325A4D6D2002ED383 /* Build configuration list for PBXProject "Solstice" */ = {
			isa = XCConfigurationList;
			buildConfigurations = (
				7190093425A4D6D5002ED383 /* Debug */,
				7190093525A4D6D5002ED383 /* Release */,
			);
			defaultConfigurationIsVisible = 0;
			defaultConfigurationName = Release;
		};
		7190093625A4D6D5002ED383 /* Build configuration list for PBXNativeTarget "Solstice (iOS)" */ = {
			isa = XCConfigurationList;
			buildConfigurations = (
				7190093725A4D6D5002ED383 /* Debug */,
				7190093825A4D6D5002ED383 /* Release */,
			);
			defaultConfigurationIsVisible = 0;
			defaultConfigurationName = Release;
		};
		71C8844125A90A2D0009F2A1 /* Build configuration list for PBXNativeTarget "WidgetExtension" */ = {
			isa = XCConfigurationList;
			buildConfigurations = (
				71C8843F25A90A2D0009F2A1 /* Debug */,
				71C8844025A90A2D0009F2A1 /* Release */,
			);
			defaultConfigurationIsVisible = 0;
			defaultConfigurationName = Release;
		};
/* End XCConfigurationList section */

/* Begin XCRemoteSwiftPackageReference section */
		71B8EA0025C6FE09008E44F6 /* XCRemoteSwiftPackageReference "time" */ = {
			isa = XCRemoteSwiftPackageReference;
			repositoryURL = "https://github.com/davedelong/time";
			requirement = {
				kind = upToNextMajorVersion;
				minimumVersion = 0.9.1;
			};
		};
		71C04D9126FF2357000DD492 /* XCRemoteSwiftPackageReference "Solar" */ = {
			isa = XCRemoteSwiftPackageReference;
			repositoryURL = "https://github.com/ceeK/Solar";
			requirement = {
				kind = upToNextMajorVersion;
				minimumVersion = 3.0.0;
			};
		};
/* End XCRemoteSwiftPackageReference section */

/* Begin XCSwiftPackageProductDependency section */
		71864DAC2701A9E000DE03CB /* Time */ = {
			isa = XCSwiftPackageProductDependency;
			package = 71B8EA0025C6FE09008E44F6 /* XCRemoteSwiftPackageReference "time" */;
			productName = Time;
		};
		71864DAE2701A9E000DE03CB /* Solar */ = {
			isa = XCSwiftPackageProductDependency;
			package = 71C04D9126FF2357000DD492 /* XCRemoteSwiftPackageReference "Solar" */;
			productName = Solar;
		};
		71B8EA0125C6FE09008E44F6 /* Time */ = {
			isa = XCSwiftPackageProductDependency;
			package = 71B8EA0025C6FE09008E44F6 /* XCRemoteSwiftPackageReference "time" */;
			productName = Time;
		};
		71B8EA0525C6FE39008E44F6 /* Time */ = {
			isa = XCSwiftPackageProductDependency;
			package = 71B8EA0025C6FE09008E44F6 /* XCRemoteSwiftPackageReference "time" */;
			productName = Time;
		};
		71C041C926230E3A00A828AC /* Time */ = {
			isa = XCSwiftPackageProductDependency;
			package = 71B8EA0025C6FE09008E44F6 /* XCRemoteSwiftPackageReference "time" */;
			productName = Time;
		};
		71C04D9226FF2357000DD492 /* Solar */ = {
			isa = XCSwiftPackageProductDependency;
			package = 71C04D9126FF2357000DD492 /* XCRemoteSwiftPackageReference "Solar" */;
			productName = Solar;
		};
		71C04D9426FF23A8000DD492 /* Solar */ = {
			isa = XCSwiftPackageProductDependency;
			package = 71C04D9126FF2357000DD492 /* XCRemoteSwiftPackageReference "Solar" */;
			productName = Solar;
		};
		71C04D9626FF23AD000DD492 /* Solar */ = {
			isa = XCSwiftPackageProductDependency;
			package = 71C04D9126FF2357000DD492 /* XCRemoteSwiftPackageReference "Solar" */;
			productName = Solar;
		};
/* End XCSwiftPackageProductDependency section */
	};
	rootObject = 7190090025A4D6D2002ED383 /* Project object */;
}
