// !$*UTF8*$!
{
	archiveVersion = 1;
	classes = {
	};
	objectVersion = 50;
	objects = {

/* Begin PBXBuildFile section */
		711AE5EA25A5ADC500B363BA /* WaveShape.swift in Sources */ = {isa = PBXBuildFile; fileRef = 711AE5E925A5ADC500B363BA /* WaveShape.swift */; };
		711AE5EB25A5ADC500B363BA /* WaveShape.swift in Sources */ = {isa = PBXBuildFile; fileRef = 711AE5E925A5ADC500B363BA /* WaveShape.swift */; };
		711AE5F525A5B2FA00B363BA /* SundialView.swift in Sources */ = {isa = PBXBuildFile; fileRef = 711AE5F425A5B2FA00B363BA /* SundialView.swift */; };
		711AE5F625A5B2FA00B363BA /* SundialView.swift in Sources */ = {isa = PBXBuildFile; fileRef = 711AE5F425A5B2FA00B363BA /* SundialView.swift */; };
		711AE5FC25A5B35700B363BA /* VisualEffectView.swift in Sources */ = {isa = PBXBuildFile; fileRef = 711AE5FB25A5B35700B363BA /* VisualEffectView.swift */; };
		711AE5FD25A5B35700B363BA /* VisualEffectView.swift in Sources */ = {isa = PBXBuildFile; fileRef = 711AE5FB25A5B35700B363BA /* VisualEffectView.swift */; };
		711AE60B25A6711C00B363BA /* LandingView.swift in Sources */ = {isa = PBXBuildFile; fileRef = 711AE60A25A6711C00B363BA /* LandingView.swift */; };
		711AE60C25A6711C00B363BA /* LandingView.swift in Sources */ = {isa = PBXBuildFile; fileRef = 711AE60A25A6711C00B363BA /* LandingView.swift */; };
		711AE61225A718BF00B363BA /* PermissionDeniedView.swift in Sources */ = {isa = PBXBuildFile; fileRef = 711AE61125A718BF00B363BA /* PermissionDeniedView.swift */; };
		711AE61325A718BF00B363BA /* PermissionDeniedView.swift in Sources */ = {isa = PBXBuildFile; fileRef = 711AE61125A718BF00B363BA /* PermissionDeniedView.swift */; };
		7148B47325A7AB700047CC6F /* TimeInterval.extension.swift in Sources */ = {isa = PBXBuildFile; fileRef = 7148B47225A7AB700047CC6F /* TimeInterval.extension.swift */; };
		7148B47425A7AB700047CC6F /* TimeInterval.extension.swift in Sources */ = {isa = PBXBuildFile; fileRef = 7148B47225A7AB700047CC6F /* TimeInterval.extension.swift */; };
		7190092125A4D6D5002ED383 /* Tests_iOS.swift in Sources */ = {isa = PBXBuildFile; fileRef = 7190092025A4D6D5002ED383 /* Tests_iOS.swift */; };
		7190092C25A4D6D5002ED383 /* Tests_macOS.swift in Sources */ = {isa = PBXBuildFile; fileRef = 7190092B25A4D6D5002ED383 /* Tests_macOS.swift */; };
		7190092E25A4D6D5002ED383 /* SolsticeApp.swift in Sources */ = {isa = PBXBuildFile; fileRef = 7190090525A4D6D2002ED383 /* SolsticeApp.swift */; };
		7190092F25A4D6D5002ED383 /* SolsticeApp.swift in Sources */ = {isa = PBXBuildFile; fileRef = 7190090525A4D6D2002ED383 /* SolsticeApp.swift */; };
		7190093025A4D6D5002ED383 /* ContentView.swift in Sources */ = {isa = PBXBuildFile; fileRef = 7190090625A4D6D2002ED383 /* ContentView.swift */; };
		7190093125A4D6D5002ED383 /* ContentView.swift in Sources */ = {isa = PBXBuildFile; fileRef = 7190090625A4D6D2002ED383 /* ContentView.swift */; };
		7190093225A4D6D5002ED383 /* Assets.xcassets in Resources */ = {isa = PBXBuildFile; fileRef = 7190090725A4D6D5002ED383 /* Assets.xcassets */; };
		7190093325A4D6D5002ED383 /* Assets.xcassets in Resources */ = {isa = PBXBuildFile; fileRef = 7190090725A4D6D5002ED383 /* Assets.xcassets */; };
		7190094725A4D98C002ED383 /* Solar.swift in Sources */ = {isa = PBXBuildFile; fileRef = 7190094625A4D98C002ED383 /* Solar.swift */; };
		7190094825A4D98C002ED383 /* Solar.swift in Sources */ = {isa = PBXBuildFile; fileRef = 7190094625A4D98C002ED383 /* Solar.swift */; };
		7190094E25A4D9C2002ED383 /* LocationManager.swift in Sources */ = {isa = PBXBuildFile; fileRef = 7190094D25A4D9C2002ED383 /* LocationManager.swift */; };
		7190094F25A4D9C2002ED383 /* LocationManager.swift in Sources */ = {isa = PBXBuildFile; fileRef = 7190094D25A4D9C2002ED383 /* LocationManager.swift */; };
		71A36C1F25A6065F004F527B /* Date.extension.swift in Sources */ = {isa = PBXBuildFile; fileRef = 71A36C1E25A6065F004F527B /* Date.extension.swift */; };
		71A36C2025A6065F004F527B /* Date.extension.swift in Sources */ = {isa = PBXBuildFile; fileRef = 71A36C1E25A6065F004F527B /* Date.extension.swift */; };
		71C8841225A7B1150009F2A1 /* SolsticeOverview.swift in Sources */ = {isa = PBXBuildFile; fileRef = 71C8841125A7B1150009F2A1 /* SolsticeOverview.swift */; };
		71C8841325A7B1150009F2A1 /* SolsticeOverview.swift in Sources */ = {isa = PBXBuildFile; fileRef = 71C8841125A7B1150009F2A1 /* SolsticeOverview.swift */; };
		71C8843225A90A2D0009F2A1 /* WidgetKit.framework in Frameworks */ = {isa = PBXBuildFile; fileRef = 71C8843125A90A2D0009F2A1 /* WidgetKit.framework */; };
		71C8843425A90A2D0009F2A1 /* SwiftUI.framework in Frameworks */ = {isa = PBXBuildFile; fileRef = 71C8843325A90A2D0009F2A1 /* SwiftUI.framework */; };
		71C8843725A90A2D0009F2A1 /* Widget.swift in Sources */ = {isa = PBXBuildFile; fileRef = 71C8843625A90A2D0009F2A1 /* Widget.swift */; };
		71C8843925A90A2D0009F2A1 /* Assets.xcassets in Resources */ = {isa = PBXBuildFile; fileRef = 71C8843825A90A2D0009F2A1 /* Assets.xcassets */; };
		71C8843D25A90A2D0009F2A1 /* WidgetExtension.appex in Embed App Extensions */ = {isa = PBXBuildFile; fileRef = 71C8842F25A90A2D0009F2A1 /* WidgetExtension.appex */; settings = {ATTRIBUTES = (RemoveHeadersOnCopy, ); }; };
		71C8844725A90A3E0009F2A1 /* SundialView.swift in Sources */ = {isa = PBXBuildFile; fileRef = 711AE5F425A5B2FA00B363BA /* SundialView.swift */; };
		71C8844D25A90A420009F2A1 /* WaveShape.swift in Sources */ = {isa = PBXBuildFile; fileRef = 711AE5E925A5ADC500B363BA /* WaveShape.swift */; };
		71C8845325A90A830009F2A1 /* SolarCalculator.swift in Sources */ = {isa = PBXBuildFile; fileRef = 71EECF2E25A5123A00CCC2FC /* SolarCalculator.swift */; };
		71C8845925A90A860009F2A1 /* LocationManager.swift in Sources */ = {isa = PBXBuildFile; fileRef = 7190094D25A4D9C2002ED383 /* LocationManager.swift */; };
		71C8845F25A90A880009F2A1 /* Solar.swift in Sources */ = {isa = PBXBuildFile; fileRef = 7190094625A4D98C002ED383 /* Solar.swift */; };
		71C8846525A90A9C0009F2A1 /* Date.extension.swift in Sources */ = {isa = PBXBuildFile; fileRef = 71A36C1E25A6065F004F527B /* Date.extension.swift */; };
		71C8846B25A90A9F0009F2A1 /* TimeInterval.extension.swift in Sources */ = {isa = PBXBuildFile; fileRef = 7148B47225A7AB700047CC6F /* TimeInterval.extension.swift */; };
		71C8847125A90AA20009F2A1 /* Color.extension.swift in Sources */ = {isa = PBXBuildFile; fileRef = 71EECF3525A51AF800CCC2FC /* Color.extension.swift */; };
		71C8849425A90DE50009F2A1 /* SolsticeWidgetOverview.swift in Sources */ = {isa = PBXBuildFile; fileRef = 71C8848825A90DD40009F2A1 /* SolsticeWidgetOverview.swift */; };
		71C8849A25A910450009F2A1 /* Assets.xcassets in Resources */ = {isa = PBXBuildFile; fileRef = 7190090725A4D6D5002ED383 /* Assets.xcassets */; };
		71C884A625A911D20009F2A1 /* VisualEffectView.swift in Sources */ = {isa = PBXBuildFile; fileRef = 71C884A525A911D20009F2A1 /* VisualEffectView.swift */; };
		71C884BC25A913770009F2A1 /* SettingsView.swift in Sources */ = {isa = PBXBuildFile; fileRef = 71C884BB25A913770009F2A1 /* SettingsView.swift */; };
		71C884C325A91D060009F2A1 /* NotificationManager.swift in Sources */ = {isa = PBXBuildFile; fileRef = 71C884C225A91D060009F2A1 /* NotificationManager.swift */; };
		71C884D625A9B93D0009F2A1 /* Constants.swift in Sources */ = {isa = PBXBuildFile; fileRef = 71C884D525A9B93D0009F2A1 /* Constants.swift */; };
		71C884D725A9B93D0009F2A1 /* Constants.swift in Sources */ = {isa = PBXBuildFile; fileRef = 71C884D525A9B93D0009F2A1 /* Constants.swift */; };
		71C884E325A9C3DA0009F2A1 /* AppDelegate.swift in Sources */ = {isa = PBXBuildFile; fileRef = 71C884E225A9C3DA0009F2A1 /* AppDelegate.swift */; };
		71EECF2F25A5123A00CCC2FC /* SolarCalculator.swift in Sources */ = {isa = PBXBuildFile; fileRef = 71EECF2E25A5123A00CCC2FC /* SolarCalculator.swift */; };
		71EECF3025A5123A00CCC2FC /* SolarCalculator.swift in Sources */ = {isa = PBXBuildFile; fileRef = 71EECF2E25A5123A00CCC2FC /* SolarCalculator.swift */; };
		71EECF3625A51AF800CCC2FC /* Color.extension.swift in Sources */ = {isa = PBXBuildFile; fileRef = 71EECF3525A51AF800CCC2FC /* Color.extension.swift */; };
		71EECF3725A51AF800CCC2FC /* Color.extension.swift in Sources */ = {isa = PBXBuildFile; fileRef = 71EECF3525A51AF800CCC2FC /* Color.extension.swift */; };
/* End PBXBuildFile section */

/* Begin PBXContainerItemProxy section */
		7190091D25A4D6D5002ED383 /* PBXContainerItemProxy */ = {
			isa = PBXContainerItemProxy;
			containerPortal = 7190090025A4D6D2002ED383 /* Project object */;
			proxyType = 1;
			remoteGlobalIDString = 7190090B25A4D6D5002ED383;
			remoteInfo = "Solstice (iOS)";
		};
		7190092825A4D6D5002ED383 /* PBXContainerItemProxy */ = {
			isa = PBXContainerItemProxy;
			containerPortal = 7190090025A4D6D2002ED383 /* Project object */;
			proxyType = 1;
			remoteGlobalIDString = 7190091325A4D6D5002ED383;
			remoteInfo = "Solstice (macOS)";
		};
		71C8843B25A90A2D0009F2A1 /* PBXContainerItemProxy */ = {
			isa = PBXContainerItemProxy;
			containerPortal = 7190090025A4D6D2002ED383 /* Project object */;
			proxyType = 1;
			remoteGlobalIDString = 71C8842E25A90A2D0009F2A1;
			remoteInfo = WidgetExtension;
		};
/* End PBXContainerItemProxy section */

/* Begin PBXCopyFilesBuildPhase section */
		71C8843E25A90A2D0009F2A1 /* Embed App Extensions */ = {
			isa = PBXCopyFilesBuildPhase;
			buildActionMask = 2147483647;
			dstPath = "";
			dstSubfolderSpec = 13;
			files = (
				71C8843D25A90A2D0009F2A1 /* WidgetExtension.appex in Embed App Extensions */,
			);
			name = "Embed App Extensions";
			runOnlyForDeploymentPostprocessing = 0;
		};
/* End PBXCopyFilesBuildPhase section */

/* Begin PBXFileReference section */
		711AE5E925A5ADC500B363BA /* WaveShape.swift */ = {isa = PBXFileReference; lastKnownFileType = sourcecode.swift; path = WaveShape.swift; sourceTree = "<group>"; };
		711AE5F425A5B2FA00B363BA /* SundialView.swift */ = {isa = PBXFileReference; lastKnownFileType = sourcecode.swift; path = SundialView.swift; sourceTree = "<group>"; };
		711AE5FB25A5B35700B363BA /* VisualEffectView.swift */ = {isa = PBXFileReference; lastKnownFileType = sourcecode.swift; path = VisualEffectView.swift; sourceTree = "<group>"; };
		711AE60A25A6711C00B363BA /* LandingView.swift */ = {isa = PBXFileReference; lastKnownFileType = sourcecode.swift; path = LandingView.swift; sourceTree = "<group>"; };
		711AE61125A718BF00B363BA /* PermissionDeniedView.swift */ = {isa = PBXFileReference; lastKnownFileType = sourcecode.swift; path = PermissionDeniedView.swift; sourceTree = "<group>"; };
		7148B47225A7AB700047CC6F /* TimeInterval.extension.swift */ = {isa = PBXFileReference; lastKnownFileType = sourcecode.swift; path = TimeInterval.extension.swift; sourceTree = "<group>"; };
		7190090525A4D6D2002ED383 /* SolsticeApp.swift */ = {isa = PBXFileReference; lastKnownFileType = sourcecode.swift; path = SolsticeApp.swift; sourceTree = "<group>"; };
		7190090625A4D6D2002ED383 /* ContentView.swift */ = {isa = PBXFileReference; lastKnownFileType = sourcecode.swift; path = ContentView.swift; sourceTree = "<group>"; };
		7190090725A4D6D5002ED383 /* Assets.xcassets */ = {isa = PBXFileReference; lastKnownFileType = folder.assetcatalog; path = Assets.xcassets; sourceTree = "<group>"; };
		7190090C25A4D6D5002ED383 /* Solstice.app */ = {isa = PBXFileReference; explicitFileType = wrapper.application; includeInIndex = 0; path = Solstice.app; sourceTree = BUILT_PRODUCTS_DIR; };
		7190090F25A4D6D5002ED383 /* Info.plist */ = {isa = PBXFileReference; lastKnownFileType = text.plist.xml; path = Info.plist; sourceTree = "<group>"; };
		7190091425A4D6D5002ED383 /* Solstice.app */ = {isa = PBXFileReference; explicitFileType = wrapper.application; includeInIndex = 0; path = Solstice.app; sourceTree = BUILT_PRODUCTS_DIR; };
		7190091625A4D6D5002ED383 /* Info.plist */ = {isa = PBXFileReference; lastKnownFileType = text.plist.xml; path = Info.plist; sourceTree = "<group>"; };
		7190091725A4D6D5002ED383 /* macOS.entitlements */ = {isa = PBXFileReference; lastKnownFileType = text.plist.entitlements; path = macOS.entitlements; sourceTree = "<group>"; };
		7190091C25A4D6D5002ED383 /* Tests iOS.xctest */ = {isa = PBXFileReference; explicitFileType = wrapper.cfbundle; includeInIndex = 0; path = "Tests iOS.xctest"; sourceTree = BUILT_PRODUCTS_DIR; };
		7190092025A4D6D5002ED383 /* Tests_iOS.swift */ = {isa = PBXFileReference; lastKnownFileType = sourcecode.swift; path = Tests_iOS.swift; sourceTree = "<group>"; };
		7190092225A4D6D5002ED383 /* Info.plist */ = {isa = PBXFileReference; lastKnownFileType = text.plist.xml; path = Info.plist; sourceTree = "<group>"; };
		7190092725A4D6D5002ED383 /* Tests macOS.xctest */ = {isa = PBXFileReference; explicitFileType = wrapper.cfbundle; includeInIndex = 0; path = "Tests macOS.xctest"; sourceTree = BUILT_PRODUCTS_DIR; };
		7190092B25A4D6D5002ED383 /* Tests_macOS.swift */ = {isa = PBXFileReference; lastKnownFileType = sourcecode.swift; path = Tests_macOS.swift; sourceTree = "<group>"; };
		7190092D25A4D6D5002ED383 /* Info.plist */ = {isa = PBXFileReference; lastKnownFileType = text.plist.xml; path = Info.plist; sourceTree = "<group>"; };
		7190094625A4D98C002ED383 /* Solar.swift */ = {isa = PBXFileReference; lastKnownFileType = sourcecode.swift; path = Solar.swift; sourceTree = "<group>"; };
		7190094D25A4D9C2002ED383 /* LocationManager.swift */ = {isa = PBXFileReference; lastKnownFileType = sourcecode.swift; path = LocationManager.swift; sourceTree = "<group>"; };
		71A36C1E25A6065F004F527B /* Date.extension.swift */ = {isa = PBXFileReference; lastKnownFileType = sourcecode.swift; path = Date.extension.swift; sourceTree = "<group>"; };
		71C8841125A7B1150009F2A1 /* SolsticeOverview.swift */ = {isa = PBXFileReference; lastKnownFileType = sourcecode.swift; path = SolsticeOverview.swift; sourceTree = "<group>"; };
		71C8842F25A90A2D0009F2A1 /* WidgetExtension.appex */ = {isa = PBXFileReference; explicitFileType = "wrapper.app-extension"; includeInIndex = 0; path = WidgetExtension.appex; sourceTree = BUILT_PRODUCTS_DIR; };
		71C8843125A90A2D0009F2A1 /* WidgetKit.framework */ = {isa = PBXFileReference; lastKnownFileType = wrapper.framework; name = WidgetKit.framework; path = System/Library/Frameworks/WidgetKit.framework; sourceTree = SDKROOT; };
		71C8843325A90A2D0009F2A1 /* SwiftUI.framework */ = {isa = PBXFileReference; lastKnownFileType = wrapper.framework; name = SwiftUI.framework; path = System/Library/Frameworks/SwiftUI.framework; sourceTree = SDKROOT; };
		71C8843625A90A2D0009F2A1 /* Widget.swift */ = {isa = PBXFileReference; lastKnownFileType = sourcecode.swift; path = Widget.swift; sourceTree = "<group>"; };
		71C8843825A90A2D0009F2A1 /* Assets.xcassets */ = {isa = PBXFileReference; lastKnownFileType = folder.assetcatalog; path = Assets.xcassets; sourceTree = "<group>"; };
		71C8843A25A90A2D0009F2A1 /* Info.plist */ = {isa = PBXFileReference; lastKnownFileType = text.plist.xml; path = Info.plist; sourceTree = "<group>"; };
		71C8848825A90DD40009F2A1 /* SolsticeWidgetOverview.swift */ = {isa = PBXFileReference; lastKnownFileType = sourcecode.swift; path = SolsticeWidgetOverview.swift; sourceTree = "<group>"; };
		71C884A525A911D20009F2A1 /* VisualEffectView.swift */ = {isa = PBXFileReference; lastKnownFileType = sourcecode.swift; path = VisualEffectView.swift; sourceTree = "<group>"; };
		71C884BB25A913770009F2A1 /* SettingsView.swift */ = {isa = PBXFileReference; lastKnownFileType = sourcecode.swift; path = SettingsView.swift; sourceTree = "<group>"; };
		71C884C225A91D060009F2A1 /* NotificationManager.swift */ = {isa = PBXFileReference; lastKnownFileType = sourcecode.swift; path = NotificationManager.swift; sourceTree = "<group>"; };
		71C884D525A9B93D0009F2A1 /* Constants.swift */ = {isa = PBXFileReference; lastKnownFileType = sourcecode.swift; path = Constants.swift; sourceTree = "<group>"; };
		71C884E225A9C3DA0009F2A1 /* AppDelegate.swift */ = {isa = PBXFileReference; lastKnownFileType = sourcecode.swift; path = AppDelegate.swift; sourceTree = "<group>"; };
		71CDF93725AA395500C93BCD /* Solstice.entitlements */ = {isa = PBXFileReference; lastKnownFileType = text.plist.entitlements; path = Solstice.entitlements; sourceTree = "<group>"; };
		71CDF93825AA398900C93BCD /* WidgetExtension.entitlements */ = {isa = PBXFileReference; lastKnownFileType = text.plist.entitlements; path = WidgetExtension.entitlements; sourceTree = "<group>"; };
		71EECF2E25A5123A00CCC2FC /* SolarCalculator.swift */ = {isa = PBXFileReference; lastKnownFileType = sourcecode.swift; path = SolarCalculator.swift; sourceTree = "<group>"; };
		71EECF3525A51AF800CCC2FC /* Color.extension.swift */ = {isa = PBXFileReference; lastKnownFileType = sourcecode.swift; path = Color.extension.swift; sourceTree = "<group>"; };
/* End PBXFileReference section */

/* Begin PBXFrameworksBuildPhase section */
		7190090925A4D6D5002ED383 /* Frameworks */ = {
			isa = PBXFrameworksBuildPhase;
			buildActionMask = 2147483647;
			files = (
			);
			runOnlyForDeploymentPostprocessing = 0;
		};
		7190091125A4D6D5002ED383 /* Frameworks */ = {
			isa = PBXFrameworksBuildPhase;
			buildActionMask = 2147483647;
			files = (
			);
			runOnlyForDeploymentPostprocessing = 0;
		};
		7190091925A4D6D5002ED383 /* Frameworks */ = {
			isa = PBXFrameworksBuildPhase;
			buildActionMask = 2147483647;
			files = (
			);
			runOnlyForDeploymentPostprocessing = 0;
		};
		7190092425A4D6D5002ED383 /* Frameworks */ = {
			isa = PBXFrameworksBuildPhase;
			buildActionMask = 2147483647;
			files = (
			);
			runOnlyForDeploymentPostprocessing = 0;
		};
		71C8842C25A90A2D0009F2A1 /* Frameworks */ = {
			isa = PBXFrameworksBuildPhase;
			buildActionMask = 2147483647;
			files = (
				71C8843425A90A2D0009F2A1 /* SwiftUI.framework in Frameworks */,
				71C8843225A90A2D0009F2A1 /* WidgetKit.framework in Frameworks */,
			);
			runOnlyForDeploymentPostprocessing = 0;
		};
/* End PBXFrameworksBuildPhase section */

/* Begin PBXGroup section */
		719008FF25A4D6D2002ED383 = {
			isa = PBXGroup;
			children = (
				71CDF93825AA398900C93BCD /* WidgetExtension.entitlements */,
				71CDF93725AA395500C93BCD /* Solstice.entitlements */,
				7190090425A4D6D2002ED383 /* Shared */,
				7190090E25A4D6D5002ED383 /* iOS */,
				7190091525A4D6D5002ED383 /* macOS */,
				7190091F25A4D6D5002ED383 /* Tests iOS */,
				7190092A25A4D6D5002ED383 /* Tests macOS */,
				71C8843525A90A2D0009F2A1 /* Widget */,
				71C8843025A90A2D0009F2A1 /* Frameworks */,
				7190090D25A4D6D5002ED383 /* Products */,
			);
			indentWidth = 2;
			sourceTree = "<group>";
			tabWidth = 2;
		};
		7190090425A4D6D2002ED383 /* Shared */ = {
			isa = PBXGroup;
			children = (
				71C883FF25A7AF9F0009F2A1 /* Extensions */,
				71C8840425A7AFC80009F2A1 /* Helpers */,
				7190090725A4D6D5002ED383 /* Assets.xcassets */,
				7190090625A4D6D2002ED383 /* ContentView.swift */,
				711AE60A25A6711C00B363BA /* LandingView.swift */,
				711AE61125A718BF00B363BA /* PermissionDeniedView.swift */,
				71C884BB25A913770009F2A1 /* SettingsView.swift */,
				7190090525A4D6D2002ED383 /* SolsticeApp.swift */,
				71C8841125A7B1150009F2A1 /* SolsticeOverview.swift */,
				711AE5F425A5B2FA00B363BA /* SundialView.swift */,
			);
			path = Shared;
			sourceTree = "<group>";
		};
		7190090D25A4D6D5002ED383 /* Products */ = {
			isa = PBXGroup;
			children = (
				7190090C25A4D6D5002ED383 /* Solstice.app */,
				7190091425A4D6D5002ED383 /* Solstice.app */,
				7190091C25A4D6D5002ED383 /* Tests iOS.xctest */,
				7190092725A4D6D5002ED383 /* Tests macOS.xctest */,
				71C8842F25A90A2D0009F2A1 /* WidgetExtension.appex */,
			);
			name = Products;
			sourceTree = "<group>";
		};
		7190090E25A4D6D5002ED383 /* iOS */ = {
			isa = PBXGroup;
			children = (
				7190090F25A4D6D5002ED383 /* Info.plist */,
				71C884E225A9C3DA0009F2A1 /* AppDelegate.swift */,
			);
			path = iOS;
			sourceTree = "<group>";
		};
		7190091525A4D6D5002ED383 /* macOS */ = {
			isa = PBXGroup;
			children = (
				7190091625A4D6D5002ED383 /* Info.plist */,
				7190091725A4D6D5002ED383 /* macOS.entitlements */,
			);
			path = macOS;
			sourceTree = "<group>";
		};
		7190091F25A4D6D5002ED383 /* Tests iOS */ = {
			isa = PBXGroup;
			children = (
				7190092025A4D6D5002ED383 /* Tests_iOS.swift */,
				7190092225A4D6D5002ED383 /* Info.plist */,
			);
			path = "Tests iOS";
			sourceTree = "<group>";
		};
		7190092A25A4D6D5002ED383 /* Tests macOS */ = {
			isa = PBXGroup;
			children = (
				7190092B25A4D6D5002ED383 /* Tests_macOS.swift */,
				7190092D25A4D6D5002ED383 /* Info.plist */,
			);
			path = "Tests macOS";
			sourceTree = "<group>";
		};
		71C883FF25A7AF9F0009F2A1 /* Extensions */ = {
			isa = PBXGroup;
			children = (
				71EECF3525A51AF800CCC2FC /* Color.extension.swift */,
				71A36C1E25A6065F004F527B /* Date.extension.swift */,
				7148B47225A7AB700047CC6F /* TimeInterval.extension.swift */,
			);
			path = Extensions;
			sourceTree = "<group>";
		};
		71C8840425A7AFC80009F2A1 /* Helpers */ = {
			isa = PBXGroup;
			children = (
				71C884D525A9B93D0009F2A1 /* Constants.swift */,
				7190094D25A4D9C2002ED383 /* LocationManager.swift */,
				71C884C225A91D060009F2A1 /* NotificationManager.swift */,
				7190094625A4D98C002ED383 /* Solar.swift */,
				71EECF2E25A5123A00CCC2FC /* SolarCalculator.swift */,
				711AE5FB25A5B35700B363BA /* VisualEffectView.swift */,
				711AE5E925A5ADC500B363BA /* WaveShape.swift */,
			);
			path = Helpers;
			sourceTree = "<group>";
		};
		71C8843025A90A2D0009F2A1 /* Frameworks */ = {
			isa = PBXGroup;
			children = (
				71C8843125A90A2D0009F2A1 /* WidgetKit.framework */,
				71C8843325A90A2D0009F2A1 /* SwiftUI.framework */,
			);
			name = Frameworks;
			sourceTree = "<group>";
		};
		71C8843525A90A2D0009F2A1 /* Widget */ = {
			isa = PBXGroup;
			children = (
				71C8843625A90A2D0009F2A1 /* Widget.swift */,
				71C8843825A90A2D0009F2A1 /* Assets.xcassets */,
				71C8843A25A90A2D0009F2A1 /* Info.plist */,
				71C8848825A90DD40009F2A1 /* SolsticeWidgetOverview.swift */,
				71C884A525A911D20009F2A1 /* VisualEffectView.swift */,
			);
			path = Widget;
			sourceTree = "<group>";
		};
/* End PBXGroup section */

/* Begin PBXNativeTarget section */
		7190090B25A4D6D5002ED383 /* Solstice (iOS) */ = {
			isa = PBXNativeTarget;
			buildConfigurationList = 7190093625A4D6D5002ED383 /* Build configuration list for PBXNativeTarget "Solstice (iOS)" */;
			buildPhases = (
				7190090825A4D6D5002ED383 /* Sources */,
				7190090925A4D6D5002ED383 /* Frameworks */,
				7190090A25A4D6D5002ED383 /* Resources */,
				71C8843E25A90A2D0009F2A1 /* Embed App Extensions */,
			);
			buildRules = (
			);
			dependencies = (
				71C8843C25A90A2D0009F2A1 /* PBXTargetDependency */,
			);
			name = "Solstice (iOS)";
			productName = "Solstice (iOS)";
			productReference = 7190090C25A4D6D5002ED383 /* Solstice.app */;
			productType = "com.apple.product-type.application";
		};
		7190091325A4D6D5002ED383 /* Solstice (macOS) */ = {
			isa = PBXNativeTarget;
			buildConfigurationList = 7190093925A4D6D5002ED383 /* Build configuration list for PBXNativeTarget "Solstice (macOS)" */;
			buildPhases = (
				7190091025A4D6D5002ED383 /* Sources */,
				7190091125A4D6D5002ED383 /* Frameworks */,
				7190091225A4D6D5002ED383 /* Resources */,
			);
			buildRules = (
			);
			dependencies = (
			);
			name = "Solstice (macOS)";
			productName = "Solstice (macOS)";
			productReference = 7190091425A4D6D5002ED383 /* Solstice.app */;
			productType = "com.apple.product-type.application";
		};
		7190091B25A4D6D5002ED383 /* Tests iOS */ = {
			isa = PBXNativeTarget;
			buildConfigurationList = 7190093C25A4D6D5002ED383 /* Build configuration list for PBXNativeTarget "Tests iOS" */;
			buildPhases = (
				7190091825A4D6D5002ED383 /* Sources */,
				7190091925A4D6D5002ED383 /* Frameworks */,
				7190091A25A4D6D5002ED383 /* Resources */,
			);
			buildRules = (
			);
			dependencies = (
				7190091E25A4D6D5002ED383 /* PBXTargetDependency */,
			);
			name = "Tests iOS";
			productName = "Tests iOS";
			productReference = 7190091C25A4D6D5002ED383 /* Tests iOS.xctest */;
			productType = "com.apple.product-type.bundle.ui-testing";
		};
		7190092625A4D6D5002ED383 /* Tests macOS */ = {
			isa = PBXNativeTarget;
			buildConfigurationList = 7190093F25A4D6D5002ED383 /* Build configuration list for PBXNativeTarget "Tests macOS" */;
			buildPhases = (
				7190092325A4D6D5002ED383 /* Sources */,
				7190092425A4D6D5002ED383 /* Frameworks */,
				7190092525A4D6D5002ED383 /* Resources */,
			);
			buildRules = (
			);
			dependencies = (
				7190092925A4D6D5002ED383 /* PBXTargetDependency */,
			);
			name = "Tests macOS";
			productName = "Tests macOS";
			productReference = 7190092725A4D6D5002ED383 /* Tests macOS.xctest */;
			productType = "com.apple.product-type.bundle.ui-testing";
		};
		71C8842E25A90A2D0009F2A1 /* WidgetExtension */ = {
			isa = PBXNativeTarget;
			buildConfigurationList = 71C8844125A90A2D0009F2A1 /* Build configuration list for PBXNativeTarget "WidgetExtension" */;
			buildPhases = (
				71C8842B25A90A2D0009F2A1 /* Sources */,
				71C8842C25A90A2D0009F2A1 /* Frameworks */,
				71C8842D25A90A2D0009F2A1 /* Resources */,
			);
			buildRules = (
			);
			dependencies = (
			);
			name = WidgetExtension;
			productName = WidgetExtension;
			productReference = 71C8842F25A90A2D0009F2A1 /* WidgetExtension.appex */;
			productType = "com.apple.product-type.app-extension";
		};
/* End PBXNativeTarget section */

/* Begin PBXProject section */
		7190090025A4D6D2002ED383 /* Project object */ = {
			isa = PBXProject;
			attributes = {
				LastSwiftUpdateCheck = 1230;
				LastUpgradeCheck = 1230;
				TargetAttributes = {
					7190090B25A4D6D5002ED383 = {
						CreatedOnToolsVersion = 12.3;
					};
					7190091325A4D6D5002ED383 = {
						CreatedOnToolsVersion = 12.3;
					};
					7190091B25A4D6D5002ED383 = {
						CreatedOnToolsVersion = 12.3;
						TestTargetID = 7190090B25A4D6D5002ED383;
					};
					7190092625A4D6D5002ED383 = {
						CreatedOnToolsVersion = 12.3;
						TestTargetID = 7190091325A4D6D5002ED383;
					};
					71C8842E25A90A2D0009F2A1 = {
						CreatedOnToolsVersion = 12.3;
					};
				};
			};
			buildConfigurationList = 7190090325A4D6D2002ED383 /* Build configuration list for PBXProject "Solstice" */;
			compatibilityVersion = "Xcode 9.3";
			developmentRegion = en;
			hasScannedForEncodings = 0;
			knownRegions = (
				en,
				Base,
			);
			mainGroup = 719008FF25A4D6D2002ED383;
			productRefGroup = 7190090D25A4D6D5002ED383 /* Products */;
			projectDirPath = "";
			projectRoot = "";
			targets = (
				7190090B25A4D6D5002ED383 /* Solstice (iOS) */,
				7190091325A4D6D5002ED383 /* Solstice (macOS) */,
				7190091B25A4D6D5002ED383 /* Tests iOS */,
				7190092625A4D6D5002ED383 /* Tests macOS */,
				71C8842E25A90A2D0009F2A1 /* WidgetExtension */,
			);
		};
/* End PBXProject section */

/* Begin PBXResourcesBuildPhase section */
		7190090A25A4D6D5002ED383 /* Resources */ = {
			isa = PBXResourcesBuildPhase;
			buildActionMask = 2147483647;
			files = (
				7190093225A4D6D5002ED383 /* Assets.xcassets in Resources */,
			);
			runOnlyForDeploymentPostprocessing = 0;
		};
		7190091225A4D6D5002ED383 /* Resources */ = {
			isa = PBXResourcesBuildPhase;
			buildActionMask = 2147483647;
			files = (
				7190093325A4D6D5002ED383 /* Assets.xcassets in Resources */,
			);
			runOnlyForDeploymentPostprocessing = 0;
		};
		7190091A25A4D6D5002ED383 /* Resources */ = {
			isa = PBXResourcesBuildPhase;
			buildActionMask = 2147483647;
			files = (
			);
			runOnlyForDeploymentPostprocessing = 0;
		};
		7190092525A4D6D5002ED383 /* Resources */ = {
			isa = PBXResourcesBuildPhase;
			buildActionMask = 2147483647;
			files = (
			);
			runOnlyForDeploymentPostprocessing = 0;
		};
		71C8842D25A90A2D0009F2A1 /* Resources */ = {
			isa = PBXResourcesBuildPhase;
			buildActionMask = 2147483647;
			files = (
				71C8849A25A910450009F2A1 /* Assets.xcassets in Resources */,
				71C8843925A90A2D0009F2A1 /* Assets.xcassets in Resources */,
			);
			runOnlyForDeploymentPostprocessing = 0;
		};
/* End PBXResourcesBuildPhase section */

/* Begin PBXSourcesBuildPhase section */
		7190090825A4D6D5002ED383 /* Sources */ = {
			isa = PBXSourcesBuildPhase;
			buildActionMask = 2147483647;
			files = (
				71EECF3625A51AF800CCC2FC /* Color.extension.swift in Sources */,
				71C884C325A91D060009F2A1 /* NotificationManager.swift in Sources */,
				71C884E325A9C3DA0009F2A1 /* AppDelegate.swift in Sources */,
				7190094E25A4D9C2002ED383 /* LocationManager.swift in Sources */,
				71C8841225A7B1150009F2A1 /* SolsticeOverview.swift in Sources */,
				711AE5FC25A5B35700B363BA /* VisualEffectView.swift in Sources */,
				711AE5EA25A5ADC500B363BA /* WaveShape.swift in Sources */,
				7190094725A4D98C002ED383 /* Solar.swift in Sources */,
				7190093025A4D6D5002ED383 /* ContentView.swift in Sources */,
				711AE61225A718BF00B363BA /* PermissionDeniedView.swift in Sources */,
				71C884BC25A913770009F2A1 /* SettingsView.swift in Sources */,
				7148B47325A7AB700047CC6F /* TimeInterval.extension.swift in Sources */,
				71EECF2F25A5123A00CCC2FC /* SolarCalculator.swift in Sources */,
				7190092E25A4D6D5002ED383 /* SolsticeApp.swift in Sources */,
				71A36C1F25A6065F004F527B /* Date.extension.swift in Sources */,
				711AE60B25A6711C00B363BA /* LandingView.swift in Sources */,
				711AE5F525A5B2FA00B363BA /* SundialView.swift in Sources */,
				71C884D625A9B93D0009F2A1 /* Constants.swift in Sources */,
			);
			runOnlyForDeploymentPostprocessing = 0;
		};
		7190091025A4D6D5002ED383 /* Sources */ = {
			isa = PBXSourcesBuildPhase;
			buildActionMask = 2147483647;
			files = (
				71EECF3725A51AF800CCC2FC /* Color.extension.swift in Sources */,
				7190094F25A4D9C2002ED383 /* LocationManager.swift in Sources */,
				71C8841325A7B1150009F2A1 /* SolsticeOverview.swift in Sources */,
				711AE5FD25A5B35700B363BA /* VisualEffectView.swift in Sources */,
				711AE5EB25A5ADC500B363BA /* WaveShape.swift in Sources */,
				7190094825A4D98C002ED383 /* Solar.swift in Sources */,
				7190093125A4D6D5002ED383 /* ContentView.swift in Sources */,
				711AE61325A718BF00B363BA /* PermissionDeniedView.swift in Sources */,
				7148B47425A7AB700047CC6F /* TimeInterval.extension.swift in Sources */,
				71EECF3025A5123A00CCC2FC /* SolarCalculator.swift in Sources */,
				7190092F25A4D6D5002ED383 /* SolsticeApp.swift in Sources */,
				71A36C2025A6065F004F527B /* Date.extension.swift in Sources */,
				711AE60C25A6711C00B363BA /* LandingView.swift in Sources */,
				711AE5F625A5B2FA00B363BA /* SundialView.swift in Sources */,
			);
			runOnlyForDeploymentPostprocessing = 0;
		};
		7190091825A4D6D5002ED383 /* Sources */ = {
			isa = PBXSourcesBuildPhase;
			buildActionMask = 2147483647;
			files = (
				7190092125A4D6D5002ED383 /* Tests_iOS.swift in Sources */,
			);
			runOnlyForDeploymentPostprocessing = 0;
		};
		7190092325A4D6D5002ED383 /* Sources */ = {
			isa = PBXSourcesBuildPhase;
			buildActionMask = 2147483647;
			files = (
				7190092C25A4D6D5002ED383 /* Tests_macOS.swift in Sources */,
			);
			runOnlyForDeploymentPostprocessing = 0;
		};
		71C8842B25A90A2D0009F2A1 /* Sources */ = {
			isa = PBXSourcesBuildPhase;
			buildActionMask = 2147483647;
			files = (
				71C8847125A90AA20009F2A1 /* Color.extension.swift in Sources */,
				71C8843725A90A2D0009F2A1 /* Widget.swift in Sources */,
				71C8844D25A90A420009F2A1 /* WaveShape.swift in Sources */,
				71C8845925A90A860009F2A1 /* LocationManager.swift in Sources */,
				71C8846525A90A9C0009F2A1 /* Date.extension.swift in Sources */,
				71C8845F25A90A880009F2A1 /* Solar.swift in Sources */,
				71C884A625A911D20009F2A1 /* VisualEffectView.swift in Sources */,
				71C8849425A90DE50009F2A1 /* SolsticeWidgetOverview.swift in Sources */,
				71C8844725A90A3E0009F2A1 /* SundialView.swift in Sources */,
				71C8846B25A90A9F0009F2A1 /* TimeInterval.extension.swift in Sources */,
				71C8845325A90A830009F2A1 /* SolarCalculator.swift in Sources */,
				71C884D725A9B93D0009F2A1 /* Constants.swift in Sources */,
			);
			runOnlyForDeploymentPostprocessing = 0;
		};
/* End PBXSourcesBuildPhase section */

/* Begin PBXTargetDependency section */
		7190091E25A4D6D5002ED383 /* PBXTargetDependency */ = {
			isa = PBXTargetDependency;
			target = 7190090B25A4D6D5002ED383 /* Solstice (iOS) */;
			targetProxy = 7190091D25A4D6D5002ED383 /* PBXContainerItemProxy */;
		};
		7190092925A4D6D5002ED383 /* PBXTargetDependency */ = {
			isa = PBXTargetDependency;
			target = 7190091325A4D6D5002ED383 /* Solstice (macOS) */;
			targetProxy = 7190092825A4D6D5002ED383 /* PBXContainerItemProxy */;
		};
		71C8843C25A90A2D0009F2A1 /* PBXTargetDependency */ = {
			isa = PBXTargetDependency;
			target = 71C8842E25A90A2D0009F2A1 /* WidgetExtension */;
			targetProxy = 71C8843B25A90A2D0009F2A1 /* PBXContainerItemProxy */;
		};
/* End PBXTargetDependency section */

/* Begin XCBuildConfiguration section */
		7190093425A4D6D5002ED383 /* Debug */ = {
			isa = XCBuildConfiguration;
			buildSettings = {
				ALWAYS_SEARCH_USER_PATHS = NO;
				CLANG_ANALYZER_NONNULL = YES;
				CLANG_ANALYZER_NUMBER_OBJECT_CONVERSION = YES_AGGRESSIVE;
				CLANG_CXX_LANGUAGE_STANDARD = "gnu++14";
				CLANG_CXX_LIBRARY = "libc++";
				CLANG_ENABLE_MODULES = YES;
				CLANG_ENABLE_OBJC_ARC = YES;
				CLANG_ENABLE_OBJC_WEAK = YES;
				CLANG_WARN_BLOCK_CAPTURE_AUTORELEASING = YES;
				CLANG_WARN_BOOL_CONVERSION = YES;
				CLANG_WARN_COMMA = YES;
				CLANG_WARN_CONSTANT_CONVERSION = YES;
				CLANG_WARN_DEPRECATED_OBJC_IMPLEMENTATIONS = YES;
				CLANG_WARN_DIRECT_OBJC_ISA_USAGE = YES_ERROR;
				CLANG_WARN_DOCUMENTATION_COMMENTS = YES;
				CLANG_WARN_EMPTY_BODY = YES;
				CLANG_WARN_ENUM_CONVERSION = YES;
				CLANG_WARN_INFINITE_RECURSION = YES;
				CLANG_WARN_INT_CONVERSION = YES;
				CLANG_WARN_NON_LITERAL_NULL_CONVERSION = YES;
				CLANG_WARN_OBJC_IMPLICIT_RETAIN_SELF = YES;
				CLANG_WARN_OBJC_LITERAL_CONVERSION = YES;
				CLANG_WARN_OBJC_ROOT_CLASS = YES_ERROR;
				CLANG_WARN_QUOTED_INCLUDE_IN_FRAMEWORK_HEADER = YES;
				CLANG_WARN_RANGE_LOOP_ANALYSIS = YES;
				CLANG_WARN_STRICT_PROTOTYPES = YES;
				CLANG_WARN_SUSPICIOUS_MOVE = YES;
				CLANG_WARN_UNGUARDED_AVAILABILITY = YES_AGGRESSIVE;
				CLANG_WARN_UNREACHABLE_CODE = YES;
				CLANG_WARN__DUPLICATE_METHOD_MATCH = YES;
				COPY_PHASE_STRIP = NO;
				DEBUG_INFORMATION_FORMAT = dwarf;
				ENABLE_STRICT_OBJC_MSGSEND = YES;
				ENABLE_TESTABILITY = YES;
				GCC_C_LANGUAGE_STANDARD = gnu11;
				GCC_DYNAMIC_NO_PIC = NO;
				GCC_NO_COMMON_BLOCKS = YES;
				GCC_OPTIMIZATION_LEVEL = 0;
				GCC_PREPROCESSOR_DEFINITIONS = (
					"DEBUG=1",
					"$(inherited)",
				);
				GCC_WARN_64_TO_32_BIT_CONVERSION = YES;
				GCC_WARN_ABOUT_RETURN_TYPE = YES_ERROR;
				GCC_WARN_UNDECLARED_SELECTOR = YES;
				GCC_WARN_UNINITIALIZED_AUTOS = YES_AGGRESSIVE;
				GCC_WARN_UNUSED_FUNCTION = YES;
				GCC_WARN_UNUSED_VARIABLE = YES;
				MTL_ENABLE_DEBUG_INFO = INCLUDE_SOURCE;
				MTL_FAST_MATH = YES;
				ONLY_ACTIVE_ARCH = YES;
				SWIFT_ACTIVE_COMPILATION_CONDITIONS = DEBUG;
				SWIFT_OPTIMIZATION_LEVEL = "-Onone";
			};
			name = Debug;
		};
		7190093525A4D6D5002ED383 /* Release */ = {
			isa = XCBuildConfiguration;
			buildSettings = {
				ALWAYS_SEARCH_USER_PATHS = NO;
				CLANG_ANALYZER_NONNULL = YES;
				CLANG_ANALYZER_NUMBER_OBJECT_CONVERSION = YES_AGGRESSIVE;
				CLANG_CXX_LANGUAGE_STANDARD = "gnu++14";
				CLANG_CXX_LIBRARY = "libc++";
				CLANG_ENABLE_MODULES = YES;
				CLANG_ENABLE_OBJC_ARC = YES;
				CLANG_ENABLE_OBJC_WEAK = YES;
				CLANG_WARN_BLOCK_CAPTURE_AUTORELEASING = YES;
				CLANG_WARN_BOOL_CONVERSION = YES;
				CLANG_WARN_COMMA = YES;
				CLANG_WARN_CONSTANT_CONVERSION = YES;
				CLANG_WARN_DEPRECATED_OBJC_IMPLEMENTATIONS = YES;
				CLANG_WARN_DIRECT_OBJC_ISA_USAGE = YES_ERROR;
				CLANG_WARN_DOCUMENTATION_COMMENTS = YES;
				CLANG_WARN_EMPTY_BODY = YES;
				CLANG_WARN_ENUM_CONVERSION = YES;
				CLANG_WARN_INFINITE_RECURSION = YES;
				CLANG_WARN_INT_CONVERSION = YES;
				CLANG_WARN_NON_LITERAL_NULL_CONVERSION = YES;
				CLANG_WARN_OBJC_IMPLICIT_RETAIN_SELF = YES;
				CLANG_WARN_OBJC_LITERAL_CONVERSION = YES;
				CLANG_WARN_OBJC_ROOT_CLASS = YES_ERROR;
				CLANG_WARN_QUOTED_INCLUDE_IN_FRAMEWORK_HEADER = YES;
				CLANG_WARN_RANGE_LOOP_ANALYSIS = YES;
				CLANG_WARN_STRICT_PROTOTYPES = YES;
				CLANG_WARN_SUSPICIOUS_MOVE = YES;
				CLANG_WARN_UNGUARDED_AVAILABILITY = YES_AGGRESSIVE;
				CLANG_WARN_UNREACHABLE_CODE = YES;
				CLANG_WARN__DUPLICATE_METHOD_MATCH = YES;
				COPY_PHASE_STRIP = NO;
				DEBUG_INFORMATION_FORMAT = "dwarf-with-dsym";
				ENABLE_NS_ASSERTIONS = NO;
				ENABLE_STRICT_OBJC_MSGSEND = YES;
				GCC_C_LANGUAGE_STANDARD = gnu11;
				GCC_NO_COMMON_BLOCKS = YES;
				GCC_WARN_64_TO_32_BIT_CONVERSION = YES;
				GCC_WARN_ABOUT_RETURN_TYPE = YES_ERROR;
				GCC_WARN_UNDECLARED_SELECTOR = YES;
				GCC_WARN_UNINITIALIZED_AUTOS = YES_AGGRESSIVE;
				GCC_WARN_UNUSED_FUNCTION = YES;
				GCC_WARN_UNUSED_VARIABLE = YES;
				MTL_ENABLE_DEBUG_INFO = NO;
				MTL_FAST_MATH = YES;
				SWIFT_COMPILATION_MODE = wholemodule;
				SWIFT_OPTIMIZATION_LEVEL = "-O";
			};
			name = Release;
		};
		7190093725A4D6D5002ED383 /* Debug */ = {
			isa = XCBuildConfiguration;
			buildSettings = {
				ALWAYS_EMBED_SWIFT_STANDARD_LIBRARIES = YES;
				ASSETCATALOG_COMPILER_APPICON_NAME = AppIcon;
				ASSETCATALOG_COMPILER_GLOBAL_ACCENT_COLOR_NAME = AccentColor;
				CODE_SIGN_ENTITLEMENTS = Solstice.entitlements;
				CODE_SIGN_STYLE = Automatic;
				CURRENT_PROJECT_VERSION = 29;
				DEVELOPMENT_TEAM = YC249PY26F;
				ENABLE_PREVIEWS = YES;
				INFOPLIST_FILE = iOS/Info.plist;
				IPHONEOS_DEPLOYMENT_TARGET = 14.0;
				LD_RUNPATH_SEARCH_PATHS = (
					"$(inherited)",
					"@executable_path/Frameworks",
				);
				PRODUCT_BUNDLE_IDENTIFIER = me.daneden.Solstice;
				PRODUCT_NAME = Solstice;
				SDKROOT = iphoneos;
				SWIFT_VERSION = 5.0;
				TARGETED_DEVICE_FAMILY = "1,2";
			};
			name = Debug;
		};
		7190093825A4D6D5002ED383 /* Release */ = {
			isa = XCBuildConfiguration;
			buildSettings = {
				ALWAYS_EMBED_SWIFT_STANDARD_LIBRARIES = YES;
				ASSETCATALOG_COMPILER_APPICON_NAME = AppIcon;
				ASSETCATALOG_COMPILER_GLOBAL_ACCENT_COLOR_NAME = AccentColor;
				CODE_SIGN_ENTITLEMENTS = Solstice.entitlements;
				CODE_SIGN_STYLE = Automatic;
				CURRENT_PROJECT_VERSION = 29;
				DEVELOPMENT_TEAM = YC249PY26F;
				ENABLE_PREVIEWS = YES;
				INFOPLIST_FILE = iOS/Info.plist;
				IPHONEOS_DEPLOYMENT_TARGET = 14.0;
				LD_RUNPATH_SEARCH_PATHS = (
					"$(inherited)",
					"@executable_path/Frameworks",
				);
				PRODUCT_BUNDLE_IDENTIFIER = me.daneden.Solstice;
				PRODUCT_NAME = Solstice;
				SDKROOT = iphoneos;
				SWIFT_VERSION = 5.0;
				TARGETED_DEVICE_FAMILY = "1,2";
				VALIDATE_PRODUCT = YES;
			};
			name = Release;
		};
		7190093A25A4D6D5002ED383 /* Debug */ = {
			isa = XCBuildConfiguration;
			buildSettings = {
				ASSETCATALOG_COMPILER_APPICON_NAME = AppIcon;
				ASSETCATALOG_COMPILER_GLOBAL_ACCENT_COLOR_NAME = AccentColor;
				CODE_SIGN_ENTITLEMENTS = macOS/macOS.entitlements;
				CODE_SIGN_STYLE = Automatic;
				COMBINE_HIDPI_IMAGES = YES;
				DEVELOPMENT_TEAM = YC249PY26F;
				ENABLE_HARDENED_RUNTIME = YES;
				ENABLE_PREVIEWS = YES;
				INFOPLIST_FILE = macOS/Info.plist;
				LD_RUNPATH_SEARCH_PATHS = (
					"$(inherited)",
					"@executable_path/../Frameworks",
				);
				MACOSX_DEPLOYMENT_TARGET = 11.0;
				PRODUCT_BUNDLE_IDENTIFIER = me.daneden.Solstice;
				PRODUCT_NAME = Solstice;
				SDKROOT = macosx;
				SWIFT_VERSION = 5.0;
			};
			name = Debug;
		};
		7190093B25A4D6D5002ED383 /* Release */ = {
			isa = XCBuildConfiguration;
			buildSettings = {
				ASSETCATALOG_COMPILER_APPICON_NAME = AppIcon;
				ASSETCATALOG_COMPILER_GLOBAL_ACCENT_COLOR_NAME = AccentColor;
				CODE_SIGN_ENTITLEMENTS = macOS/macOS.entitlements;
				CODE_SIGN_STYLE = Automatic;
				COMBINE_HIDPI_IMAGES = YES;
				DEVELOPMENT_TEAM = YC249PY26F;
				ENABLE_HARDENED_RUNTIME = YES;
				ENABLE_PREVIEWS = YES;
				INFOPLIST_FILE = macOS/Info.plist;
				LD_RUNPATH_SEARCH_PATHS = (
					"$(inherited)",
					"@executable_path/../Frameworks",
				);
				MACOSX_DEPLOYMENT_TARGET = 11.0;
				PRODUCT_BUNDLE_IDENTIFIER = me.daneden.Solstice;
				PRODUCT_NAME = Solstice;
				SDKROOT = macosx;
				SWIFT_VERSION = 5.0;
			};
			name = Release;
		};
		7190093D25A4D6D5002ED383 /* Debug */ = {
			isa = XCBuildConfiguration;
			buildSettings = {
				ALWAYS_EMBED_SWIFT_STANDARD_LIBRARIES = YES;
				CODE_SIGN_STYLE = Automatic;
				DEVELOPMENT_TEAM = YC249PY26F;
				INFOPLIST_FILE = "Tests iOS/Info.plist";
				IPHONEOS_DEPLOYMENT_TARGET = 14.3;
				LD_RUNPATH_SEARCH_PATHS = (
					"$(inherited)",
					"@executable_path/Frameworks",
					"@loader_path/Frameworks",
				);
				PRODUCT_BUNDLE_IDENTIFIER = "me.daneden.Tests-iOS";
				PRODUCT_NAME = "$(TARGET_NAME)";
				SDKROOT = iphoneos;
				SWIFT_VERSION = 5.0;
				TARGETED_DEVICE_FAMILY = "1,2";
				TEST_TARGET_NAME = "Solstice (iOS)";
			};
			name = Debug;
		};
		7190093E25A4D6D5002ED383 /* Release */ = {
			isa = XCBuildConfiguration;
			buildSettings = {
				ALWAYS_EMBED_SWIFT_STANDARD_LIBRARIES = YES;
				CODE_SIGN_STYLE = Automatic;
				DEVELOPMENT_TEAM = YC249PY26F;
				INFOPLIST_FILE = "Tests iOS/Info.plist";
				IPHONEOS_DEPLOYMENT_TARGET = 14.3;
				LD_RUNPATH_SEARCH_PATHS = (
					"$(inherited)",
					"@executable_path/Frameworks",
					"@loader_path/Frameworks",
				);
				PRODUCT_BUNDLE_IDENTIFIER = "me.daneden.Tests-iOS";
				PRODUCT_NAME = "$(TARGET_NAME)";
				SDKROOT = iphoneos;
				SWIFT_VERSION = 5.0;
				TARGETED_DEVICE_FAMILY = "1,2";
				TEST_TARGET_NAME = "Solstice (iOS)";
				VALIDATE_PRODUCT = YES;
			};
			name = Release;
		};
		7190094025A4D6D5002ED383 /* Debug */ = {
			isa = XCBuildConfiguration;
			buildSettings = {
				ALWAYS_EMBED_SWIFT_STANDARD_LIBRARIES = YES;
				CODE_SIGN_STYLE = Automatic;
				COMBINE_HIDPI_IMAGES = YES;
				DEVELOPMENT_TEAM = YC249PY26F;
				INFOPLIST_FILE = "Tests macOS/Info.plist";
				LD_RUNPATH_SEARCH_PATHS = (
					"$(inherited)",
					"@executable_path/../Frameworks",
					"@loader_path/../Frameworks",
				);
				MACOSX_DEPLOYMENT_TARGET = 11.0;
				PRODUCT_BUNDLE_IDENTIFIER = "me.daneden.Tests-macOS";
				PRODUCT_NAME = "$(TARGET_NAME)";
				SDKROOT = macosx;
				SWIFT_VERSION = 5.0;
				TEST_TARGET_NAME = "Solstice (macOS)";
			};
			name = Debug;
		};
		7190094125A4D6D5002ED383 /* Release */ = {
			isa = XCBuildConfiguration;
			buildSettings = {
				ALWAYS_EMBED_SWIFT_STANDARD_LIBRARIES = YES;
				CODE_SIGN_STYLE = Automatic;
				COMBINE_HIDPI_IMAGES = YES;
				DEVELOPMENT_TEAM = YC249PY26F;
				INFOPLIST_FILE = "Tests macOS/Info.plist";
				LD_RUNPATH_SEARCH_PATHS = (
					"$(inherited)",
					"@executable_path/../Frameworks",
					"@loader_path/../Frameworks",
				);
				MACOSX_DEPLOYMENT_TARGET = 11.0;
				PRODUCT_BUNDLE_IDENTIFIER = "me.daneden.Tests-macOS";
				PRODUCT_NAME = "$(TARGET_NAME)";
				SDKROOT = macosx;
				SWIFT_VERSION = 5.0;
				TEST_TARGET_NAME = "Solstice (macOS)";
			};
			name = Release;
		};
		71C8843F25A90A2D0009F2A1 /* Debug */ = {
			isa = XCBuildConfiguration;
			buildSettings = {
				ASSETCATALOG_COMPILER_GLOBAL_ACCENT_COLOR_NAME = AccentColor;
				ASSETCATALOG_COMPILER_WIDGET_BACKGROUND_COLOR_NAME = WidgetBackground;
				CODE_SIGN_ENTITLEMENTS = WidgetExtension.entitlements;
				CODE_SIGN_STYLE = Automatic;
				CURRENT_PROJECT_VERSION = 29;
				DEVELOPMENT_TEAM = YC249PY26F;
				INFOPLIST_FILE = Widget/Info.plist;
				IPHONEOS_DEPLOYMENT_TARGET = 14.3;
				LD_RUNPATH_SEARCH_PATHS = (
					"$(inherited)",
					"@executable_path/Frameworks",
					"@executable_path/../../Frameworks",
				);
				PRODUCT_BUNDLE_IDENTIFIER = me.daneden.Solstice.Widget;
				PRODUCT_NAME = "$(TARGET_NAME)";
				SDKROOT = iphoneos;
				SKIP_INSTALL = YES;
				SWIFT_VERSION = 5.0;
				TARGETED_DEVICE_FAMILY = "1,2";
			};
			name = Debug;
		};
		71C8844025A90A2D0009F2A1 /* Release */ = {
			isa = XCBuildConfiguration;
			buildSettings = {
				ASSETCATALOG_COMPILER_GLOBAL_ACCENT_COLOR_NAME = AccentColor;
				ASSETCATALOG_COMPILER_WIDGET_BACKGROUND_COLOR_NAME = WidgetBackground;
				CODE_SIGN_ENTITLEMENTS = WidgetExtension.entitlements;
				CODE_SIGN_STYLE = Automatic;
				CURRENT_PROJECT_VERSION = 29;
				DEVELOPMENT_TEAM = YC249PY26F;
				INFOPLIST_FILE = Widget/Info.plist;
				IPHONEOS_DEPLOYMENT_TARGET = 14.3;
				LD_RUNPATH_SEARCH_PATHS = (
					"$(inherited)",
					"@executable_path/Frameworks",
					"@executable_path/../../Frameworks",
				);
				PRODUCT_BUNDLE_IDENTIFIER = me.daneden.Solstice.Widget;
				PRODUCT_NAME = "$(TARGET_NAME)";
				SDKROOT = iphoneos;
				SKIP_INSTALL = YES;
				SWIFT_VERSION = 5.0;
				TARGETED_DEVICE_FAMILY = "1,2";
				VALIDATE_PRODUCT = YES;
			};
			name = Release;
		};
/* End XCBuildConfiguration section */

/* Begin XCConfigurationList section */
		7190090325A4D6D2002ED383 /* Build configuration list for PBXProject "Solstice" */ = {
			isa = XCConfigurationList;
			buildConfigurations = (
				7190093425A4D6D5002ED383 /* Debug */,
				7190093525A4D6D5002ED383 /* Release */,
			);
			defaultConfigurationIsVisible = 0;
			defaultConfigurationName = Release;
		};
		7190093625A4D6D5002ED383 /* Build configuration list for PBXNativeTarget "Solstice (iOS)" */ = {
			isa = XCConfigurationList;
			buildConfigurations = (
				7190093725A4D6D5002ED383 /* Debug */,
				7190093825A4D6D5002ED383 /* Release */,
			);
			defaultConfigurationIsVisible = 0;
			defaultConfigurationName = Release;
		};
		7190093925A4D6D5002ED383 /* Build configuration list for PBXNativeTarget "Solstice (macOS)" */ = {
			isa = XCConfigurationList;
			buildConfigurations = (
				7190093A25A4D6D5002ED383 /* Debug */,
				7190093B25A4D6D5002ED383 /* Release */,
			);
			defaultConfigurationIsVisible = 0;
			defaultConfigurationName = Release;
		};
		7190093C25A4D6D5002ED383 /* Build configuration list for PBXNativeTarget "Tests iOS" */ = {
			isa = XCConfigurationList;
			buildConfigurations = (
				7190093D25A4D6D5002ED383 /* Debug */,
				7190093E25A4D6D5002ED383 /* Release */,
			);
			defaultConfigurationIsVisible = 0;
			defaultConfigurationName = Release;
		};
		7190093F25A4D6D5002ED383 /* Build configuration list for PBXNativeTarget "Tests macOS" */ = {
			isa = XCConfigurationList;
			buildConfigurations = (
				7190094025A4D6D5002ED383 /* Debug */,
				7190094125A4D6D5002ED383 /* Release */,
			);
			defaultConfigurationIsVisible = 0;
			defaultConfigurationName = Release;
		};
		71C8844125A90A2D0009F2A1 /* Build configuration list for PBXNativeTarget "WidgetExtension" */ = {
			isa = XCConfigurationList;
			buildConfigurations = (
				71C8843F25A90A2D0009F2A1 /* Debug */,
				71C8844025A90A2D0009F2A1 /* Release */,
			);
			defaultConfigurationIsVisible = 0;
			defaultConfigurationName = Release;
		};
/* End XCConfigurationList section */
	};
	rootObject = 7190090025A4D6D2002ED383 /* Project object */;
}
